// !$*UTF8*$!
{
	archiveVersion = 1;
	classes = {
	};
	objectVersion = 46;
	objects = {

/* Begin PBXBuildFile section */
		C23C04971B847B29004FB445 /* main.m in Sources */ = {isa = PBXBuildFile; fileRef = C23C04961B847B29004FB445 /* main.m */; };
		C23C049D1B847B29004FB445 /* Sight.xcdatamodeld in Sources */ = {isa = PBXBuildFile; fileRef = C23C049B1B847B29004FB445 /* Sight.xcdatamodeld */; };
		C23C04A31B847B29004FB445 /* Main.storyboard in Resources */ = {isa = PBXBuildFile; fileRef = C23C04A11B847B29004FB445 /* Main.storyboard */; };
		C23C04A51B847B29004FB445 /* Images.xcassets in Resources */ = {isa = PBXBuildFile; fileRef = C23C04A41B847B29004FB445 /* Images.xcassets */; };
		C23C04A81B847B29004FB445 /* LaunchScreen.xib in Resources */ = {isa = PBXBuildFile; fileRef = C23C04A61B847B29004FB445 /* LaunchScreen.xib */; };
		C23C04B41B847B29004FB445 /* SightTests.m in Sources */ = {isa = PBXBuildFile; fileRef = C23C04B31B847B29004FB445 /* SightTests.m */; };
		C23C04CA1B84AA07004FB445 /* AppDelegate.m in Sources */ = {isa = PBXBuildFile; fileRef = C23C04C01B84AA07004FB445 /* AppDelegate.m */; };
		C23C04CD1B84AA42004FB445 /* RootViewController.m in Sources */ = {isa = PBXBuildFile; fileRef = C23C04CC1B84AA42004FB445 /* RootViewController.m */; };
		C23C04D11B84AB5A004FB445 /* BookViewController.m in Sources */ = {isa = PBXBuildFile; fileRef = C23C04CF1B84AB5A004FB445 /* BookViewController.m */; };
		C23C04D21B84AB5A004FB445 /* BookViewController.xib in Resources */ = {isa = PBXBuildFile; fileRef = C23C04D01B84AB5A004FB445 /* BookViewController.xib */; };
		C23C04D61B84AB68004FB445 /* NewsViewController.m in Sources */ = {isa = PBXBuildFile; fileRef = C23C04D41B84AB68004FB445 /* NewsViewController.m */; };
		C23C04D71B84AB68004FB445 /* NewsViewController.xib in Resources */ = {isa = PBXBuildFile; fileRef = C23C04D51B84AB68004FB445 /* NewsViewController.xib */; };
		C23C04DB1B84AB7D004FB445 /* VideoViewController.m in Sources */ = {isa = PBXBuildFile; fileRef = C23C04D91B84AB7D004FB445 /* VideoViewController.m */; };
		C23C04DC1B84AB7D004FB445 /* VideoViewController.xib in Resources */ = {isa = PBXBuildFile; fileRef = C23C04DA1B84AB7D004FB445 /* VideoViewController.xib */; };
		C24F17FD1B85A8A700492E5D /* VideoCell.m in Sources */ = {isa = PBXBuildFile; fileRef = C24F17FB1B85A8A700492E5D /* VideoCell.m */; };
		C24F17FE1B85A8A700492E5D /* VideoCell.xib in Resources */ = {isa = PBXBuildFile; fileRef = C24F17FC1B85A8A700492E5D /* VideoCell.xib */; };
		C24F18001B85B40D00492E5D /* xiaohe.jpg in Resources */ = {isa = PBXBuildFile; fileRef = C24F17FF1B85B40D00492E5D /* xiaohe.jpg */; };
		C24F18031B85B91800492E5D /* VideoManager.m in Sources */ = {isa = PBXBuildFile; fileRef = C24F18021B85B91800492E5D /* VideoManager.m */; };
		C24F18061B85BC1E00492E5D /* VideoModel.m in Sources */ = {isa = PBXBuildFile; fileRef = C24F18051B85BC1E00492E5D /* VideoModel.m */; };
		C24F18291B85C61700492E5D /* MKAnnotationView+WebCache.m in Sources */ = {isa = PBXBuildFile; fileRef = C24F18091B85C61700492E5D /* MKAnnotationView+WebCache.m */; };
		C24F182A1B85C61700492E5D /* NSData+ImageContentType.m in Sources */ = {isa = PBXBuildFile; fileRef = C24F180B1B85C61700492E5D /* NSData+ImageContentType.m */; };
		C24F182B1B85C61700492E5D /* SDImageCache.m in Sources */ = {isa = PBXBuildFile; fileRef = C24F180D1B85C61700492E5D /* SDImageCache.m */; };
		C24F182C1B85C61700492E5D /* SDWebImageCompat.m in Sources */ = {isa = PBXBuildFile; fileRef = C24F180F1B85C61700492E5D /* SDWebImageCompat.m */; };
		C24F182D1B85C61700492E5D /* SDWebImageDecoder.m in Sources */ = {isa = PBXBuildFile; fileRef = C24F18111B85C61700492E5D /* SDWebImageDecoder.m */; };
		C24F182E1B85C61700492E5D /* SDWebImageDownloader.m in Sources */ = {isa = PBXBuildFile; fileRef = C24F18131B85C61700492E5D /* SDWebImageDownloader.m */; };
		C24F182F1B85C61700492E5D /* SDWebImageDownloaderOperation.m in Sources */ = {isa = PBXBuildFile; fileRef = C24F18151B85C61700492E5D /* SDWebImageDownloaderOperation.m */; };
		C24F18301B85C61700492E5D /* SDWebImageManager.m in Sources */ = {isa = PBXBuildFile; fileRef = C24F18171B85C61700492E5D /* SDWebImageManager.m */; };
		C24F18311B85C61700492E5D /* SDWebImagePrefetcher.m in Sources */ = {isa = PBXBuildFile; fileRef = C24F181A1B85C61700492E5D /* SDWebImagePrefetcher.m */; };
		C24F18321B85C61700492E5D /* UIButton+WebCache.m in Sources */ = {isa = PBXBuildFile; fileRef = C24F181C1B85C61700492E5D /* UIButton+WebCache.m */; };
		C24F18331B85C61700492E5D /* UIImage+GIF.m in Sources */ = {isa = PBXBuildFile; fileRef = C24F181E1B85C61700492E5D /* UIImage+GIF.m */; };
		C24F18341B85C61700492E5D /* UIImage+MultiFormat.m in Sources */ = {isa = PBXBuildFile; fileRef = C24F18201B85C61700492E5D /* UIImage+MultiFormat.m */; };
		C24F18351B85C61700492E5D /* UIImage+WebP.m in Sources */ = {isa = PBXBuildFile; fileRef = C24F18221B85C61700492E5D /* UIImage+WebP.m */; };
		C24F18361B85C61700492E5D /* UIImageView+HighlightedWebCache.m in Sources */ = {isa = PBXBuildFile; fileRef = C24F18241B85C61700492E5D /* UIImageView+HighlightedWebCache.m */; };
		C24F18371B85C61700492E5D /* UIImageView+WebCache.m in Sources */ = {isa = PBXBuildFile; fileRef = C24F18261B85C61700492E5D /* UIImageView+WebCache.m */; };
		C24F18381B85C61700492E5D /* UIView+WebCacheOperation.m in Sources */ = {isa = PBXBuildFile; fileRef = C24F18281B85C61700492E5D /* UIView+WebCacheOperation.m */; };
		C24F184B1B85E82800492E5D /* NSData+SDDataCache.m in Sources */ = {isa = PBXBuildFile; fileRef = C24F183B1B85E82800492E5D /* NSData+SDDataCache.m */; };
		C24F184C1B85E82800492E5D /* TAAbstractDotView.m in Sources */ = {isa = PBXBuildFile; fileRef = C24F183E1B85E82800492E5D /* TAAbstractDotView.m */; };
		C24F184D1B85E82800492E5D /* TAAnimatedDotView.m in Sources */ = {isa = PBXBuildFile; fileRef = C24F18401B85E82800492E5D /* TAAnimatedDotView.m */; };
		C24F184E1B85E82800492E5D /* TADotView.m in Sources */ = {isa = PBXBuildFile; fileRef = C24F18421B85E82800492E5D /* TADotView.m */; };
		C24F184F1B85E82800492E5D /* TAPageControl.m in Sources */ = {isa = PBXBuildFile; fileRef = C24F18441B85E82800492E5D /* TAPageControl.m */; };
		C24F18501B85E82800492E5D /* SDCollectionViewCell.m in Sources */ = {isa = PBXBuildFile; fileRef = C24F18461B85E82800492E5D /* SDCollectionViewCell.m */; };
		C24F18511B85E82800492E5D /* SDCycleScrollView.m in Sources */ = {isa = PBXBuildFile; fileRef = C24F18481B85E82800492E5D /* SDCycleScrollView.m */; };
		C24F18521B85E82800492E5D /* UIView+SDExtension.m in Sources */ = {isa = PBXBuildFile; fileRef = C24F184A1B85E82800492E5D /* UIView+SDExtension.m */; };
		C24F18BD1B860CA500492E5D /* MJRefreshAutoFooter.m in Sources */ = {isa = PBXBuildFile; fileRef = C24F18931B860CA500492E5D /* MJRefreshAutoFooter.m */; };
		C24F18BE1B860CA500492E5D /* MJRefreshBackFooter.m in Sources */ = {isa = PBXBuildFile; fileRef = C24F18951B860CA500492E5D /* MJRefreshBackFooter.m */; };
		C24F18BF1B860CA500492E5D /* MJRefreshComponent.m in Sources */ = {isa = PBXBuildFile; fileRef = C24F18971B860CA500492E5D /* MJRefreshComponent.m */; };
		C24F18C01B860CA500492E5D /* MJRefreshFooter.m in Sources */ = {isa = PBXBuildFile; fileRef = C24F18991B860CA500492E5D /* MJRefreshFooter.m */; };
		C24F18C11B860CA500492E5D /* MJRefreshHeader.m in Sources */ = {isa = PBXBuildFile; fileRef = C24F189B1B860CA500492E5D /* MJRefreshHeader.m */; };
		C24F18C21B860CA500492E5D /* MJRefreshAutoGifFooter.m in Sources */ = {isa = PBXBuildFile; fileRef = C24F18A01B860CA500492E5D /* MJRefreshAutoGifFooter.m */; };
		C24F18C31B860CA500492E5D /* MJRefreshAutoNormalFooter.m in Sources */ = {isa = PBXBuildFile; fileRef = C24F18A21B860CA500492E5D /* MJRefreshAutoNormalFooter.m */; };
		C24F18C41B860CA500492E5D /* MJRefreshAutoStateFooter.m in Sources */ = {isa = PBXBuildFile; fileRef = C24F18A41B860CA500492E5D /* MJRefreshAutoStateFooter.m */; };
		C24F18C51B860CA500492E5D /* MJRefreshBackGifFooter.m in Sources */ = {isa = PBXBuildFile; fileRef = C24F18A71B860CA500492E5D /* MJRefreshBackGifFooter.m */; };
		C24F18C61B860CA500492E5D /* MJRefreshBackNormalFooter.m in Sources */ = {isa = PBXBuildFile; fileRef = C24F18A91B860CA500492E5D /* MJRefreshBackNormalFooter.m */; };
		C24F18C71B860CA500492E5D /* MJRefreshBackStateFooter.m in Sources */ = {isa = PBXBuildFile; fileRef = C24F18AB1B860CA500492E5D /* MJRefreshBackStateFooter.m */; };
		C24F18C81B860CA500492E5D /* MJRefreshGifHeader.m in Sources */ = {isa = PBXBuildFile; fileRef = C24F18AE1B860CA500492E5D /* MJRefreshGifHeader.m */; };
		C24F18C91B860CA500492E5D /* MJRefreshNormalHeader.m in Sources */ = {isa = PBXBuildFile; fileRef = C24F18B01B860CA500492E5D /* MJRefreshNormalHeader.m */; };
		C24F18CA1B860CA500492E5D /* MJRefreshStateHeader.m in Sources */ = {isa = PBXBuildFile; fileRef = C24F18B21B860CA500492E5D /* MJRefreshStateHeader.m */; };
		C24F18CB1B860CA500492E5D /* MJRefresh.bundle in Resources */ = {isa = PBXBuildFile; fileRef = C24F18B31B860CA500492E5D /* MJRefresh.bundle */; };
		C24F18CC1B860CA500492E5D /* MJRefreshConst.m in Sources */ = {isa = PBXBuildFile; fileRef = C24F18B61B860CA500492E5D /* MJRefreshConst.m */; };
		C24F18CD1B860CA500492E5D /* UIScrollView+MJExtension.m in Sources */ = {isa = PBXBuildFile; fileRef = C24F18B81B860CA500492E5D /* UIScrollView+MJExtension.m */; };
		C24F18CE1B860CA500492E5D /* UIScrollView+MJRefresh.m in Sources */ = {isa = PBXBuildFile; fileRef = C24F18BA1B860CA500492E5D /* UIScrollView+MJRefresh.m */; };
		C24F18CF1B860CA500492E5D /* UIView+MJExtension.m in Sources */ = {isa = PBXBuildFile; fileRef = C24F18BC1B860CA500492E5D /* UIView+MJExtension.m */; };
		C2A8A5C71B856B0500D00A72 /* UserViewController.m in Sources */ = {isa = PBXBuildFile; fileRef = C2A8A5C51B856B0500D00A72 /* UserViewController.m */; };
		C2A8A5C81B856B0500D00A72 /* UserViewController.xib in Resources */ = {isa = PBXBuildFile; fileRef = C2A8A5C61B856B0500D00A72 /* UserViewController.xib */; };
/* End PBXBuildFile section */

/* Begin PBXContainerItemProxy section */
		C23C04AE1B847B29004FB445 /* PBXContainerItemProxy */ = {
			isa = PBXContainerItemProxy;
			containerPortal = C23C04891B847B29004FB445 /* Project object */;
			proxyType = 1;
			remoteGlobalIDString = C23C04901B847B29004FB445;
			remoteInfo = Sight;
		};
/* End PBXContainerItemProxy section */

/* Begin PBXFileReference section */
		C23C04911B847B29004FB445 /* Sight.app */ = {isa = PBXFileReference; explicitFileType = wrapper.application; includeInIndex = 0; path = Sight.app; sourceTree = BUILT_PRODUCTS_DIR; };
		C23C04951B847B29004FB445 /* Info.plist */ = {isa = PBXFileReference; lastKnownFileType = text.plist.xml; path = Info.plist; sourceTree = "<group>"; };
		C23C04961B847B29004FB445 /* main.m */ = {isa = PBXFileReference; lastKnownFileType = sourcecode.c.objc; path = main.m; sourceTree = "<group>"; };
		C23C049C1B847B29004FB445 /* Sight.xcdatamodel */ = {isa = PBXFileReference; lastKnownFileType = wrapper.xcdatamodel; path = Sight.xcdatamodel; sourceTree = "<group>"; };
		C23C04A21B847B29004FB445 /* Base */ = {isa = PBXFileReference; lastKnownFileType = file.storyboard; name = Base; path = Base.lproj/Main.storyboard; sourceTree = "<group>"; };
		C23C04A41B847B29004FB445 /* Images.xcassets */ = {isa = PBXFileReference; lastKnownFileType = folder.assetcatalog; path = Images.xcassets; sourceTree = "<group>"; };
		C23C04A71B847B29004FB445 /* Base */ = {isa = PBXFileReference; lastKnownFileType = file.xib; name = Base; path = Base.lproj/LaunchScreen.xib; sourceTree = "<group>"; };
		C23C04AD1B847B29004FB445 /* SightTests.xctest */ = {isa = PBXFileReference; explicitFileType = wrapper.cfbundle; includeInIndex = 0; path = SightTests.xctest; sourceTree = BUILT_PRODUCTS_DIR; };
		C23C04B21B847B29004FB445 /* Info.plist */ = {isa = PBXFileReference; lastKnownFileType = text.plist.xml; path = Info.plist; sourceTree = "<group>"; };
		C23C04B31B847B29004FB445 /* SightTests.m */ = {isa = PBXFileReference; lastKnownFileType = sourcecode.c.objc; path = SightTests.m; sourceTree = "<group>"; };
		C23C04BF1B84AA07004FB445 /* AppDelegate.h */ = {isa = PBXFileReference; fileEncoding = 4; lastKnownFileType = sourcecode.c.h; path = AppDelegate.h; sourceTree = "<group>"; };
		C23C04C01B84AA07004FB445 /* AppDelegate.m */ = {isa = PBXFileReference; fileEncoding = 4; lastKnownFileType = sourcecode.c.objc; path = AppDelegate.m; sourceTree = "<group>"; };
		C23C04CB1B84AA42004FB445 /* RootViewController.h */ = {isa = PBXFileReference; fileEncoding = 4; lastKnownFileType = sourcecode.c.h; path = RootViewController.h; sourceTree = "<group>"; };
		C23C04CC1B84AA42004FB445 /* RootViewController.m */ = {isa = PBXFileReference; fileEncoding = 4; lastKnownFileType = sourcecode.c.objc; path = RootViewController.m; sourceTree = "<group>"; };
		C23C04CE1B84AB5A004FB445 /* BookViewController.h */ = {isa = PBXFileReference; fileEncoding = 4; lastKnownFileType = sourcecode.c.h; path = BookViewController.h; sourceTree = "<group>"; };
		C23C04CF1B84AB5A004FB445 /* BookViewController.m */ = {isa = PBXFileReference; fileEncoding = 4; lastKnownFileType = sourcecode.c.objc; path = BookViewController.m; sourceTree = "<group>"; };
		C23C04D01B84AB5A004FB445 /* BookViewController.xib */ = {isa = PBXFileReference; fileEncoding = 4; lastKnownFileType = file.xib; path = BookViewController.xib; sourceTree = "<group>"; };
		C23C04D31B84AB68004FB445 /* NewsViewController.h */ = {isa = PBXFileReference; fileEncoding = 4; lastKnownFileType = sourcecode.c.h; path = NewsViewController.h; sourceTree = "<group>"; };
		C23C04D41B84AB68004FB445 /* NewsViewController.m */ = {isa = PBXFileReference; fileEncoding = 4; lastKnownFileType = sourcecode.c.objc; path = NewsViewController.m; sourceTree = "<group>"; };
		C23C04D51B84AB68004FB445 /* NewsViewController.xib */ = {isa = PBXFileReference; fileEncoding = 4; lastKnownFileType = file.xib; path = NewsViewController.xib; sourceTree = "<group>"; };
		C23C04D81B84AB7D004FB445 /* VideoViewController.h */ = {isa = PBXFileReference; fileEncoding = 4; lastKnownFileType = sourcecode.c.h; path = VideoViewController.h; sourceTree = "<group>"; };
		C23C04D91B84AB7D004FB445 /* VideoViewController.m */ = {isa = PBXFileReference; fileEncoding = 4; lastKnownFileType = sourcecode.c.objc; path = VideoViewController.m; sourceTree = "<group>"; };
		C23C04DA1B84AB7D004FB445 /* VideoViewController.xib */ = {isa = PBXFileReference; fileEncoding = 4; lastKnownFileType = file.xib; path = VideoViewController.xib; sourceTree = "<group>"; };
		C23C04DD1B84ABA0004FB445 /* PrefixHeader.pch */ = {isa = PBXFileReference; lastKnownFileType = sourcecode.c.h; path = PrefixHeader.pch; sourceTree = "<group>"; };
		C24F17F91B85A7DC00492E5D /* Header.h */ = {isa = PBXFileReference; lastKnownFileType = sourcecode.c.h; path = Header.h; sourceTree = "<group>"; };
		C24F17FA1B85A8A700492E5D /* VideoCell.h */ = {isa = PBXFileReference; fileEncoding = 4; lastKnownFileType = sourcecode.c.h; path = VideoCell.h; sourceTree = "<group>"; };
		C24F17FB1B85A8A700492E5D /* VideoCell.m */ = {isa = PBXFileReference; fileEncoding = 4; lastKnownFileType = sourcecode.c.objc; path = VideoCell.m; sourceTree = "<group>"; };
		C24F17FC1B85A8A700492E5D /* VideoCell.xib */ = {isa = PBXFileReference; fileEncoding = 4; lastKnownFileType = file.xib; path = VideoCell.xib; sourceTree = "<group>"; };
		C24F17FF1B85B40D00492E5D /* xiaohe.jpg */ = {isa = PBXFileReference; lastKnownFileType = image.jpeg; path = xiaohe.jpg; sourceTree = "<group>"; };
		C24F18011B85B91800492E5D /* VideoManager.h */ = {isa = PBXFileReference; fileEncoding = 4; lastKnownFileType = sourcecode.c.h; path = VideoManager.h; sourceTree = "<group>"; };
		C24F18021B85B91800492E5D /* VideoManager.m */ = {isa = PBXFileReference; fileEncoding = 4; lastKnownFileType = sourcecode.c.objc; path = VideoManager.m; sourceTree = "<group>"; };
		C24F18041B85BC1E00492E5D /* VideoModel.h */ = {isa = PBXFileReference; fileEncoding = 4; lastKnownFileType = sourcecode.c.h; path = VideoModel.h; sourceTree = "<group>"; };
		C24F18051B85BC1E00492E5D /* VideoModel.m */ = {isa = PBXFileReference; fileEncoding = 4; lastKnownFileType = sourcecode.c.objc; path = VideoModel.m; sourceTree = "<group>"; };
		C24F18081B85C61700492E5D /* MKAnnotationView+WebCache.h */ = {isa = PBXFileReference; fileEncoding = 4; lastKnownFileType = sourcecode.c.h; path = "MKAnnotationView+WebCache.h"; sourceTree = "<group>"; };
		C24F18091B85C61700492E5D /* MKAnnotationView+WebCache.m */ = {isa = PBXFileReference; fileEncoding = 4; lastKnownFileType = sourcecode.c.objc; path = "MKAnnotationView+WebCache.m"; sourceTree = "<group>"; };
		C24F180A1B85C61700492E5D /* NSData+ImageContentType.h */ = {isa = PBXFileReference; fileEncoding = 4; lastKnownFileType = sourcecode.c.h; path = "NSData+ImageContentType.h"; sourceTree = "<group>"; };
		C24F180B1B85C61700492E5D /* NSData+ImageContentType.m */ = {isa = PBXFileReference; fileEncoding = 4; lastKnownFileType = sourcecode.c.objc; path = "NSData+ImageContentType.m"; sourceTree = "<group>"; };
		C24F180C1B85C61700492E5D /* SDImageCache.h */ = {isa = PBXFileReference; fileEncoding = 4; lastKnownFileType = sourcecode.c.h; path = SDImageCache.h; sourceTree = "<group>"; };
		C24F180D1B85C61700492E5D /* SDImageCache.m */ = {isa = PBXFileReference; fileEncoding = 4; lastKnownFileType = sourcecode.c.objc; path = SDImageCache.m; sourceTree = "<group>"; };
		C24F180E1B85C61700492E5D /* SDWebImageCompat.h */ = {isa = PBXFileReference; fileEncoding = 4; lastKnownFileType = sourcecode.c.h; path = SDWebImageCompat.h; sourceTree = "<group>"; };
		C24F180F1B85C61700492E5D /* SDWebImageCompat.m */ = {isa = PBXFileReference; fileEncoding = 4; lastKnownFileType = sourcecode.c.objc; path = SDWebImageCompat.m; sourceTree = "<group>"; };
		C24F18101B85C61700492E5D /* SDWebImageDecoder.h */ = {isa = PBXFileReference; fileEncoding = 4; lastKnownFileType = sourcecode.c.h; path = SDWebImageDecoder.h; sourceTree = "<group>"; };
		C24F18111B85C61700492E5D /* SDWebImageDecoder.m */ = {isa = PBXFileReference; fileEncoding = 4; lastKnownFileType = sourcecode.c.objc; path = SDWebImageDecoder.m; sourceTree = "<group>"; };
		C24F18121B85C61700492E5D /* SDWebImageDownloader.h */ = {isa = PBXFileReference; fileEncoding = 4; lastKnownFileType = sourcecode.c.h; path = SDWebImageDownloader.h; sourceTree = "<group>"; };
		C24F18131B85C61700492E5D /* SDWebImageDownloader.m */ = {isa = PBXFileReference; fileEncoding = 4; lastKnownFileType = sourcecode.c.objc; path = SDWebImageDownloader.m; sourceTree = "<group>"; };
		C24F18141B85C61700492E5D /* SDWebImageDownloaderOperation.h */ = {isa = PBXFileReference; fileEncoding = 4; lastKnownFileType = sourcecode.c.h; path = SDWebImageDownloaderOperation.h; sourceTree = "<group>"; };
		C24F18151B85C61700492E5D /* SDWebImageDownloaderOperation.m */ = {isa = PBXFileReference; fileEncoding = 4; lastKnownFileType = sourcecode.c.objc; path = SDWebImageDownloaderOperation.m; sourceTree = "<group>"; };
		C24F18161B85C61700492E5D /* SDWebImageManager.h */ = {isa = PBXFileReference; fileEncoding = 4; lastKnownFileType = sourcecode.c.h; path = SDWebImageManager.h; sourceTree = "<group>"; };
		C24F18171B85C61700492E5D /* SDWebImageManager.m */ = {isa = PBXFileReference; fileEncoding = 4; lastKnownFileType = sourcecode.c.objc; path = SDWebImageManager.m; sourceTree = "<group>"; };
		C24F18181B85C61700492E5D /* SDWebImageOperation.h */ = {isa = PBXFileReference; fileEncoding = 4; lastKnownFileType = sourcecode.c.h; path = SDWebImageOperation.h; sourceTree = "<group>"; };
		C24F18191B85C61700492E5D /* SDWebImagePrefetcher.h */ = {isa = PBXFileReference; fileEncoding = 4; lastKnownFileType = sourcecode.c.h; path = SDWebImagePrefetcher.h; sourceTree = "<group>"; };
		C24F181A1B85C61700492E5D /* SDWebImagePrefetcher.m */ = {isa = PBXFileReference; fileEncoding = 4; lastKnownFileType = sourcecode.c.objc; path = SDWebImagePrefetcher.m; sourceTree = "<group>"; };
		C24F181B1B85C61700492E5D /* UIButton+WebCache.h */ = {isa = PBXFileReference; fileEncoding = 4; lastKnownFileType = sourcecode.c.h; path = "UIButton+WebCache.h"; sourceTree = "<group>"; };
		C24F181C1B85C61700492E5D /* UIButton+WebCache.m */ = {isa = PBXFileReference; fileEncoding = 4; lastKnownFileType = sourcecode.c.objc; path = "UIButton+WebCache.m"; sourceTree = "<group>"; };
		C24F181D1B85C61700492E5D /* UIImage+GIF.h */ = {isa = PBXFileReference; fileEncoding = 4; lastKnownFileType = sourcecode.c.h; path = "UIImage+GIF.h"; sourceTree = "<group>"; };
		C24F181E1B85C61700492E5D /* UIImage+GIF.m */ = {isa = PBXFileReference; fileEncoding = 4; lastKnownFileType = sourcecode.c.objc; path = "UIImage+GIF.m"; sourceTree = "<group>"; };
		C24F181F1B85C61700492E5D /* UIImage+MultiFormat.h */ = {isa = PBXFileReference; fileEncoding = 4; lastKnownFileType = sourcecode.c.h; path = "UIImage+MultiFormat.h"; sourceTree = "<group>"; };
		C24F18201B85C61700492E5D /* UIImage+MultiFormat.m */ = {isa = PBXFileReference; fileEncoding = 4; lastKnownFileType = sourcecode.c.objc; path = "UIImage+MultiFormat.m"; sourceTree = "<group>"; };
		C24F18211B85C61700492E5D /* UIImage+WebP.h */ = {isa = PBXFileReference; fileEncoding = 4; lastKnownFileType = sourcecode.c.h; path = "UIImage+WebP.h"; sourceTree = "<group>"; };
		C24F18221B85C61700492E5D /* UIImage+WebP.m */ = {isa = PBXFileReference; fileEncoding = 4; lastKnownFileType = sourcecode.c.objc; path = "UIImage+WebP.m"; sourceTree = "<group>"; };
		C24F18231B85C61700492E5D /* UIImageView+HighlightedWebCache.h */ = {isa = PBXFileReference; fileEncoding = 4; lastKnownFileType = sourcecode.c.h; path = "UIImageView+HighlightedWebCache.h"; sourceTree = "<group>"; };
		C24F18241B85C61700492E5D /* UIImageView+HighlightedWebCache.m */ = {isa = PBXFileReference; fileEncoding = 4; lastKnownFileType = sourcecode.c.objc; path = "UIImageView+HighlightedWebCache.m"; sourceTree = "<group>"; };
		C24F18251B85C61700492E5D /* UIImageView+WebCache.h */ = {isa = PBXFileReference; fileEncoding = 4; lastKnownFileType = sourcecode.c.h; path = "UIImageView+WebCache.h"; sourceTree = "<group>"; };
		C24F18261B85C61700492E5D /* UIImageView+WebCache.m */ = {isa = PBXFileReference; fileEncoding = 4; lastKnownFileType = sourcecode.c.objc; path = "UIImageView+WebCache.m"; sourceTree = "<group>"; };
		C24F18271B85C61700492E5D /* UIView+WebCacheOperation.h */ = {isa = PBXFileReference; fileEncoding = 4; lastKnownFileType = sourcecode.c.h; path = "UIView+WebCacheOperation.h"; sourceTree = "<group>"; };
		C24F18281B85C61700492E5D /* UIView+WebCacheOperation.m */ = {isa = PBXFileReference; fileEncoding = 4; lastKnownFileType = sourcecode.c.objc; path = "UIView+WebCacheOperation.m"; sourceTree = "<group>"; };
		C24F183A1B85E82800492E5D /* NSData+SDDataCache.h */ = {isa = PBXFileReference; fileEncoding = 4; lastKnownFileType = sourcecode.c.h; path = "NSData+SDDataCache.h"; sourceTree = "<group>"; };
		C24F183B1B85E82800492E5D /* NSData+SDDataCache.m */ = {isa = PBXFileReference; fileEncoding = 4; lastKnownFileType = sourcecode.c.objc; path = "NSData+SDDataCache.m"; sourceTree = "<group>"; };
		C24F183D1B85E82800492E5D /* TAAbstractDotView.h */ = {isa = PBXFileReference; fileEncoding = 4; lastKnownFileType = sourcecode.c.h; path = TAAbstractDotView.h; sourceTree = "<group>"; };
		C24F183E1B85E82800492E5D /* TAAbstractDotView.m */ = {isa = PBXFileReference; fileEncoding = 4; lastKnownFileType = sourcecode.c.objc; path = TAAbstractDotView.m; sourceTree = "<group>"; };
		C24F183F1B85E82800492E5D /* TAAnimatedDotView.h */ = {isa = PBXFileReference; fileEncoding = 4; lastKnownFileType = sourcecode.c.h; path = TAAnimatedDotView.h; sourceTree = "<group>"; };
		C24F18401B85E82800492E5D /* TAAnimatedDotView.m */ = {isa = PBXFileReference; fileEncoding = 4; lastKnownFileType = sourcecode.c.objc; path = TAAnimatedDotView.m; sourceTree = "<group>"; };
		C24F18411B85E82800492E5D /* TADotView.h */ = {isa = PBXFileReference; fileEncoding = 4; lastKnownFileType = sourcecode.c.h; path = TADotView.h; sourceTree = "<group>"; };
		C24F18421B85E82800492E5D /* TADotView.m */ = {isa = PBXFileReference; fileEncoding = 4; lastKnownFileType = sourcecode.c.objc; path = TADotView.m; sourceTree = "<group>"; };
		C24F18431B85E82800492E5D /* TAPageControl.h */ = {isa = PBXFileReference; fileEncoding = 4; lastKnownFileType = sourcecode.c.h; path = TAPageControl.h; sourceTree = "<group>"; };
		C24F18441B85E82800492E5D /* TAPageControl.m */ = {isa = PBXFileReference; fileEncoding = 4; lastKnownFileType = sourcecode.c.objc; path = TAPageControl.m; sourceTree = "<group>"; };
		C24F18451B85E82800492E5D /* SDCollectionViewCell.h */ = {isa = PBXFileReference; fileEncoding = 4; lastKnownFileType = sourcecode.c.h; path = SDCollectionViewCell.h; sourceTree = "<group>"; };
		C24F18461B85E82800492E5D /* SDCollectionViewCell.m */ = {isa = PBXFileReference; fileEncoding = 4; lastKnownFileType = sourcecode.c.objc; path = SDCollectionViewCell.m; sourceTree = "<group>"; };
		C24F18471B85E82800492E5D /* SDCycleScrollView.h */ = {isa = PBXFileReference; fileEncoding = 4; lastKnownFileType = sourcecode.c.h; path = SDCycleScrollView.h; sourceTree = "<group>"; };
		C24F18481B85E82800492E5D /* SDCycleScrollView.m */ = {isa = PBXFileReference; fileEncoding = 4; lastKnownFileType = sourcecode.c.objc; path = SDCycleScrollView.m; sourceTree = "<group>"; };
		C24F18491B85E82800492E5D /* UIView+SDExtension.h */ = {isa = PBXFileReference; fileEncoding = 4; lastKnownFileType = sourcecode.c.h; path = "UIView+SDExtension.h"; sourceTree = "<group>"; };
		C24F184A1B85E82800492E5D /* UIView+SDExtension.m */ = {isa = PBXFileReference; fileEncoding = 4; lastKnownFileType = sourcecode.c.objc; path = "UIView+SDExtension.m"; sourceTree = "<group>"; };
		C24F18921B860CA500492E5D /* MJRefreshAutoFooter.h */ = {isa = PBXFileReference; fileEncoding = 4; lastKnownFileType = sourcecode.c.h; path = MJRefreshAutoFooter.h; sourceTree = "<group>"; };
		C24F18931B860CA500492E5D /* MJRefreshAutoFooter.m */ = {isa = PBXFileReference; fileEncoding = 4; lastKnownFileType = sourcecode.c.objc; path = MJRefreshAutoFooter.m; sourceTree = "<group>"; };
		C24F18941B860CA500492E5D /* MJRefreshBackFooter.h */ = {isa = PBXFileReference; fileEncoding = 4; lastKnownFileType = sourcecode.c.h; path = MJRefreshBackFooter.h; sourceTree = "<group>"; };
		C24F18951B860CA500492E5D /* MJRefreshBackFooter.m */ = {isa = PBXFileReference; fileEncoding = 4; lastKnownFileType = sourcecode.c.objc; path = MJRefreshBackFooter.m; sourceTree = "<group>"; };
		C24F18961B860CA500492E5D /* MJRefreshComponent.h */ = {isa = PBXFileReference; fileEncoding = 4; lastKnownFileType = sourcecode.c.h; path = MJRefreshComponent.h; sourceTree = "<group>"; };
		C24F18971B860CA500492E5D /* MJRefreshComponent.m */ = {isa = PBXFileReference; fileEncoding = 4; lastKnownFileType = sourcecode.c.objc; path = MJRefreshComponent.m; sourceTree = "<group>"; };
		C24F18981B860CA500492E5D /* MJRefreshFooter.h */ = {isa = PBXFileReference; fileEncoding = 4; lastKnownFileType = sourcecode.c.h; path = MJRefreshFooter.h; sourceTree = "<group>"; };
		C24F18991B860CA500492E5D /* MJRefreshFooter.m */ = {isa = PBXFileReference; fileEncoding = 4; lastKnownFileType = sourcecode.c.objc; path = MJRefreshFooter.m; sourceTree = "<group>"; };
		C24F189A1B860CA500492E5D /* MJRefreshHeader.h */ = {isa = PBXFileReference; fileEncoding = 4; lastKnownFileType = sourcecode.c.h; path = MJRefreshHeader.h; sourceTree = "<group>"; };
		C24F189B1B860CA500492E5D /* MJRefreshHeader.m */ = {isa = PBXFileReference; fileEncoding = 4; lastKnownFileType = sourcecode.c.objc; path = MJRefreshHeader.m; sourceTree = "<group>"; };
		C24F189F1B860CA500492E5D /* MJRefreshAutoGifFooter.h */ = {isa = PBXFileReference; fileEncoding = 4; lastKnownFileType = sourcecode.c.h; path = MJRefreshAutoGifFooter.h; sourceTree = "<group>"; };
		C24F18A01B860CA500492E5D /* MJRefreshAutoGifFooter.m */ = {isa = PBXFileReference; fileEncoding = 4; lastKnownFileType = sourcecode.c.objc; path = MJRefreshAutoGifFooter.m; sourceTree = "<group>"; };
		C24F18A11B860CA500492E5D /* MJRefreshAutoNormalFooter.h */ = {isa = PBXFileReference; fileEncoding = 4; lastKnownFileType = sourcecode.c.h; path = MJRefreshAutoNormalFooter.h; sourceTree = "<group>"; };
		C24F18A21B860CA500492E5D /* MJRefreshAutoNormalFooter.m */ = {isa = PBXFileReference; fileEncoding = 4; lastKnownFileType = sourcecode.c.objc; path = MJRefreshAutoNormalFooter.m; sourceTree = "<group>"; };
		C24F18A31B860CA500492E5D /* MJRefreshAutoStateFooter.h */ = {isa = PBXFileReference; fileEncoding = 4; lastKnownFileType = sourcecode.c.h; path = MJRefreshAutoStateFooter.h; sourceTree = "<group>"; };
		C24F18A41B860CA500492E5D /* MJRefreshAutoStateFooter.m */ = {isa = PBXFileReference; fileEncoding = 4; lastKnownFileType = sourcecode.c.objc; path = MJRefreshAutoStateFooter.m; sourceTree = "<group>"; };
		C24F18A61B860CA500492E5D /* MJRefreshBackGifFooter.h */ = {isa = PBXFileReference; fileEncoding = 4; lastKnownFileType = sourcecode.c.h; path = MJRefreshBackGifFooter.h; sourceTree = "<group>"; };
		C24F18A71B860CA500492E5D /* MJRefreshBackGifFooter.m */ = {isa = PBXFileReference; fileEncoding = 4; lastKnownFileType = sourcecode.c.objc; path = MJRefreshBackGifFooter.m; sourceTree = "<group>"; };
		C24F18A81B860CA500492E5D /* MJRefreshBackNormalFooter.h */ = {isa = PBXFileReference; fileEncoding = 4; lastKnownFileType = sourcecode.c.h; path = MJRefreshBackNormalFooter.h; sourceTree = "<group>"; };
		C24F18A91B860CA500492E5D /* MJRefreshBackNormalFooter.m */ = {isa = PBXFileReference; fileEncoding = 4; lastKnownFileType = sourcecode.c.objc; path = MJRefreshBackNormalFooter.m; sourceTree = "<group>"; };
		C24F18AA1B860CA500492E5D /* MJRefreshBackStateFooter.h */ = {isa = PBXFileReference; fileEncoding = 4; lastKnownFileType = sourcecode.c.h; path = MJRefreshBackStateFooter.h; sourceTree = "<group>"; };
		C24F18AB1B860CA500492E5D /* MJRefreshBackStateFooter.m */ = {isa = PBXFileReference; fileEncoding = 4; lastKnownFileType = sourcecode.c.objc; path = MJRefreshBackStateFooter.m; sourceTree = "<group>"; };
		C24F18AD1B860CA500492E5D /* MJRefreshGifHeader.h */ = {isa = PBXFileReference; fileEncoding = 4; lastKnownFileType = sourcecode.c.h; path = MJRefreshGifHeader.h; sourceTree = "<group>"; };
		C24F18AE1B860CA500492E5D /* MJRefreshGifHeader.m */ = {isa = PBXFileReference; fileEncoding = 4; lastKnownFileType = sourcecode.c.objc; path = MJRefreshGifHeader.m; sourceTree = "<group>"; };
		C24F18AF1B860CA500492E5D /* MJRefreshNormalHeader.h */ = {isa = PBXFileReference; fileEncoding = 4; lastKnownFileType = sourcecode.c.h; path = MJRefreshNormalHeader.h; sourceTree = "<group>"; };
		C24F18B01B860CA500492E5D /* MJRefreshNormalHeader.m */ = {isa = PBXFileReference; fileEncoding = 4; lastKnownFileType = sourcecode.c.objc; path = MJRefreshNormalHeader.m; sourceTree = "<group>"; };
		C24F18B11B860CA500492E5D /* MJRefreshStateHeader.h */ = {isa = PBXFileReference; fileEncoding = 4; lastKnownFileType = sourcecode.c.h; path = MJRefreshStateHeader.h; sourceTree = "<group>"; };
		C24F18B21B860CA500492E5D /* MJRefreshStateHeader.m */ = {isa = PBXFileReference; fileEncoding = 4; lastKnownFileType = sourcecode.c.objc; path = MJRefreshStateHeader.m; sourceTree = "<group>"; };
		C24F18B31B860CA500492E5D /* MJRefresh.bundle */ = {isa = PBXFileReference; lastKnownFileType = "wrapper.plug-in"; path = MJRefresh.bundle; sourceTree = "<group>"; };
		C24F18B41B860CA500492E5D /* MJRefresh.h */ = {isa = PBXFileReference; fileEncoding = 4; lastKnownFileType = sourcecode.c.h; path = MJRefresh.h; sourceTree = "<group>"; };
		C24F18B51B860CA500492E5D /* MJRefreshConst.h */ = {isa = PBXFileReference; fileEncoding = 4; lastKnownFileType = sourcecode.c.h; path = MJRefreshConst.h; sourceTree = "<group>"; };
		C24F18B61B860CA500492E5D /* MJRefreshConst.m */ = {isa = PBXFileReference; fileEncoding = 4; lastKnownFileType = sourcecode.c.objc; path = MJRefreshConst.m; sourceTree = "<group>"; };
		C24F18B71B860CA500492E5D /* UIScrollView+MJExtension.h */ = {isa = PBXFileReference; fileEncoding = 4; lastKnownFileType = sourcecode.c.h; path = "UIScrollView+MJExtension.h"; sourceTree = "<group>"; };
		C24F18B81B860CA500492E5D /* UIScrollView+MJExtension.m */ = {isa = PBXFileReference; fileEncoding = 4; lastKnownFileType = sourcecode.c.objc; path = "UIScrollView+MJExtension.m"; sourceTree = "<group>"; };
		C24F18B91B860CA500492E5D /* UIScrollView+MJRefresh.h */ = {isa = PBXFileReference; fileEncoding = 4; lastKnownFileType = sourcecode.c.h; path = "UIScrollView+MJRefresh.h"; sourceTree = "<group>"; };
		C24F18BA1B860CA500492E5D /* UIScrollView+MJRefresh.m */ = {isa = PBXFileReference; fileEncoding = 4; lastKnownFileType = sourcecode.c.objc; path = "UIScrollView+MJRefresh.m"; sourceTree = "<group>"; };
		C24F18BB1B860CA500492E5D /* UIView+MJExtension.h */ = {isa = PBXFileReference; fileEncoding = 4; lastKnownFileType = sourcecode.c.h; path = "UIView+MJExtension.h"; sourceTree = "<group>"; };
		C24F18BC1B860CA500492E5D /* UIView+MJExtension.m */ = {isa = PBXFileReference; fileEncoding = 4; lastKnownFileType = sourcecode.c.objc; path = "UIView+MJExtension.m"; sourceTree = "<group>"; };
		C2A8A5C41B856B0500D00A72 /* UserViewController.h */ = {isa = PBXFileReference; fileEncoding = 4; lastKnownFileType = sourcecode.c.h; path = UserViewController.h; sourceTree = "<group>"; };
		C2A8A5C51B856B0500D00A72 /* UserViewController.m */ = {isa = PBXFileReference; fileEncoding = 4; lastKnownFileType = sourcecode.c.objc; path = UserViewController.m; sourceTree = "<group>"; };
		C2A8A5C61B856B0500D00A72 /* UserViewController.xib */ = {isa = PBXFileReference; fileEncoding = 4; lastKnownFileType = file.xib; path = UserViewController.xib; sourceTree = "<group>"; };
/* End PBXFileReference section */

/* Begin PBXFrameworksBuildPhase section */
		C23C048E1B847B29004FB445 /* Frameworks */ = {
			isa = PBXFrameworksBuildPhase;
			buildActionMask = 2147483647;
			files = (
			);
			runOnlyForDeploymentPostprocessing = 0;
		};
		C23C04AA1B847B29004FB445 /* Frameworks */ = {
			isa = PBXFrameworksBuildPhase;
			buildActionMask = 2147483647;
			files = (
			);
			runOnlyForDeploymentPostprocessing = 0;
		};
/* End PBXFrameworksBuildPhase section */

/* Begin PBXGroup section */
		C23C04881B847B29004FB445 = {
			isa = PBXGroup;
			children = (
				C23C04931B847B29004FB445 /* Sight */,
				C23C04B01B847B29004FB445 /* SightTests */,
				C23C04921B847B29004FB445 /* Products */,
			);
			sourceTree = "<group>";
		};
		C23C04921B847B29004FB445 /* Products */ = {
			isa = PBXGroup;
			children = (
				C23C04911B847B29004FB445 /* Sight.app */,
				C23C04AD1B847B29004FB445 /* SightTests.xctest */,
			);
			name = Products;
			sourceTree = "<group>";
		};
		C23C04931B847B29004FB445 /* Sight */ = {
			isa = PBXGroup;
			children = (
				C23C04BD1B84AA07004FB445 /* Classes */,
				C23C04A11B847B29004FB445 /* Main.storyboard */,
				C23C04A41B847B29004FB445 /* Images.xcassets */,
				C23C04A61B847B29004FB445 /* LaunchScreen.xib */,
				C23C049B1B847B29004FB445 /* Sight.xcdatamodeld */,
				C23C04941B847B29004FB445 /* Supporting Files */,
			);
			path = Sight;
			sourceTree = "<group>";
		};
		C23C04941B847B29004FB445 /* Supporting Files */ = {
			isa = PBXGroup;
			children = (
				C23C04951B847B29004FB445 /* Info.plist */,
				C23C04961B847B29004FB445 /* main.m */,
			);
			name = "Supporting Files";
			sourceTree = "<group>";
		};
		C23C04B01B847B29004FB445 /* SightTests */ = {
			isa = PBXGroup;
			children = (
				C23C04B31B847B29004FB445 /* SightTests.m */,
				C23C04B11B847B29004FB445 /* Supporting Files */,
			);
			path = SightTests;
			sourceTree = "<group>";
		};
		C23C04B11B847B29004FB445 /* Supporting Files */ = {
			isa = PBXGroup;
			children = (
				C23C04B21B847B29004FB445 /* Info.plist */,
			);
			name = "Supporting Files";
			sourceTree = "<group>";
		};
		C23C04BD1B84AA07004FB445 /* Classes */ = {
			isa = PBXGroup;
			children = (
				C23C04BE1B84AA07004FB445 /* AppDelegate */,
				C23C04C81B84AA07004FB445 /* TabBarController */,
				C23C04C11B84AA07004FB445 /* Category */,
				C23C04C51B84AA07004FB445 /* Macro */,
				C23C04C61B84AA07004FB445 /* Manager */,
				C23C04C71B84AA07004FB445 /* Resource */,
				C23C04C91B84AA07004FB445 /* ThirdPartys */,
			);
			path = Classes;
			sourceTree = "<group>";
		};
		C23C04BE1B84AA07004FB445 /* AppDelegate */ = {
			isa = PBXGroup;
			children = (
				C23C04BF1B84AA07004FB445 /* AppDelegate.h */,
				C23C04C01B84AA07004FB445 /* AppDelegate.m */,
			);
			path = AppDelegate;
			sourceTree = "<group>";
		};
		C23C04C11B84AA07004FB445 /* Category */ = {
			isa = PBXGroup;
			children = (
				C2A8A5C31B856AE900D00A72 /* Users */,
				C23C04C21B84AA07004FB445 /* iBook */,
				C23C04C31B84AA07004FB445 /* News */,
				C23C04C41B84AA07004FB445 /* Video */,
			);
			path = Category;
			sourceTree = "<group>";
		};
		C23C04C21B84AA07004FB445 /* iBook */ = {
			isa = PBXGroup;
			children = (
				C23C04CE1B84AB5A004FB445 /* BookViewController.h */,
				C23C04CF1B84AB5A004FB445 /* BookViewController.m */,
				C23C04D01B84AB5A004FB445 /* BookViewController.xib */,
			);
			path = iBook;
			sourceTree = "<group>";
		};
		C23C04C31B84AA07004FB445 /* News */ = {
			isa = PBXGroup;
			children = (
				C23C04D31B84AB68004FB445 /* NewsViewController.h */,
				C23C04D41B84AB68004FB445 /* NewsViewController.m */,
				C23C04D51B84AB68004FB445 /* NewsViewController.xib */,
			);
			path = News;
			sourceTree = "<group>";
		};
		C23C04C41B84AA07004FB445 /* Video */ = {
			isa = PBXGroup;
			children = (
				C23C04D81B84AB7D004FB445 /* VideoViewController.h */,
				C23C04D91B84AB7D004FB445 /* VideoViewController.m */,
				C23C04DA1B84AB7D004FB445 /* VideoViewController.xib */,
				C24F17FA1B85A8A700492E5D /* VideoCell.h */,
				C24F17FB1B85A8A700492E5D /* VideoCell.m */,
				C24F17FC1B85A8A700492E5D /* VideoCell.xib */,
				C24F18011B85B91800492E5D /* VideoManager.h */,
				C24F18021B85B91800492E5D /* VideoManager.m */,
				C24F18041B85BC1E00492E5D /* VideoModel.h */,
				C24F18051B85BC1E00492E5D /* VideoModel.m */,
			);
			path = Video;
			sourceTree = "<group>";
		};
		C23C04C51B84AA07004FB445 /* Macro */ = {
			isa = PBXGroup;
			children = (
				C23C04DD1B84ABA0004FB445 /* PrefixHeader.pch */,
				C24F17F91B85A7DC00492E5D /* Header.h */,
			);
			path = Macro;
			sourceTree = "<group>";
		};
		C23C04C61B84AA07004FB445 /* Manager */ = {
			isa = PBXGroup;
			children = (
			);
			path = Manager;
			sourceTree = "<group>";
		};
		C23C04C71B84AA07004FB445 /* Resource */ = {
			isa = PBXGroup;
			children = (
				C24F17FF1B85B40D00492E5D /* xiaohe.jpg */,
			);
			path = Resource;
			sourceTree = "<group>";
		};
		C23C04C81B84AA07004FB445 /* TabBarController */ = {
			isa = PBXGroup;
			children = (
				C23C04CB1B84AA42004FB445 /* RootViewController.h */,
				C23C04CC1B84AA42004FB445 /* RootViewController.m */,
			);
			path = TabBarController;
			sourceTree = "<group>";
		};
		C23C04C91B84AA07004FB445 /* ThirdPartys */ = {
			isa = PBXGroup;
			children = (
				C24F18901B860CA500492E5D /* MJRefresh */,
				C24F18391B85E82800492E5D /* SDCycleScrollView */,
				C24F18071B85C61700492E5D /* SDWebImage */,
			);
			path = ThirdPartys;
			sourceTree = "<group>";
		};
		C24F18071B85C61700492E5D /* SDWebImage */ = {
			isa = PBXGroup;
			children = (
				C24F18081B85C61700492E5D /* MKAnnotationView+WebCache.h */,
				C24F18091B85C61700492E5D /* MKAnnotationView+WebCache.m */,
				C24F180A1B85C61700492E5D /* NSData+ImageContentType.h */,
				C24F180B1B85C61700492E5D /* NSData+ImageContentType.m */,
				C24F180C1B85C61700492E5D /* SDImageCache.h */,
				C24F180D1B85C61700492E5D /* SDImageCache.m */,
				C24F180E1B85C61700492E5D /* SDWebImageCompat.h */,
				C24F180F1B85C61700492E5D /* SDWebImageCompat.m */,
				C24F18101B85C61700492E5D /* SDWebImageDecoder.h */,
				C24F18111B85C61700492E5D /* SDWebImageDecoder.m */,
				C24F18121B85C61700492E5D /* SDWebImageDownloader.h */,
				C24F18131B85C61700492E5D /* SDWebImageDownloader.m */,
				C24F18141B85C61700492E5D /* SDWebImageDownloaderOperation.h */,
				C24F18151B85C61700492E5D /* SDWebImageDownloaderOperation.m */,
				C24F18161B85C61700492E5D /* SDWebImageManager.h */,
				C24F18171B85C61700492E5D /* SDWebImageManager.m */,
				C24F18181B85C61700492E5D /* SDWebImageOperation.h */,
				C24F18191B85C61700492E5D /* SDWebImagePrefetcher.h */,
				C24F181A1B85C61700492E5D /* SDWebImagePrefetcher.m */,
				C24F181B1B85C61700492E5D /* UIButton+WebCache.h */,
				C24F181C1B85C61700492E5D /* UIButton+WebCache.m */,
				C24F181D1B85C61700492E5D /* UIImage+GIF.h */,
				C24F181E1B85C61700492E5D /* UIImage+GIF.m */,
				C24F181F1B85C61700492E5D /* UIImage+MultiFormat.h */,
				C24F18201B85C61700492E5D /* UIImage+MultiFormat.m */,
				C24F18211B85C61700492E5D /* UIImage+WebP.h */,
				C24F18221B85C61700492E5D /* UIImage+WebP.m */,
				C24F18231B85C61700492E5D /* UIImageView+HighlightedWebCache.h */,
				C24F18241B85C61700492E5D /* UIImageView+HighlightedWebCache.m */,
				C24F18251B85C61700492E5D /* UIImageView+WebCache.h */,
				C24F18261B85C61700492E5D /* UIImageView+WebCache.m */,
				C24F18271B85C61700492E5D /* UIView+WebCacheOperation.h */,
				C24F18281B85C61700492E5D /* UIView+WebCacheOperation.m */,
			);
			path = SDWebImage;
			sourceTree = "<group>";
		};
		C24F18391B85E82800492E5D /* SDCycleScrollView */ = {
			isa = PBXGroup;
			children = (
				C24F183A1B85E82800492E5D /* NSData+SDDataCache.h */,
				C24F183B1B85E82800492E5D /* NSData+SDDataCache.m */,
				C24F183C1B85E82800492E5D /* PageControl */,
				C24F18451B85E82800492E5D /* SDCollectionViewCell.h */,
				C24F18461B85E82800492E5D /* SDCollectionViewCell.m */,
				C24F18471B85E82800492E5D /* SDCycleScrollView.h */,
				C24F18481B85E82800492E5D /* SDCycleScrollView.m */,
				C24F18491B85E82800492E5D /* UIView+SDExtension.h */,
				C24F184A1B85E82800492E5D /* UIView+SDExtension.m */,
			);
			path = SDCycleScrollView;
			sourceTree = "<group>";
		};
		C24F183C1B85E82800492E5D /* PageControl */ = {
			isa = PBXGroup;
			children = (
				C24F183D1B85E82800492E5D /* TAAbstractDotView.h */,
				C24F183E1B85E82800492E5D /* TAAbstractDotView.m */,
				C24F183F1B85E82800492E5D /* TAAnimatedDotView.h */,
				C24F18401B85E82800492E5D /* TAAnimatedDotView.m */,
				C24F18411B85E82800492E5D /* TADotView.h */,
				C24F18421B85E82800492E5D /* TADotView.m */,
				C24F18431B85E82800492E5D /* TAPageControl.h */,
				C24F18441B85E82800492E5D /* TAPageControl.m */,
			);
			path = PageControl;
			sourceTree = "<group>";
		};
		C24F18901B860CA500492E5D /* MJRefresh */ = {
			isa = PBXGroup;
			children = (
				C24F18911B860CA500492E5D /* Base */,
				C24F189C1B860CA500492E5D /* Custom */,
				C24F18B31B860CA500492E5D /* MJRefresh.bundle */,
				C24F18B41B860CA500492E5D /* MJRefresh.h */,
				C24F18B51B860CA500492E5D /* MJRefreshConst.h */,
				C24F18B61B860CA500492E5D /* MJRefreshConst.m */,
				C24F18B71B860CA500492E5D /* UIScrollView+MJExtension.h */,
				C24F18B81B860CA500492E5D /* UIScrollView+MJExtension.m */,
				C24F18B91B860CA500492E5D /* UIScrollView+MJRefresh.h */,
				C24F18BA1B860CA500492E5D /* UIScrollView+MJRefresh.m */,
				C24F18BB1B860CA500492E5D /* UIView+MJExtension.h */,
				C24F18BC1B860CA500492E5D /* UIView+MJExtension.m */,
			);
			path = MJRefresh;
			sourceTree = "<group>";
		};
		C24F18911B860CA500492E5D /* Base */ = {
			isa = PBXGroup;
			children = (
				C24F18921B860CA500492E5D /* MJRefreshAutoFooter.h */,
				C24F18931B860CA500492E5D /* MJRefreshAutoFooter.m */,
				C24F18941B860CA500492E5D /* MJRefreshBackFooter.h */,
				C24F18951B860CA500492E5D /* MJRefreshBackFooter.m */,
				C24F18961B860CA500492E5D /* MJRefreshComponent.h */,
				C24F18971B860CA500492E5D /* MJRefreshComponent.m */,
				C24F18981B860CA500492E5D /* MJRefreshFooter.h */,
				C24F18991B860CA500492E5D /* MJRefreshFooter.m */,
				C24F189A1B860CA500492E5D /* MJRefreshHeader.h */,
				C24F189B1B860CA500492E5D /* MJRefreshHeader.m */,
			);
			path = Base;
			sourceTree = "<group>";
		};
		C24F189C1B860CA500492E5D /* Custom */ = {
			isa = PBXGroup;
			children = (
				C24F189D1B860CA500492E5D /* Footer */,
				C24F18AC1B860CA500492E5D /* Header */,
			);
			path = Custom;
			sourceTree = "<group>";
		};
		C24F189D1B860CA500492E5D /* Footer */ = {
			isa = PBXGroup;
			children = (
				C24F189E1B860CA500492E5D /* Auto */,
				C24F18A51B860CA500492E5D /* Back */,
			);
			path = Footer;
			sourceTree = "<group>";
		};
		C24F189E1B860CA500492E5D /* Auto */ = {
			isa = PBXGroup;
			children = (
				C24F189F1B860CA500492E5D /* MJRefreshAutoGifFooter.h */,
				C24F18A01B860CA500492E5D /* MJRefreshAutoGifFooter.m */,
				C24F18A11B860CA500492E5D /* MJRefreshAutoNormalFooter.h */,
				C24F18A21B860CA500492E5D /* MJRefreshAutoNormalFooter.m */,
				C24F18A31B860CA500492E5D /* MJRefreshAutoStateFooter.h */,
				C24F18A41B860CA500492E5D /* MJRefreshAutoStateFooter.m */,
			);
			path = Auto;
			sourceTree = "<group>";
		};
		C24F18A51B860CA500492E5D /* Back */ = {
			isa = PBXGroup;
			children = (
				C24F18A61B860CA500492E5D /* MJRefreshBackGifFooter.h */,
				C24F18A71B860CA500492E5D /* MJRefreshBackGifFooter.m */,
				C24F18A81B860CA500492E5D /* MJRefreshBackNormalFooter.h */,
				C24F18A91B860CA500492E5D /* MJRefreshBackNormalFooter.m */,
				C24F18AA1B860CA500492E5D /* MJRefreshBackStateFooter.h */,
				C24F18AB1B860CA500492E5D /* MJRefreshBackStateFooter.m */,
			);
			path = Back;
			sourceTree = "<group>";
		};
		C24F18AC1B860CA500492E5D /* Header */ = {
			isa = PBXGroup;
			children = (
				C24F18AD1B860CA500492E5D /* MJRefreshGifHeader.h */,
				C24F18AE1B860CA500492E5D /* MJRefreshGifHeader.m */,
				C24F18AF1B860CA500492E5D /* MJRefreshNormalHeader.h */,
				C24F18B01B860CA500492E5D /* MJRefreshNormalHeader.m */,
				C24F18B11B860CA500492E5D /* MJRefreshStateHeader.h */,
				C24F18B21B860CA500492E5D /* MJRefreshStateHeader.m */,
			);
			path = Header;
			sourceTree = "<group>";
		};
		C2A8A5C31B856AE900D00A72 /* Users */ = {
			isa = PBXGroup;
			children = (
				C2A8A5C41B856B0500D00A72 /* UserViewController.h */,
				C2A8A5C51B856B0500D00A72 /* UserViewController.m */,
				C2A8A5C61B856B0500D00A72 /* UserViewController.xib */,
			);
			path = Users;
			sourceTree = "<group>";
		};
/* End PBXGroup section */

/* Begin PBXNativeTarget section */
		C23C04901B847B29004FB445 /* Sight */ = {
			isa = PBXNativeTarget;
			buildConfigurationList = C23C04B71B847B29004FB445 /* Build configuration list for PBXNativeTarget "Sight" */;
			buildPhases = (
				C23C048D1B847B29004FB445 /* Sources */,
				C23C048E1B847B29004FB445 /* Frameworks */,
				C23C048F1B847B29004FB445 /* Resources */,
			);
			buildRules = (
			);
			dependencies = (
			);
			name = Sight;
			productName = Sight;
			productReference = C23C04911B847B29004FB445 /* Sight.app */;
			productType = "com.apple.product-type.application";
		};
		C23C04AC1B847B29004FB445 /* SightTests */ = {
			isa = PBXNativeTarget;
			buildConfigurationList = C23C04BA1B847B29004FB445 /* Build configuration list for PBXNativeTarget "SightTests" */;
			buildPhases = (
				C23C04A91B847B29004FB445 /* Sources */,
				C23C04AA1B847B29004FB445 /* Frameworks */,
				C23C04AB1B847B29004FB445 /* Resources */,
			);
			buildRules = (
			);
			dependencies = (
				C23C04AF1B847B29004FB445 /* PBXTargetDependency */,
			);
			name = SightTests;
			productName = SightTests;
			productReference = C23C04AD1B847B29004FB445 /* SightTests.xctest */;
			productType = "com.apple.product-type.bundle.unit-test";
		};
/* End PBXNativeTarget section */

/* Begin PBXProject section */
		C23C04891B847B29004FB445 /* Project object */ = {
			isa = PBXProject;
			attributes = {
				LastUpgradeCheck = 0630;
				ORGANIZATIONNAME = lanou3g;
				TargetAttributes = {
					C23C04901B847B29004FB445 = {
						CreatedOnToolsVersion = 6.3.2;
					};
					C23C04AC1B847B29004FB445 = {
						CreatedOnToolsVersion = 6.3.2;
						TestTargetID = C23C04901B847B29004FB445;
					};
				};
			};
			buildConfigurationList = C23C048C1B847B29004FB445 /* Build configuration list for PBXProject "Sight" */;
			compatibilityVersion = "Xcode 3.2";
			developmentRegion = English;
			hasScannedForEncodings = 0;
			knownRegions = (
				en,
				Base,
			);
			mainGroup = C23C04881B847B29004FB445;
			productRefGroup = C23C04921B847B29004FB445 /* Products */;
			projectDirPath = "";
			projectRoot = "";
			targets = (
				C23C04901B847B29004FB445 /* Sight */,
				C23C04AC1B847B29004FB445 /* SightTests */,
			);
		};
/* End PBXProject section */

/* Begin PBXResourcesBuildPhase section */
		C23C048F1B847B29004FB445 /* Resources */ = {
			isa = PBXResourcesBuildPhase;
			buildActionMask = 2147483647;
			files = (
				C2A8A5C81B856B0500D00A72 /* UserViewController.xib in Resources */,
				C24F18001B85B40D00492E5D /* xiaohe.jpg in Resources */,
				C23C04A31B847B29004FB445 /* Main.storyboard in Resources */,
				C23C04D21B84AB5A004FB445 /* BookViewController.xib in Resources */,
				C23C04DC1B84AB7D004FB445 /* VideoViewController.xib in Resources */,
				C23C04D71B84AB68004FB445 /* NewsViewController.xib in Resources */,
				C24F17FE1B85A8A700492E5D /* VideoCell.xib in Resources */,
				C23C04A81B847B29004FB445 /* LaunchScreen.xib in Resources */,
				C24F18CB1B860CA500492E5D /* MJRefresh.bundle in Resources */,
				C23C04A51B847B29004FB445 /* Images.xcassets in Resources */,
			);
			runOnlyForDeploymentPostprocessing = 0;
		};
		C23C04AB1B847B29004FB445 /* Resources */ = {
			isa = PBXResourcesBuildPhase;
			buildActionMask = 2147483647;
			files = (
			);
			runOnlyForDeploymentPostprocessing = 0;
		};
/* End PBXResourcesBuildPhase section */

/* Begin PBXSourcesBuildPhase section */
		C23C048D1B847B29004FB445 /* Sources */ = {
			isa = PBXSourcesBuildPhase;
			buildActionMask = 2147483647;
			files = (
				C24F18331B85C61700492E5D /* UIImage+GIF.m in Sources */,
				C23C04D11B84AB5A004FB445 /* BookViewController.m in Sources */,
				C24F18311B85C61700492E5D /* SDWebImagePrefetcher.m in Sources */,
				C24F18CD1B860CA500492E5D /* UIScrollView+MJExtension.m in Sources */,
				C24F18061B85BC1E00492E5D /* VideoModel.m in Sources */,
				C24F17FD1B85A8A700492E5D /* VideoCell.m in Sources */,
				C24F18C31B860CA500492E5D /* MJRefreshAutoNormalFooter.m in Sources */,
				C24F182A1B85C61700492E5D /* NSData+ImageContentType.m in Sources */,
				C24F18CE1B860CA500492E5D /* UIScrollView+MJRefresh.m in Sources */,
				C23C04971B847B29004FB445 /* main.m in Sources */,
				C24F184E1B85E82800492E5D /* TADotView.m in Sources */,
				C24F18CA1B860CA500492E5D /* MJRefreshStateHeader.m in Sources */,
				C24F18C01B860CA500492E5D /* MJRefreshFooter.m in Sources */,
				C23C049D1B847B29004FB445 /* Sight.xcdatamodeld in Sources */,
				C24F18C81B860CA500492E5D /* MJRefreshGifHeader.m in Sources */,
				C24F184D1B85E82800492E5D /* TAAnimatedDotView.m in Sources */,
				C24F18321B85C61700492E5D /* UIButton+WebCache.m in Sources */,
				C24F18501B85E82800492E5D /* SDCollectionViewCell.m in Sources */,
				C24F182F1B85C61700492E5D /* SDWebImageDownloaderOperation.m in Sources */,
				C24F18C61B860CA500492E5D /* MJRefreshBackNormalFooter.m in Sources */,
				C24F18291B85C61700492E5D /* MKAnnotationView+WebCache.m in Sources */,
				C24F182C1B85C61700492E5D /* SDWebImageCompat.m in Sources */,
				C23C04D61B84AB68004FB445 /* NewsViewController.m in Sources */,
				C24F18BE1B860CA500492E5D /* MJRefreshBackFooter.m in Sources */,
				C24F18341B85C61700492E5D /* UIImage+MultiFormat.m in Sources */,
				C24F184B1B85E82800492E5D /* NSData+SDDataCache.m in Sources */,
				C24F18CC1B860CA500492E5D /* MJRefreshConst.m in Sources */,
				C24F18371B85C61700492E5D /* UIImageView+WebCache.m in Sources */,
				C24F18C21B860CA500492E5D /* MJRefreshAutoGifFooter.m in Sources */,
				C23C04DB1B84AB7D004FB445 /* VideoViewController.m in Sources */,
				C24F18381B85C61700492E5D /* UIView+WebCacheOperation.m in Sources */,
				C2A8A5C71B856B0500D00A72 /* UserViewController.m in Sources */,
				C23C04CD1B84AA42004FB445 /* RootViewController.m in Sources */,
				C24F18CF1B860CA500492E5D /* UIView+MJExtension.m in Sources */,
				C24F18C51B860CA500492E5D /* MJRefreshBackGifFooter.m in Sources */,
				C24F18BF1B860CA500492E5D /* MJRefreshComponent.m in Sources */,
				C24F184C1B85E82800492E5D /* TAAbstractDotView.m in Sources */,
				C24F182E1B85C61700492E5D /* SDWebImageDownloader.m in Sources */,
				C24F18361B85C61700492E5D /* UIImageView+HighlightedWebCache.m in Sources */,
				C24F182D1B85C61700492E5D /* SDWebImageDecoder.m in Sources */,
				C24F18351B85C61700492E5D /* UIImage+WebP.m in Sources */,
				C24F18521B85E82800492E5D /* UIView+SDExtension.m in Sources */,
				C24F18301B85C61700492E5D /* SDWebImageManager.m in Sources */,
				C23C04CA1B84AA07004FB445 /* AppDelegate.m in Sources */,
				C24F184F1B85E82800492E5D /* TAPageControl.m in Sources */,
				C24F18C11B860CA500492E5D /* MJRefreshHeader.m in Sources */,
				C24F18C71B860CA500492E5D /* MJRefreshBackStateFooter.m in Sources */,
				C24F18C91B860CA500492E5D /* MJRefreshNormalHeader.m in Sources */,
				C24F18031B85B91800492E5D /* VideoManager.m in Sources */,
				C24F182B1B85C61700492E5D /* SDImageCache.m in Sources */,
				C24F18BD1B860CA500492E5D /* MJRefreshAutoFooter.m in Sources */,
				C24F18C41B860CA500492E5D /* MJRefreshAutoStateFooter.m in Sources */,
				C24F18511B85E82800492E5D /* SDCycleScrollView.m in Sources */,
			);
			runOnlyForDeploymentPostprocessing = 0;
		};
		C23C04A91B847B29004FB445 /* Sources */ = {
			isa = PBXSourcesBuildPhase;
			buildActionMask = 2147483647;
			files = (
				C23C04B41B847B29004FB445 /* SightTests.m in Sources */,
			);
			runOnlyForDeploymentPostprocessing = 0;
		};
/* End PBXSourcesBuildPhase section */

/* Begin PBXTargetDependency section */
		C23C04AF1B847B29004FB445 /* PBXTargetDependency */ = {
			isa = PBXTargetDependency;
			target = C23C04901B847B29004FB445 /* Sight */;
			targetProxy = C23C04AE1B847B29004FB445 /* PBXContainerItemProxy */;
		};
/* End PBXTargetDependency section */

/* Begin PBXVariantGroup section */
		C23C04A11B847B29004FB445 /* Main.storyboard */ = {
			isa = PBXVariantGroup;
			children = (
				C23C04A21B847B29004FB445 /* Base */,
			);
			name = Main.storyboard;
			sourceTree = "<group>";
		};
		C23C04A61B847B29004FB445 /* LaunchScreen.xib */ = {
			isa = PBXVariantGroup;
			children = (
				C23C04A71B847B29004FB445 /* Base */,
			);
			name = LaunchScreen.xib;
			sourceTree = "<group>";
		};
/* End PBXVariantGroup section */

/* Begin XCBuildConfiguration section */
		C23C04B51B847B29004FB445 /* Debug */ = {
			isa = XCBuildConfiguration;
			buildSettings = {
				ALWAYS_SEARCH_USER_PATHS = NO;
				CLANG_CXX_LANGUAGE_STANDARD = "gnu++0x";
				CLANG_CXX_LIBRARY = "libc++";
				CLANG_ENABLE_MODULES = YES;
				CLANG_ENABLE_OBJC_ARC = YES;
				CLANG_WARN_BOOL_CONVERSION = YES;
				CLANG_WARN_CONSTANT_CONVERSION = YES;
				CLANG_WARN_DIRECT_OBJC_ISA_USAGE = YES_ERROR;
				CLANG_WARN_EMPTY_BODY = YES;
				CLANG_WARN_ENUM_CONVERSION = YES;
				CLANG_WARN_INT_CONVERSION = YES;
				CLANG_WARN_OBJC_ROOT_CLASS = YES_ERROR;
				CLANG_WARN_UNREACHABLE_CODE = YES;
				CLANG_WARN__DUPLICATE_METHOD_MATCH = YES;
				"CODE_SIGN_IDENTITY[sdk=iphoneos*]" = "iPhone Developer";
				COPY_PHASE_STRIP = NO;
				DEBUG_INFORMATION_FORMAT = "dwarf-with-dsym";
				ENABLE_STRICT_OBJC_MSGSEND = YES;
				GCC_C_LANGUAGE_STANDARD = gnu99;
				GCC_DYNAMIC_NO_PIC = NO;
				GCC_NO_COMMON_BLOCKS = YES;
				GCC_OPTIMIZATION_LEVEL = 0;
				GCC_PREPROCESSOR_DEFINITIONS = (
					"DEBUG=1",
					"$(inherited)",
				);
				GCC_SYMBOLS_PRIVATE_EXTERN = NO;
				GCC_WARN_64_TO_32_BIT_CONVERSION = YES;
				GCC_WARN_ABOUT_RETURN_TYPE = YES_ERROR;
				GCC_WARN_UNDECLARED_SELECTOR = YES;
				GCC_WARN_UNINITIALIZED_AUTOS = YES_AGGRESSIVE;
				GCC_WARN_UNUSED_FUNCTION = YES;
				GCC_WARN_UNUSED_VARIABLE = YES;
				IPHONEOS_DEPLOYMENT_TARGET = 8.3;
				MTL_ENABLE_DEBUG_INFO = YES;
				ONLY_ACTIVE_ARCH = YES;
				SDKROOT = iphoneos;
				TARGETED_DEVICE_FAMILY = "1,2";
			};
			name = Debug;
		};
		C23C04B61B847B29004FB445 /* Release */ = {
			isa = XCBuildConfiguration;
			buildSettings = {
				ALWAYS_SEARCH_USER_PATHS = NO;
				CLANG_CXX_LANGUAGE_STANDARD = "gnu++0x";
				CLANG_CXX_LIBRARY = "libc++";
				CLANG_ENABLE_MODULES = YES;
				CLANG_ENABLE_OBJC_ARC = YES;
				CLANG_WARN_BOOL_CONVERSION = YES;
				CLANG_WARN_CONSTANT_CONVERSION = YES;
				CLANG_WARN_DIRECT_OBJC_ISA_USAGE = YES_ERROR;
				CLANG_WARN_EMPTY_BODY = YES;
				CLANG_WARN_ENUM_CONVERSION = YES;
				CLANG_WARN_INT_CONVERSION = YES;
				CLANG_WARN_OBJC_ROOT_CLASS = YES_ERROR;
				CLANG_WARN_UNREACHABLE_CODE = YES;
				CLANG_WARN__DUPLICATE_METHOD_MATCH = YES;
				"CODE_SIGN_IDENTITY[sdk=iphoneos*]" = "iPhone Developer";
				COPY_PHASE_STRIP = NO;
				DEBUG_INFORMATION_FORMAT = "dwarf-with-dsym";
				ENABLE_NS_ASSERTIONS = NO;
				ENABLE_STRICT_OBJC_MSGSEND = YES;
				GCC_C_LANGUAGE_STANDARD = gnu99;
				GCC_NO_COMMON_BLOCKS = YES;
				GCC_WARN_64_TO_32_BIT_CONVERSION = YES;
				GCC_WARN_ABOUT_RETURN_TYPE = YES_ERROR;
				GCC_WARN_UNDECLARED_SELECTOR = YES;
				GCC_WARN_UNINITIALIZED_AUTOS = YES_AGGRESSIVE;
				GCC_WARN_UNUSED_FUNCTION = YES;
				GCC_WARN_UNUSED_VARIABLE = YES;
				IPHONEOS_DEPLOYMENT_TARGET = 8.3;
				MTL_ENABLE_DEBUG_INFO = NO;
				SDKROOT = iphoneos;
				TARGETED_DEVICE_FAMILY = "1,2";
				VALIDATE_PRODUCT = YES;
			};
			name = Release;
		};
		C23C04B81B847B29004FB445 /* Debug */ = {
			isa = XCBuildConfiguration;
			buildSettings = {
				ASSETCATALOG_COMPILER_APPICON_NAME = AppIcon;
				GCC_PREFIX_HEADER = Sight/Classes/Macro/PrefixHeader.pch;
				INFOPLIST_FILE = Sight/Info.plist;
				LD_RUNPATH_SEARCH_PATHS = "$(inherited) @executable_path/Frameworks";
				PRODUCT_NAME = "$(TARGET_NAME)";
			};
			name = Debug;
		};
		C23C04B91B847B29004FB445 /* Release */ = {
			isa = XCBuildConfiguration;
			buildSettings = {
				ASSETCATALOG_COMPILER_APPICON_NAME = AppIcon;
				GCC_PREFIX_HEADER = Sight/Classes/Macro/PrefixHeader.pch;
				INFOPLIST_FILE = Sight/Info.plist;
				LD_RUNPATH_SEARCH_PATHS = "$(inherited) @executable_path/Frameworks";
				PRODUCT_NAME = "$(TARGET_NAME)";
			};
			name = Release;
		};
		C23C04BB1B847B29004FB445 /* Debug */ = {
			isa = XCBuildConfiguration;
			buildSettings = {
				BUNDLE_LOADER = "$(TEST_HOST)";
				FRAMEWORK_SEARCH_PATHS = (
					"$(SDKROOT)/Developer/Library/Frameworks",
					"$(inherited)",
				);
				GCC_PREPROCESSOR_DEFINITIONS = (
					"DEBUG=1",
					"$(inherited)",
				);
				INFOPLIST_FILE = SightTests/Info.plist;
				LD_RUNPATH_SEARCH_PATHS = "$(inherited) @executable_path/Frameworks @loader_path/Frameworks";
				PRODUCT_NAME = "$(TARGET_NAME)";
				TEST_HOST = "$(BUILT_PRODUCTS_DIR)/Sight.app/Sight";
			};
			name = Debug;
		};
		C23C04BC1B847B29004FB445 /* Release */ = {
			isa = XCBuildConfiguration;
			buildSettings = {
				BUNDLE_LOADER = "$(TEST_HOST)";
				FRAMEWORK_SEARCH_PATHS = (
					"$(SDKROOT)/Developer/Library/Frameworks",
					"$(inherited)",
				);
				INFOPLIST_FILE = SightTests/Info.plist;
				LD_RUNPATH_SEARCH_PATHS = "$(inherited) @executable_path/Frameworks @loader_path/Frameworks";
				PRODUCT_NAME = "$(TARGET_NAME)";
				TEST_HOST = "$(BUILT_PRODUCTS_DIR)/Sight.app/Sight";
			};
			name = Release;
		};
/* End XCBuildConfiguration section */

/* Begin XCConfigurationList section */
		C23C048C1B847B29004FB445 /* Build configuration list for PBXProject "Sight" */ = {
			isa = XCConfigurationList;
			buildConfigurations = (
				C23C04B51B847B29004FB445 /* Debug */,
				C23C04B61B847B29004FB445 /* Release */,
			);
			defaultConfigurationIsVisible = 0;
			defaultConfigurationName = Release;
		};
		C23C04B71B847B29004FB445 /* Build configuration list for PBXNativeTarget "Sight" */ = {
			isa = XCConfigurationList;
			buildConfigurations = (
				C23C04B81B847B29004FB445 /* Debug */,
				C23C04B91B847B29004FB445 /* Release */,
			);
			defaultConfigurationIsVisible = 0;
			defaultConfigurationName = Release;
		};
		C23C04BA1B847B29004FB445 /* Build configuration list for PBXNativeTarget "SightTests" */ = {
			isa = XCConfigurationList;
			buildConfigurations = (
				C23C04BB1B847B29004FB445 /* Debug */,
				C23C04BC1B847B29004FB445 /* Release */,
			);
			defaultConfigurationIsVisible = 0;
			defaultConfigurationName = Release;
		};
/* End XCConfigurationList section */

/* Begin XCVersionGroup section */
		C23C049B1B847B29004FB445 /* Sight.xcdatamodeld */ = {
			isa = XCVersionGroup;
			children = (
				C23C049C1B847B29004FB445 /* Sight.xcdatamodel */,
			);
			currentVersion = C23C049C1B847B29004FB445 /* Sight.xcdatamodel */;
			path = Sight.xcdatamodeld;
			sourceTree = "<group>";
			versionGroupType = wrapper.xcdatamodel;
		};
/* End XCVersionGroup section */
	};
	rootObject = C23C04891B847B29004FB445 /* Project object */;
}
