// !$*UTF8*$!
{
	archiveVersion = 1;
	classes = {
	};
	objectVersion = 46;
	objects = {

/* Begin PBXBuildFile section */
		C23C04971B847B29004FB445 /* main.m in Sources */ = {isa = PBXBuildFile; fileRef = C23C04961B847B29004FB445 /* main.m */; };
		C23C049D1B847B29004FB445 /* Sight.xcdatamodeld in Sources */ = {isa = PBXBuildFile; fileRef = C23C049B1B847B29004FB445 /* Sight.xcdatamodeld */; };
		C23C04A31B847B29004FB445 /* Main.storyboard in Resources */ = {isa = PBXBuildFile; fileRef = C23C04A11B847B29004FB445 /* Main.storyboard */; };
		C23C04A51B847B29004FB445 /* Images.xcassets in Resources */ = {isa = PBXBuildFile; fileRef = C23C04A41B847B29004FB445 /* Images.xcassets */; };
		C23C04A81B847B29004FB445 /* LaunchScreen.xib in Resources */ = {isa = PBXBuildFile; fileRef = C23C04A61B847B29004FB445 /* LaunchScreen.xib */; };
		C23C04B41B847B29004FB445 /* SightTests.m in Sources */ = {isa = PBXBuildFile; fileRef = C23C04B31B847B29004FB445 /* SightTests.m */; };
		C23C04CA1B84AA07004FB445 /* AppDelegate.m in Sources */ = {isa = PBXBuildFile; fileRef = C23C04C01B84AA07004FB445 /* AppDelegate.m */; };
		C23C04CD1B84AA42004FB445 /* RootViewController.m in Sources */ = {isa = PBXBuildFile; fileRef = C23C04CC1B84AA42004FB445 /* RootViewController.m */; };
		C23C04D11B84AB5A004FB445 /* BookViewController.m in Sources */ = {isa = PBXBuildFile; fileRef = C23C04CF1B84AB5A004FB445 /* BookViewController.m */; };
		C23C04D21B84AB5A004FB445 /* BookViewController.xib in Resources */ = {isa = PBXBuildFile; fileRef = C23C04D01B84AB5A004FB445 /* BookViewController.xib */; };
		C23C04D61B84AB68004FB445 /* NewsViewController.m in Sources */ = {isa = PBXBuildFile; fileRef = C23C04D41B84AB68004FB445 /* NewsViewController.m */; };
		C23C04D71B84AB68004FB445 /* NewsViewController.xib in Resources */ = {isa = PBXBuildFile; fileRef = C23C04D51B84AB68004FB445 /* NewsViewController.xib */; };
		C23C04DB1B84AB7D004FB445 /* VideoViewController.m in Sources */ = {isa = PBXBuildFile; fileRef = C23C04D91B84AB7D004FB445 /* VideoViewController.m */; };
		C23C04DC1B84AB7D004FB445 /* VideoViewController.xib in Resources */ = {isa = PBXBuildFile; fileRef = C23C04DA1B84AB7D004FB445 /* VideoViewController.xib */; };
		C26B1F481B85B8AA00D6047D /* DataModel.m in Sources */ = {isa = PBXBuildFile; fileRef = C26B1F471B85B8AA00D6047D /* DataModel.m */; };
		C26B1F6B1B85C54000D6047D /* MKAnnotationView+WebCache.m in Sources */ = {isa = PBXBuildFile; fileRef = C26B1F4B1B85C54000D6047D /* MKAnnotationView+WebCache.m */; };
		C26B1F6C1B85C54000D6047D /* NSData+ImageContentType.m in Sources */ = {isa = PBXBuildFile; fileRef = C26B1F4D1B85C54000D6047D /* NSData+ImageContentType.m */; };
		C26B1F6D1B85C54000D6047D /* SDImageCache.m in Sources */ = {isa = PBXBuildFile; fileRef = C26B1F4F1B85C54000D6047D /* SDImageCache.m */; };
		C26B1F6E1B85C54000D6047D /* SDWebImageCompat.m in Sources */ = {isa = PBXBuildFile; fileRef = C26B1F511B85C54000D6047D /* SDWebImageCompat.m */; };
		C26B1F6F1B85C54000D6047D /* SDWebImageDecoder.m in Sources */ = {isa = PBXBuildFile; fileRef = C26B1F531B85C54000D6047D /* SDWebImageDecoder.m */; };
		C26B1F701B85C54000D6047D /* SDWebImageDownloader.m in Sources */ = {isa = PBXBuildFile; fileRef = C26B1F551B85C54000D6047D /* SDWebImageDownloader.m */; };
		C26B1F711B85C54000D6047D /* SDWebImageDownloaderOperation.m in Sources */ = {isa = PBXBuildFile; fileRef = C26B1F571B85C54000D6047D /* SDWebImageDownloaderOperation.m */; };
		C26B1F721B85C54000D6047D /* SDWebImageManager.m in Sources */ = {isa = PBXBuildFile; fileRef = C26B1F591B85C54000D6047D /* SDWebImageManager.m */; };
		C26B1F731B85C54000D6047D /* SDWebImagePrefetcher.m in Sources */ = {isa = PBXBuildFile; fileRef = C26B1F5C1B85C54000D6047D /* SDWebImagePrefetcher.m */; };
		C26B1F741B85C54000D6047D /* UIButton+WebCache.m in Sources */ = {isa = PBXBuildFile; fileRef = C26B1F5E1B85C54000D6047D /* UIButton+WebCache.m */; };
		C26B1F751B85C54000D6047D /* UIImage+GIF.m in Sources */ = {isa = PBXBuildFile; fileRef = C26B1F601B85C54000D6047D /* UIImage+GIF.m */; };
		C26B1F761B85C54000D6047D /* UIImage+MultiFormat.m in Sources */ = {isa = PBXBuildFile; fileRef = C26B1F621B85C54000D6047D /* UIImage+MultiFormat.m */; };
		C26B1F771B85C54000D6047D /* UIImage+WebP.m in Sources */ = {isa = PBXBuildFile; fileRef = C26B1F641B85C54000D6047D /* UIImage+WebP.m */; };
		C26B1F781B85C54000D6047D /* UIImageView+HighlightedWebCache.m in Sources */ = {isa = PBXBuildFile; fileRef = C26B1F661B85C54000D6047D /* UIImageView+HighlightedWebCache.m */; };
		C26B1F791B85C54000D6047D /* UIImageView+WebCache.m in Sources */ = {isa = PBXBuildFile; fileRef = C26B1F681B85C54000D6047D /* UIImageView+WebCache.m */; };
		C26B1F7A1B85C54000D6047D /* UIView+WebCacheOperation.m in Sources */ = {isa = PBXBuildFile; fileRef = C26B1F6A1B85C54000D6047D /* UIView+WebCacheOperation.m */; };
		C26B1FDB1B85E8FC00D6047D /* NSData+SDDataCache.m in Sources */ = {isa = PBXBuildFile; fileRef = C26B1FCB1B85E8FC00D6047D /* NSData+SDDataCache.m */; };
		C26B1FDC1B85E8FC00D6047D /* TAAbstractDotView.m in Sources */ = {isa = PBXBuildFile; fileRef = C26B1FCE1B85E8FC00D6047D /* TAAbstractDotView.m */; };
		C26B1FDD1B85E8FC00D6047D /* TAAnimatedDotView.m in Sources */ = {isa = PBXBuildFile; fileRef = C26B1FD01B85E8FC00D6047D /* TAAnimatedDotView.m */; };
		C26B1FDE1B85E8FC00D6047D /* TADotView.m in Sources */ = {isa = PBXBuildFile; fileRef = C26B1FD21B85E8FC00D6047D /* TADotView.m */; };
		C26B1FDF1B85E8FC00D6047D /* TAPageControl.m in Sources */ = {isa = PBXBuildFile; fileRef = C26B1FD41B85E8FC00D6047D /* TAPageControl.m */; };
		C26B1FE01B85E8FC00D6047D /* SDCollectionViewCell.m in Sources */ = {isa = PBXBuildFile; fileRef = C26B1FD61B85E8FC00D6047D /* SDCollectionViewCell.m */; };
		C26B1FE11B85E8FC00D6047D /* SDCycleScrollView.m in Sources */ = {isa = PBXBuildFile; fileRef = C26B1FD81B85E8FC00D6047D /* SDCycleScrollView.m */; };
		C26B1FE21B85E8FC00D6047D /* UIView+SDExtension.m in Sources */ = {isa = PBXBuildFile; fileRef = C26B1FDA1B85E8FC00D6047D /* UIView+SDExtension.m */; };
		C2877BAE1B881C74007067E6 /* NewListWithoutImageCell.m in Sources */ = {isa = PBXBuildFile; fileRef = C2877BAC1B881C74007067E6 /* NewListWithoutImageCell.m */; };
		C2877BAF1B881C74007067E6 /* NewListWithoutImageCell.xib in Resources */ = {isa = PBXBuildFile; fileRef = C2877BAD1B881C74007067E6 /* NewListWithoutImageCell.xib */; };
		C2877BB31B886C23007067E6 /* 1.jpg in Resources */ = {isa = PBXBuildFile; fileRef = C2877BB21B886C23007067E6 /* 1.jpg */; };
		C2A76D921B8710AF0088C6EF /* NewListViewController.m in Sources */ = {isa = PBXBuildFile; fileRef = C2A76D901B8710AF0088C6EF /* NewListViewController.m */; };
		C2A76D931B8710AF0088C6EF /* NewListViewController.xib in Resources */ = {isa = PBXBuildFile; fileRef = C2A76D911B8710AF0088C6EF /* NewListViewController.xib */; };
		C2A76D971B87155A0088C6EF /* NewListTableViewCell.m in Sources */ = {isa = PBXBuildFile; fileRef = C2A76D951B87155A0088C6EF /* NewListTableViewCell.m */; };
		C2A76D981B87155A0088C6EF /* NewListTableViewCell.xib in Resources */ = {isa = PBXBuildFile; fileRef = C2A76D961B87155A0088C6EF /* NewListTableViewCell.xib */; };
		C2A76D9B1B8719560088C6EF /* CellModel.m in Sources */ = {isa = PBXBuildFile; fileRef = C2A76D9A1B8719560088C6EF /* CellModel.m */; };
		C2A76DA01B8756FC0088C6EF /* NewsDetailViewController.m in Sources */ = {isa = PBXBuildFile; fileRef = C2A76D9E1B8756FC0088C6EF /* NewsDetailViewController.m */; };
		C2A76DA11B8756FC0088C6EF /* NewsDetailViewController.xib in Resources */ = {isa = PBXBuildFile; fileRef = C2A76D9F1B8756FC0088C6EF /* NewsDetailViewController.xib */; };
		C2A8A5C71B856B0500D00A72 /* UserViewController.m in Sources */ = {isa = PBXBuildFile; fileRef = C2A8A5C51B856B0500D00A72 /* UserViewController.m */; };
		C2A8A5C81B856B0500D00A72 /* UserViewController.xib in Resources */ = {isa = PBXBuildFile; fileRef = C2A8A5C61B856B0500D00A72 /* UserViewController.xib */; };
/* End PBXBuildFile section */

/* Begin PBXContainerItemProxy section */
		C23C04AE1B847B29004FB445 /* PBXContainerItemProxy */ = {
			isa = PBXContainerItemProxy;
			containerPortal = C23C04891B847B29004FB445 /* Project object */;
			proxyType = 1;
			remoteGlobalIDString = C23C04901B847B29004FB445;
			remoteInfo = Sight;
		};
/* End PBXContainerItemProxy section */

/* Begin PBXFileReference section */
		C23C04911B847B29004FB445 /* Sight.app */ = {isa = PBXFileReference; explicitFileType = wrapper.application; includeInIndex = 0; path = Sight.app; sourceTree = BUILT_PRODUCTS_DIR; };
		C23C04951B847B29004FB445 /* Info.plist */ = {isa = PBXFileReference; lastKnownFileType = text.plist.xml; path = Info.plist; sourceTree = "<group>"; };
		C23C04961B847B29004FB445 /* main.m */ = {isa = PBXFileReference; lastKnownFileType = sourcecode.c.objc; path = main.m; sourceTree = "<group>"; };
		C23C049C1B847B29004FB445 /* Sight.xcdatamodel */ = {isa = PBXFileReference; lastKnownFileType = wrapper.xcdatamodel; path = Sight.xcdatamodel; sourceTree = "<group>"; };
		C23C04A21B847B29004FB445 /* Base */ = {isa = PBXFileReference; lastKnownFileType = file.storyboard; name = Base; path = Base.lproj/Main.storyboard; sourceTree = "<group>"; };
		C23C04A41B847B29004FB445 /* Images.xcassets */ = {isa = PBXFileReference; lastKnownFileType = folder.assetcatalog; path = Images.xcassets; sourceTree = "<group>"; };
		C23C04A71B847B29004FB445 /* Base */ = {isa = PBXFileReference; lastKnownFileType = file.xib; name = Base; path = Base.lproj/LaunchScreen.xib; sourceTree = "<group>"; };
		C23C04AD1B847B29004FB445 /* SightTests.xctest */ = {isa = PBXFileReference; explicitFileType = wrapper.cfbundle; includeInIndex = 0; path = SightTests.xctest; sourceTree = BUILT_PRODUCTS_DIR; };
		C23C04B21B847B29004FB445 /* Info.plist */ = {isa = PBXFileReference; lastKnownFileType = text.plist.xml; path = Info.plist; sourceTree = "<group>"; };
		C23C04B31B847B29004FB445 /* SightTests.m */ = {isa = PBXFileReference; lastKnownFileType = sourcecode.c.objc; path = SightTests.m; sourceTree = "<group>"; };
		C23C04BF1B84AA07004FB445 /* AppDelegate.h */ = {isa = PBXFileReference; fileEncoding = 4; lastKnownFileType = sourcecode.c.h; path = AppDelegate.h; sourceTree = "<group>"; };
		C23C04C01B84AA07004FB445 /* AppDelegate.m */ = {isa = PBXFileReference; fileEncoding = 4; lastKnownFileType = sourcecode.c.objc; path = AppDelegate.m; sourceTree = "<group>"; };
		C23C04CB1B84AA42004FB445 /* RootViewController.h */ = {isa = PBXFileReference; fileEncoding = 4; lastKnownFileType = sourcecode.c.h; path = RootViewController.h; sourceTree = "<group>"; };
		C23C04CC1B84AA42004FB445 /* RootViewController.m */ = {isa = PBXFileReference; fileEncoding = 4; lastKnownFileType = sourcecode.c.objc; path = RootViewController.m; sourceTree = "<group>"; };
		C23C04CE1B84AB5A004FB445 /* BookViewController.h */ = {isa = PBXFileReference; fileEncoding = 4; lastKnownFileType = sourcecode.c.h; path = BookViewController.h; sourceTree = "<group>"; };
		C23C04CF1B84AB5A004FB445 /* BookViewController.m */ = {isa = PBXFileReference; fileEncoding = 4; lastKnownFileType = sourcecode.c.objc; path = BookViewController.m; sourceTree = "<group>"; };
		C23C04D01B84AB5A004FB445 /* BookViewController.xib */ = {isa = PBXFileReference; fileEncoding = 4; lastKnownFileType = file.xib; path = BookViewController.xib; sourceTree = "<group>"; };
		C23C04D31B84AB68004FB445 /* NewsViewController.h */ = {isa = PBXFileReference; fileEncoding = 4; lastKnownFileType = sourcecode.c.h; path = NewsViewController.h; sourceTree = "<group>"; };
		C23C04D41B84AB68004FB445 /* NewsViewController.m */ = {isa = PBXFileReference; fileEncoding = 4; lastKnownFileType = sourcecode.c.objc; path = NewsViewController.m; sourceTree = "<group>"; };
		C23C04D51B84AB68004FB445 /* NewsViewController.xib */ = {isa = PBXFileReference; fileEncoding = 4; lastKnownFileType = file.xib; path = NewsViewController.xib; sourceTree = "<group>"; };
		C23C04D81B84AB7D004FB445 /* VideoViewController.h */ = {isa = PBXFileReference; fileEncoding = 4; lastKnownFileType = sourcecode.c.h; path = VideoViewController.h; sourceTree = "<group>"; };
		C23C04D91B84AB7D004FB445 /* VideoViewController.m */ = {isa = PBXFileReference; fileEncoding = 4; lastKnownFileType = sourcecode.c.objc; path = VideoViewController.m; sourceTree = "<group>"; };
		C23C04DA1B84AB7D004FB445 /* VideoViewController.xib */ = {isa = PBXFileReference; fileEncoding = 4; lastKnownFileType = file.xib; path = VideoViewController.xib; sourceTree = "<group>"; };
		C23C04DD1B84ABA0004FB445 /* PrefixHeader.pch */ = {isa = PBXFileReference; lastKnownFileType = sourcecode.c.h; path = PrefixHeader.pch; sourceTree = "<group>"; };
		C26B1F461B85B8AA00D6047D /* DataModel.h */ = {isa = PBXFileReference; fileEncoding = 4; lastKnownFileType = sourcecode.c.h; path = DataModel.h; sourceTree = "<group>"; };
		C26B1F471B85B8AA00D6047D /* DataModel.m */ = {isa = PBXFileReference; fileEncoding = 4; lastKnownFileType = sourcecode.c.objc; path = DataModel.m; sourceTree = "<group>"; };
		C26B1F4A1B85C54000D6047D /* MKAnnotationView+WebCache.h */ = {isa = PBXFileReference; fileEncoding = 4; lastKnownFileType = sourcecode.c.h; path = "MKAnnotationView+WebCache.h"; sourceTree = "<group>"; };
		C26B1F4B1B85C54000D6047D /* MKAnnotationView+WebCache.m */ = {isa = PBXFileReference; fileEncoding = 4; lastKnownFileType = sourcecode.c.objc; path = "MKAnnotationView+WebCache.m"; sourceTree = "<group>"; };
		C26B1F4C1B85C54000D6047D /* NSData+ImageContentType.h */ = {isa = PBXFileReference; fileEncoding = 4; lastKnownFileType = sourcecode.c.h; path = "NSData+ImageContentType.h"; sourceTree = "<group>"; };
		C26B1F4D1B85C54000D6047D /* NSData+ImageContentType.m */ = {isa = PBXFileReference; fileEncoding = 4; lastKnownFileType = sourcecode.c.objc; path = "NSData+ImageContentType.m"; sourceTree = "<group>"; };
		C26B1F4E1B85C54000D6047D /* SDImageCache.h */ = {isa = PBXFileReference; fileEncoding = 4; lastKnownFileType = sourcecode.c.h; path = SDImageCache.h; sourceTree = "<group>"; };
		C26B1F4F1B85C54000D6047D /* SDImageCache.m */ = {isa = PBXFileReference; fileEncoding = 4; lastKnownFileType = sourcecode.c.objc; path = SDImageCache.m; sourceTree = "<group>"; };
		C26B1F501B85C54000D6047D /* SDWebImageCompat.h */ = {isa = PBXFileReference; fileEncoding = 4; lastKnownFileType = sourcecode.c.h; path = SDWebImageCompat.h; sourceTree = "<group>"; };
		C26B1F511B85C54000D6047D /* SDWebImageCompat.m */ = {isa = PBXFileReference; fileEncoding = 4; lastKnownFileType = sourcecode.c.objc; path = SDWebImageCompat.m; sourceTree = "<group>"; };
		C26B1F521B85C54000D6047D /* SDWebImageDecoder.h */ = {isa = PBXFileReference; fileEncoding = 4; lastKnownFileType = sourcecode.c.h; path = SDWebImageDecoder.h; sourceTree = "<group>"; };
		C26B1F531B85C54000D6047D /* SDWebImageDecoder.m */ = {isa = PBXFileReference; fileEncoding = 4; lastKnownFileType = sourcecode.c.objc; path = SDWebImageDecoder.m; sourceTree = "<group>"; };
		C26B1F541B85C54000D6047D /* SDWebImageDownloader.h */ = {isa = PBXFileReference; fileEncoding = 4; lastKnownFileType = sourcecode.c.h; path = SDWebImageDownloader.h; sourceTree = "<group>"; };
		C26B1F551B85C54000D6047D /* SDWebImageDownloader.m */ = {isa = PBXFileReference; fileEncoding = 4; lastKnownFileType = sourcecode.c.objc; path = SDWebImageDownloader.m; sourceTree = "<group>"; };
		C26B1F561B85C54000D6047D /* SDWebImageDownloaderOperation.h */ = {isa = PBXFileReference; fileEncoding = 4; lastKnownFileType = sourcecode.c.h; path = SDWebImageDownloaderOperation.h; sourceTree = "<group>"; };
		C26B1F571B85C54000D6047D /* SDWebImageDownloaderOperation.m */ = {isa = PBXFileReference; fileEncoding = 4; lastKnownFileType = sourcecode.c.objc; path = SDWebImageDownloaderOperation.m; sourceTree = "<group>"; };
		C26B1F581B85C54000D6047D /* SDWebImageManager.h */ = {isa = PBXFileReference; fileEncoding = 4; lastKnownFileType = sourcecode.c.h; path = SDWebImageManager.h; sourceTree = "<group>"; };
		C26B1F591B85C54000D6047D /* SDWebImageManager.m */ = {isa = PBXFileReference; fileEncoding = 4; lastKnownFileType = sourcecode.c.objc; path = SDWebImageManager.m; sourceTree = "<group>"; };
		C26B1F5A1B85C54000D6047D /* SDWebImageOperation.h */ = {isa = PBXFileReference; fileEncoding = 4; lastKnownFileType = sourcecode.c.h; path = SDWebImageOperation.h; sourceTree = "<group>"; };
		C26B1F5B1B85C54000D6047D /* SDWebImagePrefetcher.h */ = {isa = PBXFileReference; fileEncoding = 4; lastKnownFileType = sourcecode.c.h; path = SDWebImagePrefetcher.h; sourceTree = "<group>"; };
		C26B1F5C1B85C54000D6047D /* SDWebImagePrefetcher.m */ = {isa = PBXFileReference; fileEncoding = 4; lastKnownFileType = sourcecode.c.objc; path = SDWebImagePrefetcher.m; sourceTree = "<group>"; };
		C26B1F5D1B85C54000D6047D /* UIButton+WebCache.h */ = {isa = PBXFileReference; fileEncoding = 4; lastKnownFileType = sourcecode.c.h; path = "UIButton+WebCache.h"; sourceTree = "<group>"; };
		C26B1F5E1B85C54000D6047D /* UIButton+WebCache.m */ = {isa = PBXFileReference; fileEncoding = 4; lastKnownFileType = sourcecode.c.objc; path = "UIButton+WebCache.m"; sourceTree = "<group>"; };
		C26B1F5F1B85C54000D6047D /* UIImage+GIF.h */ = {isa = PBXFileReference; fileEncoding = 4; lastKnownFileType = sourcecode.c.h; path = "UIImage+GIF.h"; sourceTree = "<group>"; };
		C26B1F601B85C54000D6047D /* UIImage+GIF.m */ = {isa = PBXFileReference; fileEncoding = 4; lastKnownFileType = sourcecode.c.objc; path = "UIImage+GIF.m"; sourceTree = "<group>"; };
		C26B1F611B85C54000D6047D /* UIImage+MultiFormat.h */ = {isa = PBXFileReference; fileEncoding = 4; lastKnownFileType = sourcecode.c.h; path = "UIImage+MultiFormat.h"; sourceTree = "<group>"; };
		C26B1F621B85C54000D6047D /* UIImage+MultiFormat.m */ = {isa = PBXFileReference; fileEncoding = 4; lastKnownFileType = sourcecode.c.objc; path = "UIImage+MultiFormat.m"; sourceTree = "<group>"; };
		C26B1F631B85C54000D6047D /* UIImage+WebP.h */ = {isa = PBXFileReference; fileEncoding = 4; lastKnownFileType = sourcecode.c.h; path = "UIImage+WebP.h"; sourceTree = "<group>"; };
		C26B1F641B85C54000D6047D /* UIImage+WebP.m */ = {isa = PBXFileReference; fileEncoding = 4; lastKnownFileType = sourcecode.c.objc; path = "UIImage+WebP.m"; sourceTree = "<group>"; };
		C26B1F651B85C54000D6047D /* UIImageView+HighlightedWebCache.h */ = {isa = PBXFileReference; fileEncoding = 4; lastKnownFileType = sourcecode.c.h; path = "UIImageView+HighlightedWebCache.h"; sourceTree = "<group>"; };
		C26B1F661B85C54000D6047D /* UIImageView+HighlightedWebCache.m */ = {isa = PBXFileReference; fileEncoding = 4; lastKnownFileType = sourcecode.c.objc; path = "UIImageView+HighlightedWebCache.m"; sourceTree = "<group>"; };
		C26B1F671B85C54000D6047D /* UIImageView+WebCache.h */ = {isa = PBXFileReference; fileEncoding = 4; lastKnownFileType = sourcecode.c.h; path = "UIImageView+WebCache.h"; sourceTree = "<group>"; };
		C26B1F681B85C54000D6047D /* UIImageView+WebCache.m */ = {isa = PBXFileReference; fileEncoding = 4; lastKnownFileType = sourcecode.c.objc; path = "UIImageView+WebCache.m"; sourceTree = "<group>"; };
		C26B1F691B85C54000D6047D /* UIView+WebCacheOperation.h */ = {isa = PBXFileReference; fileEncoding = 4; lastKnownFileType = sourcecode.c.h; path = "UIView+WebCacheOperation.h"; sourceTree = "<group>"; };
		C26B1F6A1B85C54000D6047D /* UIView+WebCacheOperation.m */ = {isa = PBXFileReference; fileEncoding = 4; lastKnownFileType = sourcecode.c.objc; path = "UIView+WebCacheOperation.m"; sourceTree = "<group>"; };
		C26B1FCA1B85E8FC00D6047D /* NSData+SDDataCache.h */ = {isa = PBXFileReference; fileEncoding = 4; lastKnownFileType = sourcecode.c.h; path = "NSData+SDDataCache.h"; sourceTree = "<group>"; };
		C26B1FCB1B85E8FC00D6047D /* NSData+SDDataCache.m */ = {isa = PBXFileReference; fileEncoding = 4; lastKnownFileType = sourcecode.c.objc; path = "NSData+SDDataCache.m"; sourceTree = "<group>"; };
		C26B1FCD1B85E8FC00D6047D /* TAAbstractDotView.h */ = {isa = PBXFileReference; fileEncoding = 4; lastKnownFileType = sourcecode.c.h; path = TAAbstractDotView.h; sourceTree = "<group>"; };
		C26B1FCE1B85E8FC00D6047D /* TAAbstractDotView.m */ = {isa = PBXFileReference; fileEncoding = 4; lastKnownFileType = sourcecode.c.objc; path = TAAbstractDotView.m; sourceTree = "<group>"; };
		C26B1FCF1B85E8FC00D6047D /* TAAnimatedDotView.h */ = {isa = PBXFileReference; fileEncoding = 4; lastKnownFileType = sourcecode.c.h; path = TAAnimatedDotView.h; sourceTree = "<group>"; };
		C26B1FD01B85E8FC00D6047D /* TAAnimatedDotView.m */ = {isa = PBXFileReference; fileEncoding = 4; lastKnownFileType = sourcecode.c.objc; path = TAAnimatedDotView.m; sourceTree = "<group>"; };
		C26B1FD11B85E8FC00D6047D /* TADotView.h */ = {isa = PBXFileReference; fileEncoding = 4; lastKnownFileType = sourcecode.c.h; path = TADotView.h; sourceTree = "<group>"; };
		C26B1FD21B85E8FC00D6047D /* TADotView.m */ = {isa = PBXFileReference; fileEncoding = 4; lastKnownFileType = sourcecode.c.objc; path = TADotView.m; sourceTree = "<group>"; };
		C26B1FD31B85E8FC00D6047D /* TAPageControl.h */ = {isa = PBXFileReference; fileEncoding = 4; lastKnownFileType = sourcecode.c.h; path = TAPageControl.h; sourceTree = "<group>"; };
		C26B1FD41B85E8FC00D6047D /* TAPageControl.m */ = {isa = PBXFileReference; fileEncoding = 4; lastKnownFileType = sourcecode.c.objc; path = TAPageControl.m; sourceTree = "<group>"; };
		C26B1FD51B85E8FC00D6047D /* SDCollectionViewCell.h */ = {isa = PBXFileReference; fileEncoding = 4; lastKnownFileType = sourcecode.c.h; path = SDCollectionViewCell.h; sourceTree = "<group>"; };
		C26B1FD61B85E8FC00D6047D /* SDCollectionViewCell.m */ = {isa = PBXFileReference; fileEncoding = 4; lastKnownFileType = sourcecode.c.objc; path = SDCollectionViewCell.m; sourceTree = "<group>"; };
		C26B1FD71B85E8FC00D6047D /* SDCycleScrollView.h */ = {isa = PBXFileReference; fileEncoding = 4; lastKnownFileType = sourcecode.c.h; path = SDCycleScrollView.h; sourceTree = "<group>"; };
		C26B1FD81B85E8FC00D6047D /* SDCycleScrollView.m */ = {isa = PBXFileReference; fileEncoding = 4; lastKnownFileType = sourcecode.c.objc; path = SDCycleScrollView.m; sourceTree = "<group>"; };
		C26B1FD91B85E8FC00D6047D /* UIView+SDExtension.h */ = {isa = PBXFileReference; fileEncoding = 4; lastKnownFileType = sourcecode.c.h; path = "UIView+SDExtension.h"; sourceTree = "<group>"; };
		C26B1FDA1B85E8FC00D6047D /* UIView+SDExtension.m */ = {isa = PBXFileReference; fileEncoding = 4; lastKnownFileType = sourcecode.c.objc; path = "UIView+SDExtension.m"; sourceTree = "<group>"; };
		C2877BAB1B881C74007067E6 /* NewListWithoutImageCell.h */ = {isa = PBXFileReference; fileEncoding = 4; lastKnownFileType = sourcecode.c.h; path = NewListWithoutImageCell.h; sourceTree = "<group>"; };
		C2877BAC1B881C74007067E6 /* NewListWithoutImageCell.m */ = {isa = PBXFileReference; fileEncoding = 4; lastKnownFileType = sourcecode.c.objc; path = NewListWithoutImageCell.m; sourceTree = "<group>"; };
		C2877BAD1B881C74007067E6 /* NewListWithoutImageCell.xib */ = {isa = PBXFileReference; fileEncoding = 4; lastKnownFileType = file.xib; path = NewListWithoutImageCell.xib; sourceTree = "<group>"; };
		C2877BB21B886C23007067E6 /* 1.jpg */ = {isa = PBXFileReference; lastKnownFileType = image.jpeg; name = 1.jpg; path = ../AppDelegate/1.jpg; sourceTree = "<group>"; };
		C2A76D8F1B8710AF0088C6EF /* NewListViewController.h */ = {isa = PBXFileReference; fileEncoding = 4; lastKnownFileType = sourcecode.c.h; path = NewListViewController.h; sourceTree = "<group>"; };
		C2A76D901B8710AF0088C6EF /* NewListViewController.m */ = {isa = PBXFileReference; fileEncoding = 4; lastKnownFileType = sourcecode.c.objc; path = NewListViewController.m; sourceTree = "<group>"; };
		C2A76D911B8710AF0088C6EF /* NewListViewController.xib */ = {isa = PBXFileReference; fileEncoding = 4; lastKnownFileType = file.xib; path = NewListViewController.xib; sourceTree = "<group>"; };
		C2A76D941B87155A0088C6EF /* NewListTableViewCell.h */ = {isa = PBXFileReference; fileEncoding = 4; lastKnownFileType = sourcecode.c.h; path = NewListTableViewCell.h; sourceTree = "<group>"; };
		C2A76D951B87155A0088C6EF /* NewListTableViewCell.m */ = {isa = PBXFileReference; fileEncoding = 4; lastKnownFileType = sourcecode.c.objc; path = NewListTableViewCell.m; sourceTree = "<group>"; };
		C2A76D961B87155A0088C6EF /* NewListTableViewCell.xib */ = {isa = PBXFileReference; fileEncoding = 4; lastKnownFileType = file.xib; path = NewListTableViewCell.xib; sourceTree = "<group>"; };
		C2A76D991B8719560088C6EF /* CellModel.h */ = {isa = PBXFileReference; fileEncoding = 4; lastKnownFileType = sourcecode.c.h; path = CellModel.h; sourceTree = "<group>"; };
		C2A76D9A1B8719560088C6EF /* CellModel.m */ = {isa = PBXFileReference; fileEncoding = 4; lastKnownFileType = sourcecode.c.objc; path = CellModel.m; sourceTree = "<group>"; };
		C2A76D9D1B8756FC0088C6EF /* NewsDetailViewController.h */ = {isa = PBXFileReference; fileEncoding = 4; lastKnownFileType = sourcecode.c.h; path = NewsDetailViewController.h; sourceTree = "<group>"; };
		C2A76D9E1B8756FC0088C6EF /* NewsDetailViewController.m */ = {isa = PBXFileReference; fileEncoding = 4; lastKnownFileType = sourcecode.c.objc; path = NewsDetailViewController.m; sourceTree = "<group>"; };
		C2A76D9F1B8756FC0088C6EF /* NewsDetailViewController.xib */ = {isa = PBXFileReference; fileEncoding = 4; lastKnownFileType = file.xib; path = NewsDetailViewController.xib; sourceTree = "<group>"; };
		C2A8A5C41B856B0500D00A72 /* UserViewController.h */ = {isa = PBXFileReference; fileEncoding = 4; lastKnownFileType = sourcecode.c.h; path = UserViewController.h; sourceTree = "<group>"; };
		C2A8A5C51B856B0500D00A72 /* UserViewController.m */ = {isa = PBXFileReference; fileEncoding = 4; lastKnownFileType = sourcecode.c.objc; path = UserViewController.m; sourceTree = "<group>"; };
		C2A8A5C61B856B0500D00A72 /* UserViewController.xib */ = {isa = PBXFileReference; fileEncoding = 4; lastKnownFileType = file.xib; path = UserViewController.xib; sourceTree = "<group>"; };
/* End PBXFileReference section */

/* Begin PBXFrameworksBuildPhase section */
		C23C048E1B847B29004FB445 /* Frameworks */ = {
			isa = PBXFrameworksBuildPhase;
			buildActionMask = 2147483647;
			files = (
			);
			runOnlyForDeploymentPostprocessing = 0;
		};
		C23C04AA1B847B29004FB445 /* Frameworks */ = {
			isa = PBXFrameworksBuildPhase;
			buildActionMask = 2147483647;
			files = (
			);
			runOnlyForDeploymentPostprocessing = 0;
		};
/* End PBXFrameworksBuildPhase section */

/* Begin PBXGroup section */
		C23C04881B847B29004FB445 = {
			isa = PBXGroup;
			children = (
				C23C04931B847B29004FB445 /* Sight */,
				C23C04B01B847B29004FB445 /* SightTests */,
				C23C04921B847B29004FB445 /* Products */,
			);
			sourceTree = "<group>";
		};
		C23C04921B847B29004FB445 /* Products */ = {
			isa = PBXGroup;
			children = (
				C23C04911B847B29004FB445 /* Sight.app */,
				C23C04AD1B847B29004FB445 /* SightTests.xctest */,
			);
			name = Products;
			sourceTree = "<group>";
		};
		C23C04931B847B29004FB445 /* Sight */ = {
			isa = PBXGroup;
			children = (
				C23C04BD1B84AA07004FB445 /* Classes */,
				C23C04A11B847B29004FB445 /* Main.storyboard */,
				C23C04A41B847B29004FB445 /* Images.xcassets */,
				C23C04A61B847B29004FB445 /* LaunchScreen.xib */,
				C23C049B1B847B29004FB445 /* Sight.xcdatamodeld */,
				C23C04941B847B29004FB445 /* Supporting Files */,
			);
			path = Sight;
			sourceTree = "<group>";
		};
		C23C04941B847B29004FB445 /* Supporting Files */ = {
			isa = PBXGroup;
			children = (
				C23C04951B847B29004FB445 /* Info.plist */,
				C23C04961B847B29004FB445 /* main.m */,
			);
			name = "Supporting Files";
			sourceTree = "<group>";
		};
		C23C04B01B847B29004FB445 /* SightTests */ = {
			isa = PBXGroup;
			children = (
				C23C04B31B847B29004FB445 /* SightTests.m */,
				C23C04B11B847B29004FB445 /* Supporting Files */,
			);
			path = SightTests;
			sourceTree = "<group>";
		};
		C23C04B11B847B29004FB445 /* Supporting Files */ = {
			isa = PBXGroup;
			children = (
				C23C04B21B847B29004FB445 /* Info.plist */,
			);
			name = "Supporting Files";
			sourceTree = "<group>";
		};
		C23C04BD1B84AA07004FB445 /* Classes */ = {
			isa = PBXGroup;
			children = (
				C23C04BE1B84AA07004FB445 /* AppDelegate */,
				C23C04C81B84AA07004FB445 /* TabBarController */,
				C23C04C11B84AA07004FB445 /* Category */,
				C23C04C51B84AA07004FB445 /* Macro */,
				C23C04C61B84AA07004FB445 /* Manager */,
				C23C04C71B84AA07004FB445 /* Resource */,
				C23C04C91B84AA07004FB445 /* ThirdPartys */,
			);
			path = Classes;
			sourceTree = "<group>";
		};
		C23C04BE1B84AA07004FB445 /* AppDelegate */ = {
			isa = PBXGroup;
			children = (
				C23C04BF1B84AA07004FB445 /* AppDelegate.h */,
				C23C04C01B84AA07004FB445 /* AppDelegate.m */,
			);
			path = AppDelegate;
			sourceTree = "<group>";
		};
		C23C04C11B84AA07004FB445 /* Category */ = {
			isa = PBXGroup;
			children = (
				C2A8A5C31B856AE900D00A72 /* Users */,
				C23C04C21B84AA07004FB445 /* iBook */,
				C23C04C31B84AA07004FB445 /* News */,
				C23C04C41B84AA07004FB445 /* Video */,
			);
			path = Category;
			sourceTree = "<group>";
		};
		C23C04C21B84AA07004FB445 /* iBook */ = {
			isa = PBXGroup;
			children = (
				C23C04CE1B84AB5A004FB445 /* BookViewController.h */,
				C23C04CF1B84AB5A004FB445 /* BookViewController.m */,
				C23C04D01B84AB5A004FB445 /* BookViewController.xib */,
			);
			path = iBook;
			sourceTree = "<group>";
		};
		C23C04C31B84AA07004FB445 /* News */ = {
			isa = PBXGroup;
			children = (
				C2A76D9C1B8755B90088C6EF /* NewSDetail */,
				C2A76D8B1B870FD10088C6EF /* NewList */,
				C26B1F451B85730900D6047D /* NewHome */,
			);
			path = News;
			sourceTree = "<group>";
		};
		C23C04C41B84AA07004FB445 /* Video */ = {
			isa = PBXGroup;
			children = (
				C23C04D81B84AB7D004FB445 /* VideoViewController.h */,
				C23C04D91B84AB7D004FB445 /* VideoViewController.m */,
				C23C04DA1B84AB7D004FB445 /* VideoViewController.xib */,
			);
			path = Video;
			sourceTree = "<group>";
		};
		C23C04C51B84AA07004FB445 /* Macro */ = {
			isa = PBXGroup;
			children = (
				C23C04DD1B84ABA0004FB445 /* PrefixHeader.pch */,
			);
			path = Macro;
			sourceTree = "<group>";
		};
		C23C04C61B84AA07004FB445 /* Manager */ = {
			isa = PBXGroup;
			children = (
			);
			path = Manager;
			sourceTree = "<group>";
		};
		C23C04C71B84AA07004FB445 /* Resource */ = {
			isa = PBXGroup;
			children = (
				C2877BB21B886C23007067E6 /* 1.jpg */,
			);
			path = Resource;
			sourceTree = "<group>";
		};
		C23C04C81B84AA07004FB445 /* TabBarController */ = {
			isa = PBXGroup;
			children = (
				C23C04CB1B84AA42004FB445 /* RootViewController.h */,
				C23C04CC1B84AA42004FB445 /* RootViewController.m */,
			);
			path = TabBarController;
			sourceTree = "<group>";
		};
		C23C04C91B84AA07004FB445 /* ThirdPartys */ = {
			isa = PBXGroup;
			children = (
				C26B1FC91B85E8FC00D6047D /* SDCycleScrollView */,
				C26B1F491B85C54000D6047D /* SDWebImage */,
			);
			path = ThirdPartys;
			sourceTree = "<group>";
		};
		C26B1F421B8572DD00D6047D /* View */ = {
			isa = PBXGroup;
			children = (
			);
			name = View;
			sourceTree = "<group>";
		};
		C26B1F431B8572E400D6047D /* Model */ = {
			isa = PBXGroup;
			children = (
				C26B1F461B85B8AA00D6047D /* DataModel.h */,
				C26B1F471B85B8AA00D6047D /* DataModel.m */,
			);
			name = Model;
			sourceTree = "<group>";
		};
		C26B1F441B8572EB00D6047D /* ViewController */ = {
			isa = PBXGroup;
			children = (
			);
			name = ViewController;
			sourceTree = "<group>";
		};
		C26B1F451B85730900D6047D /* NewHome */ = {
			isa = PBXGroup;
			children = (
				C26B1F441B8572EB00D6047D /* ViewController */,
				C23C04D31B84AB68004FB445 /* NewsViewController.h */,
				C23C04D41B84AB68004FB445 /* NewsViewController.m */,
				C23C04D51B84AB68004FB445 /* NewsViewController.xib */,
				C26B1F431B8572E400D6047D /* Model */,
				C26B1F421B8572DD00D6047D /* View */,
			);
			name = NewHome;
			sourceTree = "<group>";
		};
		C26B1F491B85C54000D6047D /* SDWebImage */ = {
			isa = PBXGroup;
			children = (
				C26B1F4A1B85C54000D6047D /* MKAnnotationView+WebCache.h */,
				C26B1F4B1B85C54000D6047D /* MKAnnotationView+WebCache.m */,
				C26B1F4C1B85C54000D6047D /* NSData+ImageContentType.h */,
				C26B1F4D1B85C54000D6047D /* NSData+ImageContentType.m */,
				C26B1F4E1B85C54000D6047D /* SDImageCache.h */,
				C26B1F4F1B85C54000D6047D /* SDImageCache.m */,
				C26B1F501B85C54000D6047D /* SDWebImageCompat.h */,
				C26B1F511B85C54000D6047D /* SDWebImageCompat.m */,
				C26B1F521B85C54000D6047D /* SDWebImageDecoder.h */,
				C26B1F531B85C54000D6047D /* SDWebImageDecoder.m */,
				C26B1F541B85C54000D6047D /* SDWebImageDownloader.h */,
				C26B1F551B85C54000D6047D /* SDWebImageDownloader.m */,
				C26B1F561B85C54000D6047D /* SDWebImageDownloaderOperation.h */,
				C26B1F571B85C54000D6047D /* SDWebImageDownloaderOperation.m */,
				C26B1F581B85C54000D6047D /* SDWebImageManager.h */,
				C26B1F591B85C54000D6047D /* SDWebImageManager.m */,
				C26B1F5A1B85C54000D6047D /* SDWebImageOperation.h */,
				C26B1F5B1B85C54000D6047D /* SDWebImagePrefetcher.h */,
				C26B1F5C1B85C54000D6047D /* SDWebImagePrefetcher.m */,
				C26B1F5D1B85C54000D6047D /* UIButton+WebCache.h */,
				C26B1F5E1B85C54000D6047D /* UIButton+WebCache.m */,
				C26B1F5F1B85C54000D6047D /* UIImage+GIF.h */,
				C26B1F601B85C54000D6047D /* UIImage+GIF.m */,
				C26B1F611B85C54000D6047D /* UIImage+MultiFormat.h */,
				C26B1F621B85C54000D6047D /* UIImage+MultiFormat.m */,
				C26B1F631B85C54000D6047D /* UIImage+WebP.h */,
				C26B1F641B85C54000D6047D /* UIImage+WebP.m */,
				C26B1F651B85C54000D6047D /* UIImageView+HighlightedWebCache.h */,
				C26B1F661B85C54000D6047D /* UIImageView+HighlightedWebCache.m */,
				C26B1F671B85C54000D6047D /* UIImageView+WebCache.h */,
				C26B1F681B85C54000D6047D /* UIImageView+WebCache.m */,
				C26B1F691B85C54000D6047D /* UIView+WebCacheOperation.h */,
				C26B1F6A1B85C54000D6047D /* UIView+WebCacheOperation.m */,
			);
			name = SDWebImage;
			path = ../../../../../../SDWebImage;
			sourceTree = "<group>";
		};
		C26B1FC91B85E8FC00D6047D /* SDCycleScrollView */ = {
			isa = PBXGroup;
			children = (
				C26B1FCA1B85E8FC00D6047D /* NSData+SDDataCache.h */,
				C26B1FCB1B85E8FC00D6047D /* NSData+SDDataCache.m */,
				C26B1FCC1B85E8FC00D6047D /* PageControl */,
				C26B1FD51B85E8FC00D6047D /* SDCollectionViewCell.h */,
				C26B1FD61B85E8FC00D6047D /* SDCollectionViewCell.m */,
				C26B1FD71B85E8FC00D6047D /* SDCycleScrollView.h */,
				C26B1FD81B85E8FC00D6047D /* SDCycleScrollView.m */,
				C26B1FD91B85E8FC00D6047D /* UIView+SDExtension.h */,
				C26B1FDA1B85E8FC00D6047D /* UIView+SDExtension.m */,
			);
			name = SDCycleScrollView;
			path = ../AppDelegate/SDCycleScrollView;
			sourceTree = "<group>";
		};
		C26B1FCC1B85E8FC00D6047D /* PageControl */ = {
			isa = PBXGroup;
			children = (
				C26B1FCD1B85E8FC00D6047D /* TAAbstractDotView.h */,
				C26B1FCE1B85E8FC00D6047D /* TAAbstractDotView.m */,
				C26B1FCF1B85E8FC00D6047D /* TAAnimatedDotView.h */,
				C26B1FD01B85E8FC00D6047D /* TAAnimatedDotView.m */,
				C26B1FD11B85E8FC00D6047D /* TADotView.h */,
				C26B1FD21B85E8FC00D6047D /* TADotView.m */,
				C26B1FD31B85E8FC00D6047D /* TAPageControl.h */,
				C26B1FD41B85E8FC00D6047D /* TAPageControl.m */,
			);
			path = PageControl;
			sourceTree = "<group>";
		};
		C2A76D8B1B870FD10088C6EF /* NewList */ = {
			isa = PBXGroup;
			children = (
				C2A76D8E1B87102D0088C6EF /* View */,
				C2A76D8D1B87100C0088C6EF /* NewListViewController */,
				C2A76D8C1B870FEE0088C6EF /* Model */,
			);
			name = NewList;
			sourceTree = "<group>";
		};
		C2A76D8C1B870FEE0088C6EF /* Model */ = {
			isa = PBXGroup;
			children = (
				C2A76D991B8719560088C6EF /* CellModel.h */,
				C2A76D9A1B8719560088C6EF /* CellModel.m */,
			);
			name = Model;
			sourceTree = "<group>";
		};
		C2A76D8D1B87100C0088C6EF /* NewListViewController */ = {
			isa = PBXGroup;
			children = (
				C2A76D8F1B8710AF0088C6EF /* NewListViewController.h */,
				C2A76D901B8710AF0088C6EF /* NewListViewController.m */,
				C2A76D911B8710AF0088C6EF /* NewListViewController.xib */,
			);
			name = NewListViewController;
			sourceTree = "<group>";
		};
		C2A76D8E1B87102D0088C6EF /* View */ = {
			isa = PBXGroup;
			children = (
				C2A76D941B87155A0088C6EF /* NewListTableViewCell.h */,
				C2A76D951B87155A0088C6EF /* NewListTableViewCell.m */,
				C2A76D961B87155A0088C6EF /* NewListTableViewCell.xib */,
				C2877BAB1B881C74007067E6 /* NewListWithoutImageCell.h */,
				C2877BAC1B881C74007067E6 /* NewListWithoutImageCell.m */,
				C2877BAD1B881C74007067E6 /* NewListWithoutImageCell.xib */,
			);
			name = View;
			sourceTree = "<group>";
		};
		C2A76D9C1B8755B90088C6EF /* NewSDetail */ = {
			isa = PBXGroup;
			children = (
				C2A76D9D1B8756FC0088C6EF /* NewsDetailViewController.h */,
				C2A76D9E1B8756FC0088C6EF /* NewsDetailViewController.m */,
				C2A76D9F1B8756FC0088C6EF /* NewsDetailViewController.xib */,
			);
			name = NewSDetail;
			sourceTree = "<group>";
		};
		C2A8A5C31B856AE900D00A72 /* Users */ = {
			isa = PBXGroup;
			children = (
				C2A8A5C41B856B0500D00A72 /* UserViewController.h */,
				C2A8A5C51B856B0500D00A72 /* UserViewController.m */,
				C2A8A5C61B856B0500D00A72 /* UserViewController.xib */,
			);
			path = Users;
			sourceTree = "<group>";
		};
/* End PBXGroup section */

/* Begin PBXNativeTarget section */
		C23C04901B847B29004FB445 /* Sight */ = {
			isa = PBXNativeTarget;
			buildConfigurationList = C23C04B71B847B29004FB445 /* Build configuration list for PBXNativeTarget "Sight" */;
			buildPhases = (
				C23C048D1B847B29004FB445 /* Sources */,
				C23C048E1B847B29004FB445 /* Frameworks */,
				C23C048F1B847B29004FB445 /* Resources */,
			);
			buildRules = (
			);
			dependencies = (
			);
			name = Sight;
			productName = Sight;
			productReference = C23C04911B847B29004FB445 /* Sight.app */;
			productType = "com.apple.product-type.application";
		};
		C23C04AC1B847B29004FB445 /* SightTests */ = {
			isa = PBXNativeTarget;
			buildConfigurationList = C23C04BA1B847B29004FB445 /* Build configuration list for PBXNativeTarget "SightTests" */;
			buildPhases = (
				C23C04A91B847B29004FB445 /* Sources */,
				C23C04AA1B847B29004FB445 /* Frameworks */,
				C23C04AB1B847B29004FB445 /* Resources */,
			);
			buildRules = (
			);
			dependencies = (
				C23C04AF1B847B29004FB445 /* PBXTargetDependency */,
			);
			name = SightTests;
			productName = SightTests;
			productReference = C23C04AD1B847B29004FB445 /* SightTests.xctest */;
			productType = "com.apple.product-type.bundle.unit-test";
		};
/* End PBXNativeTarget section */

/* Begin PBXProject section */
		C23C04891B847B29004FB445 /* Project object */ = {
			isa = PBXProject;
			attributes = {
				LastUpgradeCheck = 0630;
				ORGANIZATIONNAME = lanou3g;
				TargetAttributes = {
					C23C04901B847B29004FB445 = {
						CreatedOnToolsVersion = 6.3.2;
					};
					C23C04AC1B847B29004FB445 = {
						CreatedOnToolsVersion = 6.3.2;
						TestTargetID = C23C04901B847B29004FB445;
					};
				};
			};
			buildConfigurationList = C23C048C1B847B29004FB445 /* Build configuration list for PBXProject "Sight" */;
			compatibilityVersion = "Xcode 3.2";
			developmentRegion = English;
			hasScannedForEncodings = 0;
			knownRegions = (
				en,
				Base,
			);
			mainGroup = C23C04881B847B29004FB445;
			productRefGroup = C23C04921B847B29004FB445 /* Products */;
			projectDirPath = "";
			projectRoot = "";
			targets = (
				C23C04901B847B29004FB445 /* Sight */,
				C23C04AC1B847B29004FB445 /* SightTests */,
			);
		};
/* End PBXProject section */

/* Begin PBXResourcesBuildPhase section */
		C23C048F1B847B29004FB445 /* Resources */ = {
			isa = PBXResourcesBuildPhase;
			buildActionMask = 2147483647;
			files = (
				C2A8A5C81B856B0500D00A72 /* UserViewController.xib in Resources */,
				C2A76D981B87155A0088C6EF /* NewListTableViewCell.xib in Resources */,
				C23C04A31B847B29004FB445 /* Main.storyboard in Resources */,
				C23C04D21B84AB5A004FB445 /* BookViewController.xib in Resources */,
				C23C04DC1B84AB7D004FB445 /* VideoViewController.xib in Resources */,
				C23C04D71B84AB68004FB445 /* NewsViewController.xib in Resources */,
				C2877BAF1B881C74007067E6 /* NewListWithoutImageCell.xib in Resources */,
				C2A76DA11B8756FC0088C6EF /* NewsDetailViewController.xib in Resources */,
				C23C04A81B847B29004FB445 /* LaunchScreen.xib in Resources */,
				C2877BB31B886C23007067E6 /* 1.jpg in Resources */,
				C23C04A51B847B29004FB445 /* Images.xcassets in Resources */,
				C2A76D931B8710AF0088C6EF /* NewListViewController.xib in Resources */,
			);
			runOnlyForDeploymentPostprocessing = 0;
		};
		C23C04AB1B847B29004FB445 /* Resources */ = {
			isa = PBXResourcesBuildPhase;
			buildActionMask = 2147483647;
			files = (
			);
			runOnlyForDeploymentPostprocessing = 0;
		};
/* End PBXResourcesBuildPhase section */

/* Begin PBXSourcesBuildPhase section */
		C23C048D1B847B29004FB445 /* Sources */ = {
			isa = PBXSourcesBuildPhase;
			buildActionMask = 2147483647;
			files = (
				C26B1F781B85C54000D6047D /* UIImageView+HighlightedWebCache.m in Sources */,
				C26B1F6F1B85C54000D6047D /* SDWebImageDecoder.m in Sources */,
				C26B1F791B85C54000D6047D /* UIImageView+WebCache.m in Sources */,
				C2A76D971B87155A0088C6EF /* NewListTableViewCell.m in Sources */,
				C23C04D11B84AB5A004FB445 /* BookViewController.m in Sources */,
				C26B1FE21B85E8FC00D6047D /* UIView+SDExtension.m in Sources */,
				C26B1F711B85C54000D6047D /* SDWebImageDownloaderOperation.m in Sources */,
				C26B1F721B85C54000D6047D /* SDWebImageManager.m in Sources */,
				C23C04971B847B29004FB445 /* main.m in Sources */,
				C26B1F481B85B8AA00D6047D /* DataModel.m in Sources */,
				C26B1FDD1B85E8FC00D6047D /* TAAnimatedDotView.m in Sources */,
				C2A76D9B1B8719560088C6EF /* CellModel.m in Sources */,
				C26B1F701B85C54000D6047D /* SDWebImageDownloader.m in Sources */,
				C26B1F6B1B85C54000D6047D /* MKAnnotationView+WebCache.m in Sources */,
				C26B1F6E1B85C54000D6047D /* SDWebImageCompat.m in Sources */,
				C26B1F731B85C54000D6047D /* SDWebImagePrefetcher.m in Sources */,
				C26B1F7A1B85C54000D6047D /* UIView+WebCacheOperation.m in Sources */,
				C26B1FDC1B85E8FC00D6047D /* TAAbstractDotView.m in Sources */,
				C26B1F761B85C54000D6047D /* UIImage+MultiFormat.m in Sources */,
				C23C049D1B847B29004FB445 /* Sight.xcdatamodeld in Sources */,
				C26B1FDF1B85E8FC00D6047D /* TAPageControl.m in Sources */,
				C23C04D61B84AB68004FB445 /* NewsViewController.m in Sources */,
				C26B1F741B85C54000D6047D /* UIButton+WebCache.m in Sources */,
				C23C04DB1B84AB7D004FB445 /* VideoViewController.m in Sources */,
				C26B1F6D1B85C54000D6047D /* SDImageCache.m in Sources */,
				C2877BAE1B881C74007067E6 /* NewListWithoutImageCell.m in Sources */,
				C26B1FDE1B85E8FC00D6047D /* TADotView.m in Sources */,
				C2A8A5C71B856B0500D00A72 /* UserViewController.m in Sources */,
				C23C04CD1B84AA42004FB445 /* RootViewController.m in Sources */,
				C23C04CA1B84AA07004FB445 /* AppDelegate.m in Sources */,
				C26B1FDB1B85E8FC00D6047D /* NSData+SDDataCache.m in Sources */,
				C26B1F751B85C54000D6047D /* UIImage+GIF.m in Sources */,
				C26B1F6C1B85C54000D6047D /* NSData+ImageContentType.m in Sources */,
				C26B1FE01B85E8FC00D6047D /* SDCollectionViewCell.m in Sources */,
				C2A76D921B8710AF0088C6EF /* NewListViewController.m in Sources */,
				C26B1F771B85C54000D6047D /* UIImage+WebP.m in Sources */,
				C26B1FE11B85E8FC00D6047D /* SDCycleScrollView.m in Sources */,
				C2A76DA01B8756FC0088C6EF /* NewsDetailViewController.m in Sources */,
			);
			runOnlyForDeploymentPostprocessing = 0;
		};
		C23C04A91B847B29004FB445 /* Sources */ = {
			isa = PBXSourcesBuildPhase;
			buildActionMask = 2147483647;
			files = (
				C23C04B41B847B29004FB445 /* SightTests.m in Sources */,
			);
			runOnlyForDeploymentPostprocessing = 0;
		};
/* End PBXSourcesBuildPhase section */

/* Begin PBXTargetDependency section */
		C23C04AF1B847B29004FB445 /* PBXTargetDependency */ = {
			isa = PBXTargetDependency;
			target = C23C04901B847B29004FB445 /* Sight */;
			targetProxy = C23C04AE1B847B29004FB445 /* PBXContainerItemProxy */;
		};
/* End PBXTargetDependency section */

/* Begin PBXVariantGroup section */
		C23C04A11B847B29004FB445 /* Main.storyboard */ = {
			isa = PBXVariantGroup;
			children = (
				C23C04A21B847B29004FB445 /* Base */,
			);
			name = Main.storyboard;
			sourceTree = "<group>";
		};
		C23C04A61B847B29004FB445 /* LaunchScreen.xib */ = {
			isa = PBXVariantGroup;
			children = (
				C23C04A71B847B29004FB445 /* Base */,
			);
			name = LaunchScreen.xib;
			sourceTree = "<group>";
		};
/* End PBXVariantGroup section */

/* Begin XCBuildConfiguration section */
		C23C04B51B847B29004FB445 /* Debug */ = {
			isa = XCBuildConfiguration;
			buildSettings = {
				ALWAYS_SEARCH_USER_PATHS = NO;
				CLANG_CXX_LANGUAGE_STANDARD = "gnu++0x";
				CLANG_CXX_LIBRARY = "libc++";
				CLANG_ENABLE_MODULES = YES;
				CLANG_ENABLE_OBJC_ARC = YES;
				CLANG_WARN_BOOL_CONVERSION = YES;
				CLANG_WARN_CONSTANT_CONVERSION = YES;
				CLANG_WARN_DIRECT_OBJC_ISA_USAGE = YES_ERROR;
				CLANG_WARN_EMPTY_BODY = YES;
				CLANG_WARN_ENUM_CONVERSION = YES;
				CLANG_WARN_INT_CONVERSION = YES;
				CLANG_WARN_OBJC_ROOT_CLASS = YES_ERROR;
				CLANG_WARN_UNREACHABLE_CODE = YES;
				CLANG_WARN__DUPLICATE_METHOD_MATCH = YES;
				"CODE_SIGN_IDENTITY[sdk=iphoneos*]" = "iPhone Developer";
				COPY_PHASE_STRIP = NO;
				DEBUG_INFORMATION_FORMAT = "dwarf-with-dsym";
				ENABLE_STRICT_OBJC_MSGSEND = YES;
				GCC_C_LANGUAGE_STANDARD = gnu99;
				GCC_DYNAMIC_NO_PIC = NO;
				GCC_NO_COMMON_BLOCKS = YES;
				GCC_OPTIMIZATION_LEVEL = 0;
				GCC_PREPROCESSOR_DEFINITIONS = (
					"DEBUG=1",
					"$(inherited)",
				);
				GCC_SYMBOLS_PRIVATE_EXTERN = NO;
				GCC_WARN_64_TO_32_BIT_CONVERSION = YES;
				GCC_WARN_ABOUT_RETURN_TYPE = YES_ERROR;
				GCC_WARN_UNDECLARED_SELECTOR = YES;
				GCC_WARN_UNINITIALIZED_AUTOS = YES_AGGRESSIVE;
				GCC_WARN_UNUSED_FUNCTION = YES;
				GCC_WARN_UNUSED_VARIABLE = YES;
				IPHONEOS_DEPLOYMENT_TARGET = 8.3;
				MTL_ENABLE_DEBUG_INFO = YES;
				ONLY_ACTIVE_ARCH = YES;
				SDKROOT = iphoneos;
				TARGETED_DEVICE_FAMILY = "1,2";
			};
			name = Debug;
		};
		C23C04B61B847B29004FB445 /* Release */ = {
			isa = XCBuildConfiguration;
			buildSettings = {
				ALWAYS_SEARCH_USER_PATHS = NO;
				CLANG_CXX_LANGUAGE_STANDARD = "gnu++0x";
				CLANG_CXX_LIBRARY = "libc++";
				CLANG_ENABLE_MODULES = YES;
				CLANG_ENABLE_OBJC_ARC = YES;
				CLANG_WARN_BOOL_CONVERSION = YES;
				CLANG_WARN_CONSTANT_CONVERSION = YES;
				CLANG_WARN_DIRECT_OBJC_ISA_USAGE = YES_ERROR;
				CLANG_WARN_EMPTY_BODY = YES;
				CLANG_WARN_ENUM_CONVERSION = YES;
				CLANG_WARN_INT_CONVERSION = YES;
				CLANG_WARN_OBJC_ROOT_CLASS = YES_ERROR;
				CLANG_WARN_UNREACHABLE_CODE = YES;
				CLANG_WARN__DUPLICATE_METHOD_MATCH = YES;
				"CODE_SIGN_IDENTITY[sdk=iphoneos*]" = "iPhone Developer";
				COPY_PHASE_STRIP = NO;
				DEBUG_INFORMATION_FORMAT = "dwarf-with-dsym";
				ENABLE_NS_ASSERTIONS = NO;
				ENABLE_STRICT_OBJC_MSGSEND = YES;
				GCC_C_LANGUAGE_STANDARD = gnu99;
				GCC_NO_COMMON_BLOCKS = YES;
				GCC_WARN_64_TO_32_BIT_CONVERSION = YES;
				GCC_WARN_ABOUT_RETURN_TYPE = YES_ERROR;
				GCC_WARN_UNDECLARED_SELECTOR = YES;
				GCC_WARN_UNINITIALIZED_AUTOS = YES_AGGRESSIVE;
				GCC_WARN_UNUSED_FUNCTION = YES;
				GCC_WARN_UNUSED_VARIABLE = YES;
				IPHONEOS_DEPLOYMENT_TARGET = 8.3;
				MTL_ENABLE_DEBUG_INFO = NO;
				SDKROOT = iphoneos;
				TARGETED_DEVICE_FAMILY = "1,2";
				VALIDATE_PRODUCT = YES;
			};
			name = Release;
		};
		C23C04B81B847B29004FB445 /* Debug */ = {
			isa = XCBuildConfiguration;
			buildSettings = {
				ASSETCATALOG_COMPILER_APPICON_NAME = AppIcon;
				GCC_PREFIX_HEADER = Sight/Classes/Macro/PrefixHeader.pch;
				INFOPLIST_FILE = Sight/Info.plist;
				IPHONEOS_DEPLOYMENT_TARGET = 8.0;
				LD_RUNPATH_SEARCH_PATHS = "$(inherited) @executable_path/Frameworks";
				PRODUCT_NAME = "$(TARGET_NAME)";
			};
			name = Debug;
		};
		C23C04B91B847B29004FB445 /* Release */ = {
			isa = XCBuildConfiguration;
			buildSettings = {
				ASSETCATALOG_COMPILER_APPICON_NAME = AppIcon;
				GCC_PREFIX_HEADER = Sight/Classes/Macro/PrefixHeader.pch;
				INFOPLIST_FILE = Sight/Info.plist;
				IPHONEOS_DEPLOYMENT_TARGET = 8.0;
				LD_RUNPATH_SEARCH_PATHS = "$(inherited) @executable_path/Frameworks";
				PRODUCT_NAME = "$(TARGET_NAME)";
			};
			name = Release;
		};
		C23C04BB1B847B29004FB445 /* Debug */ = {
			isa = XCBuildConfiguration;
			buildSettings = {
				BUNDLE_LOADER = "$(TEST_HOST)";
				FRAMEWORK_SEARCH_PATHS = (
					"$(SDKROOT)/Developer/Library/Frameworks",
					"$(inherited)",
				);
				GCC_PREPROCESSOR_DEFINITIONS = (
					"DEBUG=1",
					"$(inherited)",
				);
				INFOPLIST_FILE = SightTests/Info.plist;
				LD_RUNPATH_SEARCH_PATHS = "$(inherited) @executable_path/Frameworks @loader_path/Frameworks";
				PRODUCT_NAME = "$(TARGET_NAME)";
				TEST_HOST = "$(BUILT_PRODUCTS_DIR)/Sight.app/Sight";
			};
			name = Debug;
		};
		C23C04BC1B847B29004FB445 /* Release */ = {
			isa = XCBuildConfiguration;
			buildSettings = {
				BUNDLE_LOADER = "$(TEST_HOST)";
				FRAMEWORK_SEARCH_PATHS = (
					"$(SDKROOT)/Developer/Library/Frameworks",
					"$(inherited)",
				);
				INFOPLIST_FILE = SightTests/Info.plist;
				LD_RUNPATH_SEARCH_PATHS = "$(inherited) @executable_path/Frameworks @loader_path/Frameworks";
				PRODUCT_NAME = "$(TARGET_NAME)";
				TEST_HOST = "$(BUILT_PRODUCTS_DIR)/Sight.app/Sight";
			};
			name = Release;
		};
/* End XCBuildConfiguration section */

/* Begin XCConfigurationList section */
		C23C048C1B847B29004FB445 /* Build configuration list for PBXProject "Sight" */ = {
			isa = XCConfigurationList;
			buildConfigurations = (
				C23C04B51B847B29004FB445 /* Debug */,
				C23C04B61B847B29004FB445 /* Release */,
			);
			defaultConfigurationIsVisible = 0;
			defaultConfigurationName = Release;
		};
		C23C04B71B847B29004FB445 /* Build configuration list for PBXNativeTarget "Sight" */ = {
			isa = XCConfigurationList;
			buildConfigurations = (
				C23C04B81B847B29004FB445 /* Debug */,
				C23C04B91B847B29004FB445 /* Release */,
			);
			defaultConfigurationIsVisible = 0;
			defaultConfigurationName = Release;
		};
		C23C04BA1B847B29004FB445 /* Build configuration list for PBXNativeTarget "SightTests" */ = {
			isa = XCConfigurationList;
			buildConfigurations = (
				C23C04BB1B847B29004FB445 /* Debug */,
				C23C04BC1B847B29004FB445 /* Release */,
			);
			defaultConfigurationIsVisible = 0;
			defaultConfigurationName = Release;
		};
/* End XCConfigurationList section */

/* Begin XCVersionGroup section */
		C23C049B1B847B29004FB445 /* Sight.xcdatamodeld */ = {
			isa = XCVersionGroup;
			children = (
				C23C049C1B847B29004FB445 /* Sight.xcdatamodel */,
			);
			currentVersion = C23C049C1B847B29004FB445 /* Sight.xcdatamodel */;
			path = Sight.xcdatamodeld;
			sourceTree = "<group>";
			versionGroupType = wrapper.xcdatamodel;
		};
/* End XCVersionGroup section */
	};
	rootObject = C23C04891B847B29004FB445 /* Project object */;
}
