// !$*UTF8*$!
{
	archiveVersion = 1;
	classes = {
	};
	objectVersion = 46;
	objects = {

/* Begin PBXBuildFile section */
		C23C04971B847B29004FB445 /* main.m in Sources */ = {isa = PBXBuildFile; fileRef = C23C04961B847B29004FB445 /* main.m */; };
		C23C049D1B847B29004FB445 /* Sight.xcdatamodeld in Sources */ = {isa = PBXBuildFile; fileRef = C23C049B1B847B29004FB445 /* Sight.xcdatamodeld */; };
		C23C04A31B847B29004FB445 /* Main.storyboard in Resources */ = {isa = PBXBuildFile; fileRef = C23C04A11B847B29004FB445 /* Main.storyboard */; };
		C23C04A51B847B29004FB445 /* Images.xcassets in Resources */ = {isa = PBXBuildFile; fileRef = C23C04A41B847B29004FB445 /* Images.xcassets */; };
		C23C04A81B847B29004FB445 /* LaunchScreen.xib in Resources */ = {isa = PBXBuildFile; fileRef = C23C04A61B847B29004FB445 /* LaunchScreen.xib */; };
		C23C04B41B847B29004FB445 /* SightTests.m in Sources */ = {isa = PBXBuildFile; fileRef = C23C04B31B847B29004FB445 /* SightTests.m */; };
		C23C04CA1B84AA07004FB445 /* AppDelegate.m in Sources */ = {isa = PBXBuildFile; fileRef = C23C04C01B84AA07004FB445 /* AppDelegate.m */; };
		C23C04D11B84AB5A004FB445 /* BookViewController.m in Sources */ = {isa = PBXBuildFile; fileRef = C23C04CF1B84AB5A004FB445 /* BookViewController.m */; };
		C23C04D21B84AB5A004FB445 /* BookViewController.xib in Resources */ = {isa = PBXBuildFile; fileRef = C23C04D01B84AB5A004FB445 /* BookViewController.xib */; };
		C23C04D61B84AB68004FB445 /* NewsViewController.m in Sources */ = {isa = PBXBuildFile; fileRef = C23C04D41B84AB68004FB445 /* NewsViewController.m */; };
		C23C04D71B84AB68004FB445 /* NewsViewController.xib in Resources */ = {isa = PBXBuildFile; fileRef = C23C04D51B84AB68004FB445 /* NewsViewController.xib */; };
		C23C04DC1B84AB7D004FB445 /* VideoViewController.xib in Resources */ = {isa = PBXBuildFile; fileRef = C23C04DA1B84AB7D004FB445 /* VideoViewController.xib */; };
		C26B1F481B85B8AA00D6047D /* DataModel.m in Sources */ = {isa = PBXBuildFile; fileRef = C26B1F471B85B8AA00D6047D /* DataModel.m */; };
		C2A8A5C71B856B0500D00A72 /* UserViewController.m in Sources */ = {isa = PBXBuildFile; fileRef = C2A8A5C51B856B0500D00A72 /* UserViewController.m */; };
		C2A8A5C81B856B0500D00A72 /* UserViewController.xib in Resources */ = {isa = PBXBuildFile; fileRef = C2A8A5C61B856B0500D00A72 /* UserViewController.xib */; };
		C2AE00131B86BFB900985364 /* MKAnnotationView+WebCache.m in Sources */ = {isa = PBXBuildFile; fileRef = C2AEFFF31B86BFB900985364 /* MKAnnotationView+WebCache.m */; };
		C2AE00141B86BFB900985364 /* NSData+ImageContentType.m in Sources */ = {isa = PBXBuildFile; fileRef = C2AEFFF51B86BFB900985364 /* NSData+ImageContentType.m */; };
		C2AE00151B86BFB900985364 /* SDImageCache.m in Sources */ = {isa = PBXBuildFile; fileRef = C2AEFFF71B86BFB900985364 /* SDImageCache.m */; };
		C2AE00161B86BFB900985364 /* SDWebImageCompat.m in Sources */ = {isa = PBXBuildFile; fileRef = C2AEFFF91B86BFB900985364 /* SDWebImageCompat.m */; };
		C2AE00171B86BFB900985364 /* SDWebImageDecoder.m in Sources */ = {isa = PBXBuildFile; fileRef = C2AEFFFB1B86BFB900985364 /* SDWebImageDecoder.m */; };
		C2AE00181B86BFB900985364 /* SDWebImageDownloader.m in Sources */ = {isa = PBXBuildFile; fileRef = C2AEFFFD1B86BFB900985364 /* SDWebImageDownloader.m */; };
		C2AE00191B86BFB900985364 /* SDWebImageDownloaderOperation.m in Sources */ = {isa = PBXBuildFile; fileRef = C2AEFFFF1B86BFB900985364 /* SDWebImageDownloaderOperation.m */; };
		C2AE001A1B86BFB900985364 /* SDWebImageManager.m in Sources */ = {isa = PBXBuildFile; fileRef = C2AE00011B86BFB900985364 /* SDWebImageManager.m */; };
		C2AE001B1B86BFB900985364 /* SDWebImagePrefetcher.m in Sources */ = {isa = PBXBuildFile; fileRef = C2AE00041B86BFB900985364 /* SDWebImagePrefetcher.m */; };
		C2AE001C1B86BFB900985364 /* UIButton+WebCache.m in Sources */ = {isa = PBXBuildFile; fileRef = C2AE00061B86BFB900985364 /* UIButton+WebCache.m */; };
		C2AE001D1B86BFB900985364 /* UIImage+GIF.m in Sources */ = {isa = PBXBuildFile; fileRef = C2AE00081B86BFB900985364 /* UIImage+GIF.m */; };
		C2AE001E1B86BFB900985364 /* UIImage+MultiFormat.m in Sources */ = {isa = PBXBuildFile; fileRef = C2AE000A1B86BFB900985364 /* UIImage+MultiFormat.m */; };
		C2AE001F1B86BFB900985364 /* UIImage+WebP.m in Sources */ = {isa = PBXBuildFile; fileRef = C2AE000C1B86BFB900985364 /* UIImage+WebP.m */; };
		C2AE00201B86BFB900985364 /* UIImageView+HighlightedWebCache.m in Sources */ = {isa = PBXBuildFile; fileRef = C2AE000E1B86BFB900985364 /* UIImageView+HighlightedWebCache.m */; };
		C2AE00211B86BFB900985364 /* UIImageView+WebCache.m in Sources */ = {isa = PBXBuildFile; fileRef = C2AE00101B86BFB900985364 /* UIImageView+WebCache.m */; };
		C2AE00221B86BFB900985364 /* UIView+WebCacheOperation.m in Sources */ = {isa = PBXBuildFile; fileRef = C2AE00121B86BFB900985364 /* UIView+WebCacheOperation.m */; };
		C2AE002A1B86C0AB00985364 /* VideoCell.m in Sources */ = {isa = PBXBuildFile; fileRef = C2AE00241B86C0AB00985364 /* VideoCell.m */; };
		C2AE002B1B86C0AB00985364 /* VideoCell.xib in Resources */ = {isa = PBXBuildFile; fileRef = C2AE00251B86C0AB00985364 /* VideoCell.xib */; };
		C2AE002C1B86C0AB00985364 /* VideoManager.m in Sources */ = {isa = PBXBuildFile; fileRef = C2AE00271B86C0AB00985364 /* VideoManager.m */; };
		C2AE002D1B86C0AB00985364 /* VideoModel.m in Sources */ = {isa = PBXBuildFile; fileRef = C2AE00291B86C0AB00985364 /* VideoModel.m */; };
		C2AE00301B86C21000985364 /* VideoViewController.m in Resources */ = {isa = PBXBuildFile; fileRef = C23C04D91B84AB7D004FB445 /* VideoViewController.m */; };
		C2AE00331B86C2D800985364 /* RootViewController.m in Sources */ = {isa = PBXBuildFile; fileRef = C2AE00321B86C2D800985364 /* RootViewController.m */; };
		C2AE00341B86C32900985364 /* VideoViewController.m in Sources */ = {isa = PBXBuildFile; fileRef = C23C04D91B84AB7D004FB445 /* VideoViewController.m */; };
		C2AEFFD61B86BF6E00985364 /* MJRefreshAutoFooter.m in Sources */ = {isa = PBXBuildFile; fileRef = C2AEFF9A1B86BF6E00985364 /* MJRefreshAutoFooter.m */; };
		C2AEFFD71B86BF6E00985364 /* MJRefreshBackFooter.m in Sources */ = {isa = PBXBuildFile; fileRef = C2AEFF9C1B86BF6E00985364 /* MJRefreshBackFooter.m */; };
		C2AEFFD81B86BF6E00985364 /* MJRefreshComponent.m in Sources */ = {isa = PBXBuildFile; fileRef = C2AEFF9E1B86BF6E00985364 /* MJRefreshComponent.m */; };
		C2AEFFD91B86BF6E00985364 /* MJRefreshFooter.m in Sources */ = {isa = PBXBuildFile; fileRef = C2AEFFA01B86BF6E00985364 /* MJRefreshFooter.m */; };
		C2AEFFDA1B86BF6E00985364 /* MJRefreshHeader.m in Sources */ = {isa = PBXBuildFile; fileRef = C2AEFFA21B86BF6E00985364 /* MJRefreshHeader.m */; };
		C2AEFFDB1B86BF6E00985364 /* MJRefreshAutoGifFooter.m in Sources */ = {isa = PBXBuildFile; fileRef = C2AEFFA71B86BF6E00985364 /* MJRefreshAutoGifFooter.m */; };
		C2AEFFDC1B86BF6E00985364 /* MJRefreshAutoNormalFooter.m in Sources */ = {isa = PBXBuildFile; fileRef = C2AEFFA91B86BF6E00985364 /* MJRefreshAutoNormalFooter.m */; };
		C2AEFFDD1B86BF6E00985364 /* MJRefreshAutoStateFooter.m in Sources */ = {isa = PBXBuildFile; fileRef = C2AEFFAB1B86BF6E00985364 /* MJRefreshAutoStateFooter.m */; };
		C2AEFFDE1B86BF6E00985364 /* MJRefreshBackGifFooter.m in Sources */ = {isa = PBXBuildFile; fileRef = C2AEFFAE1B86BF6E00985364 /* MJRefreshBackGifFooter.m */; };
		C2AEFFDF1B86BF6E00985364 /* MJRefreshBackNormalFooter.m in Sources */ = {isa = PBXBuildFile; fileRef = C2AEFFB01B86BF6E00985364 /* MJRefreshBackNormalFooter.m */; };
		C2AEFFE01B86BF6E00985364 /* MJRefreshBackStateFooter.m in Sources */ = {isa = PBXBuildFile; fileRef = C2AEFFB21B86BF6E00985364 /* MJRefreshBackStateFooter.m */; };
		C2AEFFE11B86BF6E00985364 /* MJRefreshGifHeader.m in Sources */ = {isa = PBXBuildFile; fileRef = C2AEFFB51B86BF6E00985364 /* MJRefreshGifHeader.m */; };
		C2AEFFE21B86BF6E00985364 /* MJRefreshNormalHeader.m in Sources */ = {isa = PBXBuildFile; fileRef = C2AEFFB71B86BF6E00985364 /* MJRefreshNormalHeader.m */; };
		C2AEFFE31B86BF6E00985364 /* MJRefreshStateHeader.m in Sources */ = {isa = PBXBuildFile; fileRef = C2AEFFB91B86BF6E00985364 /* MJRefreshStateHeader.m */; };
		C2AEFFE41B86BF6E00985364 /* MJRefresh.bundle in Resources */ = {isa = PBXBuildFile; fileRef = C2AEFFBA1B86BF6E00985364 /* MJRefresh.bundle */; };
		C2AEFFE51B86BF6E00985364 /* MJRefreshConst.m in Sources */ = {isa = PBXBuildFile; fileRef = C2AEFFBD1B86BF6E00985364 /* MJRefreshConst.m */; };
		C2AEFFE61B86BF6E00985364 /* UIScrollView+MJExtension.m in Sources */ = {isa = PBXBuildFile; fileRef = C2AEFFBF1B86BF6E00985364 /* UIScrollView+MJExtension.m */; };
		C2AEFFE71B86BF6E00985364 /* UIScrollView+MJRefresh.m in Sources */ = {isa = PBXBuildFile; fileRef = C2AEFFC11B86BF6E00985364 /* UIScrollView+MJRefresh.m */; };
		C2AEFFE81B86BF6E00985364 /* UIView+MJExtension.m in Sources */ = {isa = PBXBuildFile; fileRef = C2AEFFC31B86BF6E00985364 /* UIView+MJExtension.m */; };
		C2AEFFE91B86BF6E00985364 /* NSData+SDDataCache.m in Sources */ = {isa = PBXBuildFile; fileRef = C2AEFFC61B86BF6E00985364 /* NSData+SDDataCache.m */; };
		C2AEFFEA1B86BF6E00985364 /* TAAbstractDotView.m in Sources */ = {isa = PBXBuildFile; fileRef = C2AEFFC91B86BF6E00985364 /* TAAbstractDotView.m */; };
		C2AEFFEB1B86BF6E00985364 /* TAAnimatedDotView.m in Sources */ = {isa = PBXBuildFile; fileRef = C2AEFFCB1B86BF6E00985364 /* TAAnimatedDotView.m */; };
		C2AEFFEC1B86BF6E00985364 /* TADotView.m in Sources */ = {isa = PBXBuildFile; fileRef = C2AEFFCD1B86BF6E00985364 /* TADotView.m */; };
		C2AEFFED1B86BF6E00985364 /* TAPageControl.m in Sources */ = {isa = PBXBuildFile; fileRef = C2AEFFCF1B86BF6E00985364 /* TAPageControl.m */; };
		C2AEFFEE1B86BF6E00985364 /* SDCollectionViewCell.m in Sources */ = {isa = PBXBuildFile; fileRef = C2AEFFD11B86BF6E00985364 /* SDCollectionViewCell.m */; };
		C2AEFFEF1B86BF6E00985364 /* SDCycleScrollView.m in Sources */ = {isa = PBXBuildFile; fileRef = C2AEFFD31B86BF6E00985364 /* SDCycleScrollView.m */; };
		C2AEFFF01B86BF6E00985364 /* UIView+SDExtension.m in Sources */ = {isa = PBXBuildFile; fileRef = C2AEFFD51B86BF6E00985364 /* UIView+SDExtension.m */; };
		C2B618B01B85AEE5009FBF39 /* MyCell.m in Sources */ = {isa = PBXBuildFile; fileRef = C2B618AE1B85AEE5009FBF39 /* MyCell.m */; };
		C2B618B11B85AEE5009FBF39 /* MyCell.xib in Resources */ = {isa = PBXBuildFile; fileRef = C2B618AF1B85AEE5009FBF39 /* MyCell.xib */; };
		C2B618B61B85C008009FBF39 /* Model.m in Sources */ = {isa = PBXBuildFile; fileRef = C2B618B51B85C008009FBF39 /* Model.m */; };
/* End PBXBuildFile section */

/* Begin PBXContainerItemProxy section */
		C23C04AE1B847B29004FB445 /* PBXContainerItemProxy */ = {
			isa = PBXContainerItemProxy;
			containerPortal = C23C04891B847B29004FB445 /* Project object */;
			proxyType = 1;
			remoteGlobalIDString = C23C04901B847B29004FB445;
			remoteInfo = Sight;
		};
/* End PBXContainerItemProxy section */

/* Begin PBXFileReference section */
		C23C04911B847B29004FB445 /* Sight.app */ = {isa = PBXFileReference; explicitFileType = wrapper.application; includeInIndex = 0; path = Sight.app; sourceTree = BUILT_PRODUCTS_DIR; };
		C23C04951B847B29004FB445 /* Info.plist */ = {isa = PBXFileReference; lastKnownFileType = text.plist.xml; path = Info.plist; sourceTree = "<group>"; };
		C23C04961B847B29004FB445 /* main.m */ = {isa = PBXFileReference; lastKnownFileType = sourcecode.c.objc; path = main.m; sourceTree = "<group>"; };
		C23C049C1B847B29004FB445 /* Sight.xcdatamodel */ = {isa = PBXFileReference; lastKnownFileType = wrapper.xcdatamodel; path = Sight.xcdatamodel; sourceTree = "<group>"; };
		C23C04A21B847B29004FB445 /* Base */ = {isa = PBXFileReference; lastKnownFileType = file.storyboard; name = Base; path = Base.lproj/Main.storyboard; sourceTree = "<group>"; };
		C23C04A41B847B29004FB445 /* Images.xcassets */ = {isa = PBXFileReference; lastKnownFileType = folder.assetcatalog; path = Images.xcassets; sourceTree = "<group>"; };
		C23C04A71B847B29004FB445 /* Base */ = {isa = PBXFileReference; lastKnownFileType = file.xib; name = Base; path = Base.lproj/LaunchScreen.xib; sourceTree = "<group>"; };
		C23C04AD1B847B29004FB445 /* SightTests.xctest */ = {isa = PBXFileReference; explicitFileType = wrapper.cfbundle; includeInIndex = 0; path = SightTests.xctest; sourceTree = BUILT_PRODUCTS_DIR; };
		C23C04B21B847B29004FB445 /* Info.plist */ = {isa = PBXFileReference; lastKnownFileType = text.plist.xml; path = Info.plist; sourceTree = "<group>"; };
		C23C04B31B847B29004FB445 /* SightTests.m */ = {isa = PBXFileReference; lastKnownFileType = sourcecode.c.objc; path = SightTests.m; sourceTree = "<group>"; };
		C23C04BF1B84AA07004FB445 /* AppDelegate.h */ = {isa = PBXFileReference; fileEncoding = 4; lastKnownFileType = sourcecode.c.h; path = AppDelegate.h; sourceTree = "<group>"; };
		C23C04C01B84AA07004FB445 /* AppDelegate.m */ = {isa = PBXFileReference; fileEncoding = 4; lastKnownFileType = sourcecode.c.objc; path = AppDelegate.m; sourceTree = "<group>"; };
		C23C04CE1B84AB5A004FB445 /* BookViewController.h */ = {isa = PBXFileReference; fileEncoding = 4; lastKnownFileType = sourcecode.c.h; path = BookViewController.h; sourceTree = "<group>"; };
		C23C04CF1B84AB5A004FB445 /* BookViewController.m */ = {isa = PBXFileReference; fileEncoding = 4; lastKnownFileType = sourcecode.c.objc; path = BookViewController.m; sourceTree = "<group>"; };
		C23C04D01B84AB5A004FB445 /* BookViewController.xib */ = {isa = PBXFileReference; fileEncoding = 4; lastKnownFileType = file.xib; path = BookViewController.xib; sourceTree = "<group>"; };
		C23C04D31B84AB68004FB445 /* NewsViewController.h */ = {isa = PBXFileReference; fileEncoding = 4; lastKnownFileType = sourcecode.c.h; path = NewsViewController.h; sourceTree = "<group>"; };
		C23C04D41B84AB68004FB445 /* NewsViewController.m */ = {isa = PBXFileReference; fileEncoding = 4; lastKnownFileType = sourcecode.c.objc; path = NewsViewController.m; sourceTree = "<group>"; };
		C23C04D51B84AB68004FB445 /* NewsViewController.xib */ = {isa = PBXFileReference; fileEncoding = 4; lastKnownFileType = file.xib; path = NewsViewController.xib; sourceTree = "<group>"; };
		C23C04D81B84AB7D004FB445 /* VideoViewController.h */ = {isa = PBXFileReference; fileEncoding = 4; lastKnownFileType = sourcecode.c.h; path = VideoViewController.h; sourceTree = "<group>"; };
		C23C04D91B84AB7D004FB445 /* VideoViewController.m */ = {isa = PBXFileReference; fileEncoding = 4; lastKnownFileType = sourcecode.c.objc; path = VideoViewController.m; sourceTree = "<group>"; };
		C23C04DA1B84AB7D004FB445 /* VideoViewController.xib */ = {isa = PBXFileReference; fileEncoding = 4; lastKnownFileType = file.xib; path = VideoViewController.xib; sourceTree = "<group>"; };
		C23C04DD1B84ABA0004FB445 /* PrefixHeader.pch */ = {isa = PBXFileReference; lastKnownFileType = sourcecode.c.h; path = PrefixHeader.pch; sourceTree = "<group>"; };
		C26B1F461B85B8AA00D6047D /* DataModel.h */ = {isa = PBXFileReference; fileEncoding = 4; lastKnownFileType = sourcecode.c.h; path = DataModel.h; sourceTree = "<group>"; };
		C26B1F471B85B8AA00D6047D /* DataModel.m */ = {isa = PBXFileReference; fileEncoding = 4; lastKnownFileType = sourcecode.c.objc; path = DataModel.m; sourceTree = "<group>"; };
		C2A8A5C41B856B0500D00A72 /* UserViewController.h */ = {isa = PBXFileReference; fileEncoding = 4; lastKnownFileType = sourcecode.c.h; path = UserViewController.h; sourceTree = "<group>"; };
		C2A8A5C51B856B0500D00A72 /* UserViewController.m */ = {isa = PBXFileReference; fileEncoding = 4; lastKnownFileType = sourcecode.c.objc; path = UserViewController.m; sourceTree = "<group>"; };
		C2A8A5C61B856B0500D00A72 /* UserViewController.xib */ = {isa = PBXFileReference; fileEncoding = 4; lastKnownFileType = file.xib; path = UserViewController.xib; sourceTree = "<group>"; };
		C2AE00001B86BFB900985364 /* SDWebImageManager.h */ = {isa = PBXFileReference; fileEncoding = 4; lastKnownFileType = sourcecode.c.h; path = SDWebImageManager.h; sourceTree = "<group>"; };
		C2AE00011B86BFB900985364 /* SDWebImageManager.m */ = {isa = PBXFileReference; fileEncoding = 4; lastKnownFileType = sourcecode.c.objc; path = SDWebImageManager.m; sourceTree = "<group>"; };
		C2AE00021B86BFB900985364 /* SDWebImageOperation.h */ = {isa = PBXFileReference; fileEncoding = 4; lastKnownFileType = sourcecode.c.h; path = SDWebImageOperation.h; sourceTree = "<group>"; };
		C2AE00031B86BFB900985364 /* SDWebImagePrefetcher.h */ = {isa = PBXFileReference; fileEncoding = 4; lastKnownFileType = sourcecode.c.h; path = SDWebImagePrefetcher.h; sourceTree = "<group>"; };
		C2AE00041B86BFB900985364 /* SDWebImagePrefetcher.m */ = {isa = PBXFileReference; fileEncoding = 4; lastKnownFileType = sourcecode.c.objc; path = SDWebImagePrefetcher.m; sourceTree = "<group>"; };
		C2AE00051B86BFB900985364 /* UIButton+WebCache.h */ = {isa = PBXFileReference; fileEncoding = 4; lastKnownFileType = sourcecode.c.h; path = "UIButton+WebCache.h"; sourceTree = "<group>"; };
		C2AE00061B86BFB900985364 /* UIButton+WebCache.m */ = {isa = PBXFileReference; fileEncoding = 4; lastKnownFileType = sourcecode.c.objc; path = "UIButton+WebCache.m"; sourceTree = "<group>"; };
		C2AE00071B86BFB900985364 /* UIImage+GIF.h */ = {isa = PBXFileReference; fileEncoding = 4; lastKnownFileType = sourcecode.c.h; path = "UIImage+GIF.h"; sourceTree = "<group>"; };
		C2AE00081B86BFB900985364 /* UIImage+GIF.m */ = {isa = PBXFileReference; fileEncoding = 4; lastKnownFileType = sourcecode.c.objc; path = "UIImage+GIF.m"; sourceTree = "<group>"; };
		C2AE00091B86BFB900985364 /* UIImage+MultiFormat.h */ = {isa = PBXFileReference; fileEncoding = 4; lastKnownFileType = sourcecode.c.h; path = "UIImage+MultiFormat.h"; sourceTree = "<group>"; };
		C2AE000A1B86BFB900985364 /* UIImage+MultiFormat.m */ = {isa = PBXFileReference; fileEncoding = 4; lastKnownFileType = sourcecode.c.objc; path = "UIImage+MultiFormat.m"; sourceTree = "<group>"; };
		C2AE000B1B86BFB900985364 /* UIImage+WebP.h */ = {isa = PBXFileReference; fileEncoding = 4; lastKnownFileType = sourcecode.c.h; path = "UIImage+WebP.h"; sourceTree = "<group>"; };
		C2AE000C1B86BFB900985364 /* UIImage+WebP.m */ = {isa = PBXFileReference; fileEncoding = 4; lastKnownFileType = sourcecode.c.objc; path = "UIImage+WebP.m"; sourceTree = "<group>"; };
		C2AE000D1B86BFB900985364 /* UIImageView+HighlightedWebCache.h */ = {isa = PBXFileReference; fileEncoding = 4; lastKnownFileType = sourcecode.c.h; path = "UIImageView+HighlightedWebCache.h"; sourceTree = "<group>"; };
		C2AE000E1B86BFB900985364 /* UIImageView+HighlightedWebCache.m */ = {isa = PBXFileReference; fileEncoding = 4; lastKnownFileType = sourcecode.c.objc; path = "UIImageView+HighlightedWebCache.m"; sourceTree = "<group>"; };
		C2AE000F1B86BFB900985364 /* UIImageView+WebCache.h */ = {isa = PBXFileReference; fileEncoding = 4; lastKnownFileType = sourcecode.c.h; path = "UIImageView+WebCache.h"; sourceTree = "<group>"; };
		C2AE00101B86BFB900985364 /* UIImageView+WebCache.m */ = {isa = PBXFileReference; fileEncoding = 4; lastKnownFileType = sourcecode.c.objc; path = "UIImageView+WebCache.m"; sourceTree = "<group>"; };
		C2AE00111B86BFB900985364 /* UIView+WebCacheOperation.h */ = {isa = PBXFileReference; fileEncoding = 4; lastKnownFileType = sourcecode.c.h; path = "UIView+WebCacheOperation.h"; sourceTree = "<group>"; };
		C2AE00121B86BFB900985364 /* UIView+WebCacheOperation.m */ = {isa = PBXFileReference; fileEncoding = 4; lastKnownFileType = sourcecode.c.objc; path = "UIView+WebCacheOperation.m"; sourceTree = "<group>"; };
		C2AE00231B86C0AB00985364 /* VideoCell.h */ = {isa = PBXFileReference; fileEncoding = 4; lastKnownFileType = sourcecode.c.h; path = VideoCell.h; sourceTree = "<group>"; };
		C2AE00241B86C0AB00985364 /* VideoCell.m */ = {isa = PBXFileReference; fileEncoding = 4; lastKnownFileType = sourcecode.c.objc; path = VideoCell.m; sourceTree = "<group>"; };
		C2AE00251B86C0AB00985364 /* VideoCell.xib */ = {isa = PBXFileReference; fileEncoding = 4; lastKnownFileType = file.xib; path = VideoCell.xib; sourceTree = "<group>"; };
		C2AE00261B86C0AB00985364 /* VideoManager.h */ = {isa = PBXFileReference; fileEncoding = 4; lastKnownFileType = sourcecode.c.h; path = VideoManager.h; sourceTree = "<group>"; };
		C2AE00271B86C0AB00985364 /* VideoManager.m */ = {isa = PBXFileReference; fileEncoding = 4; lastKnownFileType = sourcecode.c.objc; path = VideoManager.m; sourceTree = "<group>"; };
		C2AE00281B86C0AB00985364 /* VideoModel.h */ = {isa = PBXFileReference; fileEncoding = 4; lastKnownFileType = sourcecode.c.h; path = VideoModel.h; sourceTree = "<group>"; };
		C2AE00291B86C0AB00985364 /* VideoModel.m */ = {isa = PBXFileReference; fileEncoding = 4; lastKnownFileType = sourcecode.c.objc; path = VideoModel.m; sourceTree = "<group>"; };
		C2AE00311B86C2D800985364 /* RootViewController.h */ = {isa = PBXFileReference; fileEncoding = 4; lastKnownFileType = sourcecode.c.h; path = RootViewController.h; sourceTree = "<group>"; };
		C2AE00321B86C2D800985364 /* RootViewController.m */ = {isa = PBXFileReference; fileEncoding = 4; lastKnownFileType = sourcecode.c.objc; path = RootViewController.m; sourceTree = "<group>"; };
		C2AEFF991B86BF6E00985364 /* MJRefreshAutoFooter.h */ = {isa = PBXFileReference; fileEncoding = 4; lastKnownFileType = sourcecode.c.h; path = MJRefreshAutoFooter.h; sourceTree = "<group>"; };
		C2AEFF9A1B86BF6E00985364 /* MJRefreshAutoFooter.m */ = {isa = PBXFileReference; fileEncoding = 4; lastKnownFileType = sourcecode.c.objc; path = MJRefreshAutoFooter.m; sourceTree = "<group>"; };
		C2AEFF9B1B86BF6E00985364 /* MJRefreshBackFooter.h */ = {isa = PBXFileReference; fileEncoding = 4; lastKnownFileType = sourcecode.c.h; path = MJRefreshBackFooter.h; sourceTree = "<group>"; };
		C2AEFF9C1B86BF6E00985364 /* MJRefreshBackFooter.m */ = {isa = PBXFileReference; fileEncoding = 4; lastKnownFileType = sourcecode.c.objc; path = MJRefreshBackFooter.m; sourceTree = "<group>"; };
		C2AEFF9D1B86BF6E00985364 /* MJRefreshComponent.h */ = {isa = PBXFileReference; fileEncoding = 4; lastKnownFileType = sourcecode.c.h; path = MJRefreshComponent.h; sourceTree = "<group>"; };
		C2AEFF9E1B86BF6E00985364 /* MJRefreshComponent.m */ = {isa = PBXFileReference; fileEncoding = 4; lastKnownFileType = sourcecode.c.objc; path = MJRefreshComponent.m; sourceTree = "<group>"; };
		C2AEFF9F1B86BF6E00985364 /* MJRefreshFooter.h */ = {isa = PBXFileReference; fileEncoding = 4; lastKnownFileType = sourcecode.c.h; path = MJRefreshFooter.h; sourceTree = "<group>"; };
		C2AEFFA01B86BF6E00985364 /* MJRefreshFooter.m */ = {isa = PBXFileReference; fileEncoding = 4; lastKnownFileType = sourcecode.c.objc; path = MJRefreshFooter.m; sourceTree = "<group>"; };
		C2AEFFA11B86BF6E00985364 /* MJRefreshHeader.h */ = {isa = PBXFileReference; fileEncoding = 4; lastKnownFileType = sourcecode.c.h; path = MJRefreshHeader.h; sourceTree = "<group>"; };
		C2AEFFA21B86BF6E00985364 /* MJRefreshHeader.m */ = {isa = PBXFileReference; fileEncoding = 4; lastKnownFileType = sourcecode.c.objc; path = MJRefreshHeader.m; sourceTree = "<group>"; };
		C2AEFFA61B86BF6E00985364 /* MJRefreshAutoGifFooter.h */ = {isa = PBXFileReference; fileEncoding = 4; lastKnownFileType = sourcecode.c.h; path = MJRefreshAutoGifFooter.h; sourceTree = "<group>"; };
		C2AEFFA71B86BF6E00985364 /* MJRefreshAutoGifFooter.m */ = {isa = PBXFileReference; fileEncoding = 4; lastKnownFileType = sourcecode.c.objc; path = MJRefreshAutoGifFooter.m; sourceTree = "<group>"; };
		C2AEFFA81B86BF6E00985364 /* MJRefreshAutoNormalFooter.h */ = {isa = PBXFileReference; fileEncoding = 4; lastKnownFileType = sourcecode.c.h; path = MJRefreshAutoNormalFooter.h; sourceTree = "<group>"; };
		C2AEFFA91B86BF6E00985364 /* MJRefreshAutoNormalFooter.m */ = {isa = PBXFileReference; fileEncoding = 4; lastKnownFileType = sourcecode.c.objc; path = MJRefreshAutoNormalFooter.m; sourceTree = "<group>"; };
		C2AEFFAA1B86BF6E00985364 /* MJRefreshAutoStateFooter.h */ = {isa = PBXFileReference; fileEncoding = 4; lastKnownFileType = sourcecode.c.h; path = MJRefreshAutoStateFooter.h; sourceTree = "<group>"; };
		C2AEFFAB1B86BF6E00985364 /* MJRefreshAutoStateFooter.m */ = {isa = PBXFileReference; fileEncoding = 4; lastKnownFileType = sourcecode.c.objc; path = MJRefreshAutoStateFooter.m; sourceTree = "<group>"; };
		C2AEFFAD1B86BF6E00985364 /* MJRefreshBackGifFooter.h */ = {isa = PBXFileReference; fileEncoding = 4; lastKnownFileType = sourcecode.c.h; path = MJRefreshBackGifFooter.h; sourceTree = "<group>"; };
		C2AEFFAE1B86BF6E00985364 /* MJRefreshBackGifFooter.m */ = {isa = PBXFileReference; fileEncoding = 4; lastKnownFileType = sourcecode.c.objc; path = MJRefreshBackGifFooter.m; sourceTree = "<group>"; };
		C2AEFFAF1B86BF6E00985364 /* MJRefreshBackNormalFooter.h */ = {isa = PBXFileReference; fileEncoding = 4; lastKnownFileType = sourcecode.c.h; path = MJRefreshBackNormalFooter.h; sourceTree = "<group>"; };
		C2AEFFB01B86BF6E00985364 /* MJRefreshBackNormalFooter.m */ = {isa = PBXFileReference; fileEncoding = 4; lastKnownFileType = sourcecode.c.objc; path = MJRefreshBackNormalFooter.m; sourceTree = "<group>"; };
		C2AEFFB11B86BF6E00985364 /* MJRefreshBackStateFooter.h */ = {isa = PBXFileReference; fileEncoding = 4; lastKnownFileType = sourcecode.c.h; path = MJRefreshBackStateFooter.h; sourceTree = "<group>"; };
		C2AEFFB21B86BF6E00985364 /* MJRefreshBackStateFooter.m */ = {isa = PBXFileReference; fileEncoding = 4; lastKnownFileType = sourcecode.c.objc; path = MJRefreshBackStateFooter.m; sourceTree = "<group>"; };
		C2AEFFB41B86BF6E00985364 /* MJRefreshGifHeader.h */ = {isa = PBXFileReference; fileEncoding = 4; lastKnownFileType = sourcecode.c.h; path = MJRefreshGifHeader.h; sourceTree = "<group>"; };
		C2AEFFB51B86BF6E00985364 /* MJRefreshGifHeader.m */ = {isa = PBXFileReference; fileEncoding = 4; lastKnownFileType = sourcecode.c.objc; path = MJRefreshGifHeader.m; sourceTree = "<group>"; };
		C2AEFFB61B86BF6E00985364 /* MJRefreshNormalHeader.h */ = {isa = PBXFileReference; fileEncoding = 4; lastKnownFileType = sourcecode.c.h; path = MJRefreshNormalHeader.h; sourceTree = "<group>"; };
		C2AEFFB71B86BF6E00985364 /* MJRefreshNormalHeader.m */ = {isa = PBXFileReference; fileEncoding = 4; lastKnownFileType = sourcecode.c.objc; path = MJRefreshNormalHeader.m; sourceTree = "<group>"; };
		C2AEFFB81B86BF6E00985364 /* MJRefreshStateHeader.h */ = {isa = PBXFileReference; fileEncoding = 4; lastKnownFileType = sourcecode.c.h; path = MJRefreshStateHeader.h; sourceTree = "<group>"; };
		C2AEFFB91B86BF6E00985364 /* MJRefreshStateHeader.m */ = {isa = PBXFileReference; fileEncoding = 4; lastKnownFileType = sourcecode.c.objc; path = MJRefreshStateHeader.m; sourceTree = "<group>"; };
		C2AEFFBA1B86BF6E00985364 /* MJRefresh.bundle */ = {isa = PBXFileReference; lastKnownFileType = "wrapper.plug-in"; path = MJRefresh.bundle; sourceTree = "<group>"; };
		C2AEFFBB1B86BF6E00985364 /* MJRefresh.h */ = {isa = PBXFileReference; fileEncoding = 4; lastKnownFileType = sourcecode.c.h; path = MJRefresh.h; sourceTree = "<group>"; };
		C2AEFFBC1B86BF6E00985364 /* MJRefreshConst.h */ = {isa = PBXFileReference; fileEncoding = 4; lastKnownFileType = sourcecode.c.h; path = MJRefreshConst.h; sourceTree = "<group>"; };
		C2AEFFBD1B86BF6E00985364 /* MJRefreshConst.m */ = {isa = PBXFileReference; fileEncoding = 4; lastKnownFileType = sourcecode.c.objc; path = MJRefreshConst.m; sourceTree = "<group>"; };
		C2AEFFBE1B86BF6E00985364 /* UIScrollView+MJExtension.h */ = {isa = PBXFileReference; fileEncoding = 4; lastKnownFileType = sourcecode.c.h; path = "UIScrollView+MJExtension.h"; sourceTree = "<group>"; };
		C2AEFFBF1B86BF6E00985364 /* UIScrollView+MJExtension.m */ = {isa = PBXFileReference; fileEncoding = 4; lastKnownFileType = sourcecode.c.objc; path = "UIScrollView+MJExtension.m"; sourceTree = "<group>"; };
		C2AEFFC01B86BF6E00985364 /* UIScrollView+MJRefresh.h */ = {isa = PBXFileReference; fileEncoding = 4; lastKnownFileType = sourcecode.c.h; path = "UIScrollView+MJRefresh.h"; sourceTree = "<group>"; };
		C2AEFFC11B86BF6E00985364 /* UIScrollView+MJRefresh.m */ = {isa = PBXFileReference; fileEncoding = 4; lastKnownFileType = sourcecode.c.objc; path = "UIScrollView+MJRefresh.m"; sourceTree = "<group>"; };
		C2AEFFC21B86BF6E00985364 /* UIView+MJExtension.h */ = {isa = PBXFileReference; fileEncoding = 4; lastKnownFileType = sourcecode.c.h; path = "UIView+MJExtension.h"; sourceTree = "<group>"; };
		C2AEFFC31B86BF6E00985364 /* UIView+MJExtension.m */ = {isa = PBXFileReference; fileEncoding = 4; lastKnownFileType = sourcecode.c.objc; path = "UIView+MJExtension.m"; sourceTree = "<group>"; };
		C2AEFFC51B86BF6E00985364 /* NSData+SDDataCache.h */ = {isa = PBXFileReference; fileEncoding = 4; lastKnownFileType = sourcecode.c.h; path = "NSData+SDDataCache.h"; sourceTree = "<group>"; };
		C2AEFFC61B86BF6E00985364 /* NSData+SDDataCache.m */ = {isa = PBXFileReference; fileEncoding = 4; lastKnownFileType = sourcecode.c.objc; path = "NSData+SDDataCache.m"; sourceTree = "<group>"; };
		C2AEFFC81B86BF6E00985364 /* TAAbstractDotView.h */ = {isa = PBXFileReference; fileEncoding = 4; lastKnownFileType = sourcecode.c.h; path = TAAbstractDotView.h; sourceTree = "<group>"; };
		C2AEFFC91B86BF6E00985364 /* TAAbstractDotView.m */ = {isa = PBXFileReference; fileEncoding = 4; lastKnownFileType = sourcecode.c.objc; path = TAAbstractDotView.m; sourceTree = "<group>"; };
		C2AEFFCA1B86BF6E00985364 /* TAAnimatedDotView.h */ = {isa = PBXFileReference; fileEncoding = 4; lastKnownFileType = sourcecode.c.h; path = TAAnimatedDotView.h; sourceTree = "<group>"; };
		C2AEFFCB1B86BF6E00985364 /* TAAnimatedDotView.m */ = {isa = PBXFileReference; fileEncoding = 4; lastKnownFileType = sourcecode.c.objc; path = TAAnimatedDotView.m; sourceTree = "<group>"; };
		C2AEFFCC1B86BF6E00985364 /* TADotView.h */ = {isa = PBXFileReference; fileEncoding = 4; lastKnownFileType = sourcecode.c.h; path = TADotView.h; sourceTree = "<group>"; };
		C2AEFFCD1B86BF6E00985364 /* TADotView.m */ = {isa = PBXFileReference; fileEncoding = 4; lastKnownFileType = sourcecode.c.objc; path = TADotView.m; sourceTree = "<group>"; };
		C2AEFFCE1B86BF6E00985364 /* TAPageControl.h */ = {isa = PBXFileReference; fileEncoding = 4; lastKnownFileType = sourcecode.c.h; path = TAPageControl.h; sourceTree = "<group>"; };
		C2AEFFCF1B86BF6E00985364 /* TAPageControl.m */ = {isa = PBXFileReference; fileEncoding = 4; lastKnownFileType = sourcecode.c.objc; path = TAPageControl.m; sourceTree = "<group>"; };
		C2AEFFD01B86BF6E00985364 /* SDCollectionViewCell.h */ = {isa = PBXFileReference; fileEncoding = 4; lastKnownFileType = sourcecode.c.h; path = SDCollectionViewCell.h; sourceTree = "<group>"; };
		C2AEFFD11B86BF6E00985364 /* SDCollectionViewCell.m */ = {isa = PBXFileReference; fileEncoding = 4; lastKnownFileType = sourcecode.c.objc; path = SDCollectionViewCell.m; sourceTree = "<group>"; };
		C2AEFFD21B86BF6E00985364 /* SDCycleScrollView.h */ = {isa = PBXFileReference; fileEncoding = 4; lastKnownFileType = sourcecode.c.h; path = SDCycleScrollView.h; sourceTree = "<group>"; };
		C2AEFFD31B86BF6E00985364 /* SDCycleScrollView.m */ = {isa = PBXFileReference; fileEncoding = 4; lastKnownFileType = sourcecode.c.objc; path = SDCycleScrollView.m; sourceTree = "<group>"; };
		C2AEFFD41B86BF6E00985364 /* UIView+SDExtension.h */ = {isa = PBXFileReference; fileEncoding = 4; lastKnownFileType = sourcecode.c.h; path = "UIView+SDExtension.h"; sourceTree = "<group>"; };
		C2AEFFD51B86BF6E00985364 /* UIView+SDExtension.m */ = {isa = PBXFileReference; fileEncoding = 4; lastKnownFileType = sourcecode.c.objc; path = "UIView+SDExtension.m"; sourceTree = "<group>"; };
		C2AEFFF21B86BFB900985364 /* MKAnnotationView+WebCache.h */ = {isa = PBXFileReference; fileEncoding = 4; lastKnownFileType = sourcecode.c.h; path = "MKAnnotationView+WebCache.h"; sourceTree = "<group>"; };
		C2AEFFF31B86BFB900985364 /* MKAnnotationView+WebCache.m */ = {isa = PBXFileReference; fileEncoding = 4; lastKnownFileType = sourcecode.c.objc; path = "MKAnnotationView+WebCache.m"; sourceTree = "<group>"; };
		C2AEFFF41B86BFB900985364 /* NSData+ImageContentType.h */ = {isa = PBXFileReference; fileEncoding = 4; lastKnownFileType = sourcecode.c.h; path = "NSData+ImageContentType.h"; sourceTree = "<group>"; };
		C2AEFFF51B86BFB900985364 /* NSData+ImageContentType.m */ = {isa = PBXFileReference; fileEncoding = 4; lastKnownFileType = sourcecode.c.objc; path = "NSData+ImageContentType.m"; sourceTree = "<group>"; };
		C2AEFFF61B86BFB900985364 /* SDImageCache.h */ = {isa = PBXFileReference; fileEncoding = 4; lastKnownFileType = sourcecode.c.h; path = SDImageCache.h; sourceTree = "<group>"; };
		C2AEFFF71B86BFB900985364 /* SDImageCache.m */ = {isa = PBXFileReference; fileEncoding = 4; lastKnownFileType = sourcecode.c.objc; path = SDImageCache.m; sourceTree = "<group>"; };
		C2AEFFF81B86BFB900985364 /* SDWebImageCompat.h */ = {isa = PBXFileReference; fileEncoding = 4; lastKnownFileType = sourcecode.c.h; path = SDWebImageCompat.h; sourceTree = "<group>"; };
		C2AEFFF91B86BFB900985364 /* SDWebImageCompat.m */ = {isa = PBXFileReference; fileEncoding = 4; lastKnownFileType = sourcecode.c.objc; path = SDWebImageCompat.m; sourceTree = "<group>"; };
		C2AEFFFA1B86BFB900985364 /* SDWebImageDecoder.h */ = {isa = PBXFileReference; fileEncoding = 4; lastKnownFileType = sourcecode.c.h; path = SDWebImageDecoder.h; sourceTree = "<group>"; };
		C2AEFFFB1B86BFB900985364 /* SDWebImageDecoder.m */ = {isa = PBXFileReference; fileEncoding = 4; lastKnownFileType = sourcecode.c.objc; path = SDWebImageDecoder.m; sourceTree = "<group>"; };
		C2AEFFFC1B86BFB900985364 /* SDWebImageDownloader.h */ = {isa = PBXFileReference; fileEncoding = 4; lastKnownFileType = sourcecode.c.h; path = SDWebImageDownloader.h; sourceTree = "<group>"; };
		C2AEFFFD1B86BFB900985364 /* SDWebImageDownloader.m */ = {isa = PBXFileReference; fileEncoding = 4; lastKnownFileType = sourcecode.c.objc; path = SDWebImageDownloader.m; sourceTree = "<group>"; };
		C2AEFFFE1B86BFB900985364 /* SDWebImageDownloaderOperation.h */ = {isa = PBXFileReference; fileEncoding = 4; lastKnownFileType = sourcecode.c.h; path = SDWebImageDownloaderOperation.h; sourceTree = "<group>"; };
		C2AEFFFF1B86BFB900985364 /* SDWebImageDownloaderOperation.m */ = {isa = PBXFileReference; fileEncoding = 4; lastKnownFileType = sourcecode.c.objc; path = SDWebImageDownloaderOperation.m; sourceTree = "<group>"; };
		C2B618AD1B85AEE5009FBF39 /* MyCell.h */ = {isa = PBXFileReference; fileEncoding = 4; lastKnownFileType = sourcecode.c.h; path = MyCell.h; sourceTree = "<group>"; };
		C2B618AE1B85AEE5009FBF39 /* MyCell.m */ = {isa = PBXFileReference; fileEncoding = 4; lastKnownFileType = sourcecode.c.objc; path = MyCell.m; sourceTree = "<group>"; };
		C2B618AF1B85AEE5009FBF39 /* MyCell.xib */ = {isa = PBXFileReference; fileEncoding = 4; lastKnownFileType = file.xib; path = MyCell.xib; sourceTree = "<group>"; };
		C2B618B41B85C008009FBF39 /* Model.h */ = {isa = PBXFileReference; fileEncoding = 4; lastKnownFileType = sourcecode.c.h; path = Model.h; sourceTree = "<group>"; };
		C2B618B51B85C008009FBF39 /* Model.m */ = {isa = PBXFileReference; fileEncoding = 4; lastKnownFileType = sourcecode.c.objc; path = Model.m; sourceTree = "<group>"; };
/* End PBXFileReference section */

/* Begin PBXFrameworksBuildPhase section */
		C23C048E1B847B29004FB445 /* Frameworks */ = {
			isa = PBXFrameworksBuildPhase;
			buildActionMask = 2147483647;
			files = (
			);
			runOnlyForDeploymentPostprocessing = 0;
		};
		C23C04AA1B847B29004FB445 /* Frameworks */ = {
			isa = PBXFrameworksBuildPhase;
			buildActionMask = 2147483647;
			files = (
			);
			runOnlyForDeploymentPostprocessing = 0;
		};
/* End PBXFrameworksBuildPhase section */

/* Begin PBXGroup section */
		C23C04881B847B29004FB445 = {
			isa = PBXGroup;
			children = (
				C23C04931B847B29004FB445 /* Sight */,
				C23C04B01B847B29004FB445 /* SightTests */,
				C23C04921B847B29004FB445 /* Products */,
			);
			sourceTree = "<group>";
		};
		C23C04921B847B29004FB445 /* Products */ = {
			isa = PBXGroup;
			children = (
				C23C04911B847B29004FB445 /* Sight.app */,
				C23C04AD1B847B29004FB445 /* SightTests.xctest */,
			);
			name = Products;
			sourceTree = "<group>";
		};
		C23C04931B847B29004FB445 /* Sight */ = {
			isa = PBXGroup;
			children = (
				C23C04BD1B84AA07004FB445 /* Classes */,
				C23C04A11B847B29004FB445 /* Main.storyboard */,
				C23C04A41B847B29004FB445 /* Images.xcassets */,
				C23C04A61B847B29004FB445 /* LaunchScreen.xib */,
				C23C049B1B847B29004FB445 /* Sight.xcdatamodeld */,
				C23C04941B847B29004FB445 /* Supporting Files */,
			);
			path = Sight;
			sourceTree = "<group>";
		};
		C23C04941B847B29004FB445 /* Supporting Files */ = {
			isa = PBXGroup;
			children = (
				C23C04951B847B29004FB445 /* Info.plist */,
				C23C04961B847B29004FB445 /* main.m */,
			);
			name = "Supporting Files";
			sourceTree = "<group>";
		};
		C23C04B01B847B29004FB445 /* SightTests */ = {
			isa = PBXGroup;
			children = (
				C23C04B31B847B29004FB445 /* SightTests.m */,
				C23C04B11B847B29004FB445 /* Supporting Files */,
			);
			path = SightTests;
			sourceTree = "<group>";
		};
		C23C04B11B847B29004FB445 /* Supporting Files */ = {
			isa = PBXGroup;
			children = (
				C23C04B21B847B29004FB445 /* Info.plist */,
			);
			name = "Supporting Files";
			sourceTree = "<group>";
		};
		C23C04BD1B84AA07004FB445 /* Classes */ = {
			isa = PBXGroup;
			children = (
				C23C04BE1B84AA07004FB445 /* AppDelegate */,
				C23C04C81B84AA07004FB445 /* TabBarController */,
				C23C04C11B84AA07004FB445 /* Category */,
				C23C04C51B84AA07004FB445 /* Macro */,
				C23C04C61B84AA07004FB445 /* Manager */,
				C23C04C71B84AA07004FB445 /* Resource */,
				C23C04C91B84AA07004FB445 /* ThirdPartys */,
			);
			path = Classes;
			sourceTree = "<group>";
		};
		C23C04BE1B84AA07004FB445 /* AppDelegate */ = {
			isa = PBXGroup;
			children = (
				C23C04BF1B84AA07004FB445 /* AppDelegate.h */,
				C23C04C01B84AA07004FB445 /* AppDelegate.m */,
			);
			path = AppDelegate;
			sourceTree = "<group>";
		};
		C23C04C11B84AA07004FB445 /* Category */ = {
			isa = PBXGroup;
			children = (
				C2A8A5C31B856AE900D00A72 /* Users */,
				C23C04C21B84AA07004FB445 /* iBook */,
				C23C04C31B84AA07004FB445 /* News */,
				C23C04C41B84AA07004FB445 /* Video */,
			);
			path = Category;
			sourceTree = "<group>";
		};
		C23C04C21B84AA07004FB445 /* iBook */ = {
			isa = PBXGroup;
			children = (
				C2B618B21B85AEF2009FBF39 /* Controller */,
				C2B618AC1B85AEBD009FBF39 /* cell */,
				C2B618B31B85BFDC009FBF39 /* Model */,
			);
			path = iBook;
			sourceTree = "<group>";
		};
		C23C04C31B84AA07004FB445 /* News */ = {
			isa = PBXGroup;
			children = (
				C26B1F451B85730900D6047D /* NewHome */,
			);
			path = News;
			sourceTree = "<group>";
		};
		C23C04C41B84AA07004FB445 /* Video */ = {
			isa = PBXGroup;
			children = (
				C2AE00231B86C0AB00985364 /* VideoCell.h */,
				C2AE00241B86C0AB00985364 /* VideoCell.m */,
				C2AE00251B86C0AB00985364 /* VideoCell.xib */,
				C2AE00261B86C0AB00985364 /* VideoManager.h */,
				C2AE00271B86C0AB00985364 /* VideoManager.m */,
				C2AE00281B86C0AB00985364 /* VideoModel.h */,
				C2AE00291B86C0AB00985364 /* VideoModel.m */,
				C23C04D81B84AB7D004FB445 /* VideoViewController.h */,
				C23C04D91B84AB7D004FB445 /* VideoViewController.m */,
				C23C04DA1B84AB7D004FB445 /* VideoViewController.xib */,
			);
			path = Video;
			sourceTree = "<group>";
		};
		C23C04C51B84AA07004FB445 /* Macro */ = {
			isa = PBXGroup;
			children = (
				C23C04DD1B84ABA0004FB445 /* PrefixHeader.pch */,
			);
			path = Macro;
			sourceTree = "<group>";
		};
		C23C04C61B84AA07004FB445 /* Manager */ = {
			isa = PBXGroup;
			children = (
			);
			path = Manager;
			sourceTree = "<group>";
		};
		C23C04C71B84AA07004FB445 /* Resource */ = {
			isa = PBXGroup;
			children = (
			);
			path = Resource;
			sourceTree = "<group>";
		};
		C23C04C81B84AA07004FB445 /* TabBarController */ = {
			isa = PBXGroup;
			children = (
				C2AE00311B86C2D800985364 /* RootViewController.h */,
				C2AE00321B86C2D800985364 /* RootViewController.m */,
			);
			path = TabBarController;
			sourceTree = "<group>";
		};
		C23C04C91B84AA07004FB445 /* ThirdPartys */ = {
			isa = PBXGroup;
			children = (
				C2AEFFF11B86BFB900985364 /* SDWebImage */,
				C2AEFF971B86BF6E00985364 /* MJRefresh */,
				C2AEFFC41B86BF6E00985364 /* SDCycleScrollView */,
			);
			path = ThirdPartys;
			sourceTree = "<group>";
		};
		C26B1F421B8572DD00D6047D /* View */ = {
			isa = PBXGroup;
			children = (
			);
			name = View;
			sourceTree = "<group>";
		};
		C26B1F431B8572E400D6047D /* Model */ = {
			isa = PBXGroup;
			children = (
				C26B1F461B85B8AA00D6047D /* DataModel.h */,
				C26B1F471B85B8AA00D6047D /* DataModel.m */,
			);
			name = Model;
			sourceTree = "<group>";
		};
		C26B1F441B8572EB00D6047D /* ViewController */ = {
			isa = PBXGroup;
			children = (
			);
			name = ViewController;
			sourceTree = "<group>";
		};
		C26B1F451B85730900D6047D /* NewHome */ = {
			isa = PBXGroup;
			children = (
				C26B1F441B8572EB00D6047D /* ViewController */,
				C23C04D31B84AB68004FB445 /* NewsViewController.h */,
				C23C04D41B84AB68004FB445 /* NewsViewController.m */,
				C23C04D51B84AB68004FB445 /* NewsViewController.xib */,
				C26B1F431B8572E400D6047D /* Model */,
				C26B1F421B8572DD00D6047D /* View */,
			);
			name = NewHome;
			sourceTree = "<group>";
		};
		C2A8A5C31B856AE900D00A72 /* Users */ = {
			isa = PBXGroup;
			children = (
				C2A8A5C41B856B0500D00A72 /* UserViewController.h */,
				C2A8A5C51B856B0500D00A72 /* UserViewController.m */,
				C2A8A5C61B856B0500D00A72 /* UserViewController.xib */,
			);
			path = Users;
			sourceTree = "<group>";
		};
		C2AEFF971B86BF6E00985364 /* MJRefresh */ = {
			isa = PBXGroup;
			children = (
				C2AEFF981B86BF6E00985364 /* Base */,
				C2AEFFA31B86BF6E00985364 /* Custom */,
				C2AEFFBA1B86BF6E00985364 /* MJRefresh.bundle */,
				C2AEFFBB1B86BF6E00985364 /* MJRefresh.h */,
				C2AEFFBC1B86BF6E00985364 /* MJRefreshConst.h */,
				C2AEFFBD1B86BF6E00985364 /* MJRefreshConst.m */,
				C2AEFFBE1B86BF6E00985364 /* UIScrollView+MJExtension.h */,
				C2AEFFBF1B86BF6E00985364 /* UIScrollView+MJExtension.m */,
				C2AEFFC01B86BF6E00985364 /* UIScrollView+MJRefresh.h */,
				C2AEFFC11B86BF6E00985364 /* UIScrollView+MJRefresh.m */,
				C2AEFFC21B86BF6E00985364 /* UIView+MJExtension.h */,
				C2AEFFC31B86BF6E00985364 /* UIView+MJExtension.m */,
			);
			path = MJRefresh;
			sourceTree = "<group>";
		};
		C2AEFF981B86BF6E00985364 /* Base */ = {
			isa = PBXGroup;
			children = (
				C2AEFF991B86BF6E00985364 /* MJRefreshAutoFooter.h */,
				C2AEFF9A1B86BF6E00985364 /* MJRefreshAutoFooter.m */,
				C2AEFF9B1B86BF6E00985364 /* MJRefreshBackFooter.h */,
				C2AEFF9C1B86BF6E00985364 /* MJRefreshBackFooter.m */,
				C2AEFF9D1B86BF6E00985364 /* MJRefreshComponent.h */,
				C2AEFF9E1B86BF6E00985364 /* MJRefreshComponent.m */,
				C2AEFF9F1B86BF6E00985364 /* MJRefreshFooter.h */,
				C2AEFFA01B86BF6E00985364 /* MJRefreshFooter.m */,
				C2AEFFA11B86BF6E00985364 /* MJRefreshHeader.h */,
				C2AEFFA21B86BF6E00985364 /* MJRefreshHeader.m */,
			);
			path = Base;
			sourceTree = "<group>";
		};
		C2AEFFA31B86BF6E00985364 /* Custom */ = {
			isa = PBXGroup;
			children = (
				C2AEFFA41B86BF6E00985364 /* Footer */,
				C2AEFFB31B86BF6E00985364 /* Header */,
			);
			path = Custom;
			sourceTree = "<group>";
		};
		C2AEFFA41B86BF6E00985364 /* Footer */ = {
			isa = PBXGroup;
			children = (
				C2AEFFA51B86BF6E00985364 /* Auto */,
				C2AEFFAC1B86BF6E00985364 /* Back */,
			);
			path = Footer;
			sourceTree = "<group>";
		};
		C2AEFFA51B86BF6E00985364 /* Auto */ = {
			isa = PBXGroup;
			children = (
				C2AEFFA61B86BF6E00985364 /* MJRefreshAutoGifFooter.h */,
				C2AEFFA71B86BF6E00985364 /* MJRefreshAutoGifFooter.m */,
				C2AEFFA81B86BF6E00985364 /* MJRefreshAutoNormalFooter.h */,
				C2AEFFA91B86BF6E00985364 /* MJRefreshAutoNormalFooter.m */,
				C2AEFFAA1B86BF6E00985364 /* MJRefreshAutoStateFooter.h */,
				C2AEFFAB1B86BF6E00985364 /* MJRefreshAutoStateFooter.m */,
			);
			path = Auto;
			sourceTree = "<group>";
		};
		C2AEFFAC1B86BF6E00985364 /* Back */ = {
			isa = PBXGroup;
			children = (
				C2AEFFAD1B86BF6E00985364 /* MJRefreshBackGifFooter.h */,
				C2AEFFAE1B86BF6E00985364 /* MJRefreshBackGifFooter.m */,
				C2AEFFAF1B86BF6E00985364 /* MJRefreshBackNormalFooter.h */,
				C2AEFFB01B86BF6E00985364 /* MJRefreshBackNormalFooter.m */,
				C2AEFFB11B86BF6E00985364 /* MJRefreshBackStateFooter.h */,
				C2AEFFB21B86BF6E00985364 /* MJRefreshBackStateFooter.m */,
			);
			path = Back;
			sourceTree = "<group>";
		};
		C2AEFFB31B86BF6E00985364 /* Header */ = {
			isa = PBXGroup;
			children = (
				C2AEFFB41B86BF6E00985364 /* MJRefreshGifHeader.h */,
				C2AEFFB51B86BF6E00985364 /* MJRefreshGifHeader.m */,
				C2AEFFB61B86BF6E00985364 /* MJRefreshNormalHeader.h */,
				C2AEFFB71B86BF6E00985364 /* MJRefreshNormalHeader.m */,
				C2AEFFB81B86BF6E00985364 /* MJRefreshStateHeader.h */,
				C2AEFFB91B86BF6E00985364 /* MJRefreshStateHeader.m */,
			);
			path = Header;
			sourceTree = "<group>";
		};
		C2AEFFC41B86BF6E00985364 /* SDCycleScrollView */ = {
			isa = PBXGroup;
			children = (
				C2AEFFC51B86BF6E00985364 /* NSData+SDDataCache.h */,
				C2AEFFC61B86BF6E00985364 /* NSData+SDDataCache.m */,
				C2AEFFC71B86BF6E00985364 /* PageControl */,
				C2AEFFD01B86BF6E00985364 /* SDCollectionViewCell.h */,
				C2AEFFD11B86BF6E00985364 /* SDCollectionViewCell.m */,
				C2AEFFD21B86BF6E00985364 /* SDCycleScrollView.h */,
				C2AEFFD31B86BF6E00985364 /* SDCycleScrollView.m */,
				C2AEFFD41B86BF6E00985364 /* UIView+SDExtension.h */,
				C2AEFFD51B86BF6E00985364 /* UIView+SDExtension.m */,
			);
			path = SDCycleScrollView;
			sourceTree = "<group>";
		};
		C2AEFFC71B86BF6E00985364 /* PageControl */ = {
			isa = PBXGroup;
			children = (
				C2AEFFC81B86BF6E00985364 /* TAAbstractDotView.h */,
				C2AEFFC91B86BF6E00985364 /* TAAbstractDotView.m */,
				C2AEFFCA1B86BF6E00985364 /* TAAnimatedDotView.h */,
				C2AEFFCB1B86BF6E00985364 /* TAAnimatedDotView.m */,
				C2AEFFCC1B86BF6E00985364 /* TADotView.h */,
				C2AEFFCD1B86BF6E00985364 /* TADotView.m */,
				C2AEFFCE1B86BF6E00985364 /* TAPageControl.h */,
				C2AEFFCF1B86BF6E00985364 /* TAPageControl.m */,
			);
			path = PageControl;
			sourceTree = "<group>";
		};
		C2AEFFF11B86BFB900985364 /* SDWebImage */ = {
			isa = PBXGroup;
			children = (
				C2AEFFF21B86BFB900985364 /* MKAnnotationView+WebCache.h */,
				C2AEFFF31B86BFB900985364 /* MKAnnotationView+WebCache.m */,
				C2AEFFF41B86BFB900985364 /* NSData+ImageContentType.h */,
				C2AEFFF51B86BFB900985364 /* NSData+ImageContentType.m */,
				C2AEFFF61B86BFB900985364 /* SDImageCache.h */,
				C2AEFFF71B86BFB900985364 /* SDImageCache.m */,
				C2AEFFF81B86BFB900985364 /* SDWebImageCompat.h */,
				C2AEFFF91B86BFB900985364 /* SDWebImageCompat.m */,
				C2AEFFFA1B86BFB900985364 /* SDWebImageDecoder.h */,
				C2AEFFFB1B86BFB900985364 /* SDWebImageDecoder.m */,
				C2AEFFFC1B86BFB900985364 /* SDWebImageDownloader.h */,
				C2AEFFFD1B86BFB900985364 /* SDWebImageDownloader.m */,
				C2AEFFFE1B86BFB900985364 /* SDWebImageDownloaderOperation.h */,
				C2AEFFFF1B86BFB900985364 /* SDWebImageDownloaderOperation.m */,
				C2AE00001B86BFB900985364 /* SDWebImageManager.h */,
				C2AE00011B86BFB900985364 /* SDWebImageManager.m */,
				C2AE00021B86BFB900985364 /* SDWebImageOperation.h */,
				C2AE00031B86BFB900985364 /* SDWebImagePrefetcher.h */,
				C2AE00041B86BFB900985364 /* SDWebImagePrefetcher.m */,
				C2AE00051B86BFB900985364 /* UIButton+WebCache.h */,
				C2AE00061B86BFB900985364 /* UIButton+WebCache.m */,
				C2AE00071B86BFB900985364 /* UIImage+GIF.h */,
				C2AE00081B86BFB900985364 /* UIImage+GIF.m */,
				C2AE00091B86BFB900985364 /* UIImage+MultiFormat.h */,
				C2AE000A1B86BFB900985364 /* UIImage+MultiFormat.m */,
				C2AE000B1B86BFB900985364 /* UIImage+WebP.h */,
				C2AE000C1B86BFB900985364 /* UIImage+WebP.m */,
				C2AE000D1B86BFB900985364 /* UIImageView+HighlightedWebCache.h */,
				C2AE000E1B86BFB900985364 /* UIImageView+HighlightedWebCache.m */,
				C2AE000F1B86BFB900985364 /* UIImageView+WebCache.h */,
				C2AE00101B86BFB900985364 /* UIImageView+WebCache.m */,
				C2AE00111B86BFB900985364 /* UIView+WebCacheOperation.h */,
				C2AE00121B86BFB900985364 /* UIView+WebCacheOperation.m */,
			);
			path = SDWebImage;
			sourceTree = "<group>";
		};
		C2B618AC1B85AEBD009FBF39 /* cell */ = {
			isa = PBXGroup;
			children = (
				C2B618AD1B85AEE5009FBF39 /* MyCell.h */,
				C2B618AE1B85AEE5009FBF39 /* MyCell.m */,
				C2B618AF1B85AEE5009FBF39 /* MyCell.xib */,
			);
			name = cell;
			sourceTree = "<group>";
		};
		C2B618B21B85AEF2009FBF39 /* Controller */ = {
			isa = PBXGroup;
			children = (
				C23C04CE1B84AB5A004FB445 /* BookViewController.h */,
				C23C04CF1B84AB5A004FB445 /* BookViewController.m */,
				C23C04D01B84AB5A004FB445 /* BookViewController.xib */,
			);
			name = Controller;
			sourceTree = "<group>";
		};
		C2B618B31B85BFDC009FBF39 /* Model */ = {
			isa = PBXGroup;
			children = (
				C2B618B41B85C008009FBF39 /* Model.h */,
				C2B618B51B85C008009FBF39 /* Model.m */,
			);
			name = Model;
			sourceTree = "<group>";
		};
/* End PBXGroup section */

/* Begin PBXNativeTarget section */
		C23C04901B847B29004FB445 /* Sight */ = {
			isa = PBXNativeTarget;
			buildConfigurationList = C23C04B71B847B29004FB445 /* Build configuration list for PBXNativeTarget "Sight" */;
			buildPhases = (
				C23C048D1B847B29004FB445 /* Sources */,
				C23C048E1B847B29004FB445 /* Frameworks */,
				C23C048F1B847B29004FB445 /* Resources */,
			);
			buildRules = (
			);
			dependencies = (
			);
			name = Sight;
			productName = Sight;
			productReference = C23C04911B847B29004FB445 /* Sight.app */;
			productType = "com.apple.product-type.application";
		};
		C23C04AC1B847B29004FB445 /* SightTests */ = {
			isa = PBXNativeTarget;
			buildConfigurationList = C23C04BA1B847B29004FB445 /* Build configuration list for PBXNativeTarget "SightTests" */;
			buildPhases = (
				C23C04A91B847B29004FB445 /* Sources */,
				C23C04AA1B847B29004FB445 /* Frameworks */,
				C23C04AB1B847B29004FB445 /* Resources */,
			);
			buildRules = (
			);
			dependencies = (
				C23C04AF1B847B29004FB445 /* PBXTargetDependency */,
			);
			name = SightTests;
			productName = SightTests;
			productReference = C23C04AD1B847B29004FB445 /* SightTests.xctest */;
			productType = "com.apple.product-type.bundle.unit-test";
		};
/* End PBXNativeTarget section */

/* Begin PBXProject section */
		C23C04891B847B29004FB445 /* Project object */ = {
			isa = PBXProject;
			attributes = {
				LastUpgradeCheck = 0630;
				ORGANIZATIONNAME = lanou3g;
				TargetAttributes = {
					C23C04901B847B29004FB445 = {
						CreatedOnToolsVersion = 6.3.2;
					};
					C23C04AC1B847B29004FB445 = {
						CreatedOnToolsVersion = 6.3.2;
						TestTargetID = C23C04901B847B29004FB445;
					};
				};
			};
			buildConfigurationList = C23C048C1B847B29004FB445 /* Build configuration list for PBXProject "Sight" */;
			compatibilityVersion = "Xcode 3.2";
			developmentRegion = English;
			hasScannedForEncodings = 0;
			knownRegions = (
				en,
				Base,
			);
			mainGroup = C23C04881B847B29004FB445;
			productRefGroup = C23C04921B847B29004FB445 /* Products */;
			projectDirPath = "";
			projectRoot = "";
			targets = (
				C23C04901B847B29004FB445 /* Sight */,
				C23C04AC1B847B29004FB445 /* SightTests */,
			);
		};
/* End PBXProject section */

/* Begin PBXResourcesBuildPhase section */
		C23C048F1B847B29004FB445 /* Resources */ = {
			isa = PBXResourcesBuildPhase;
			buildActionMask = 2147483647;
			files = (
				C2AE00301B86C21000985364 /* VideoViewController.m in Resources */,
				C2A8A5C81B856B0500D00A72 /* UserViewController.xib in Resources */,
				C2B618B11B85AEE5009FBF39 /* MyCell.xib in Resources */,
				C23C04A31B847B29004FB445 /* Main.storyboard in Resources */,
				C23C04D21B84AB5A004FB445 /* BookViewController.xib in Resources */,
				C23C04DC1B84AB7D004FB445 /* VideoViewController.xib in Resources */,
				C2AE002B1B86C0AB00985364 /* VideoCell.xib in Resources */,
				C23C04D71B84AB68004FB445 /* NewsViewController.xib in Resources */,
				C23C04A81B847B29004FB445 /* LaunchScreen.xib in Resources */,
				C23C04A51B847B29004FB445 /* Images.xcassets in Resources */,
				C2AEFFE41B86BF6E00985364 /* MJRefresh.bundle in Resources */,
			);
			runOnlyForDeploymentPostprocessing = 0;
		};
		C23C04AB1B847B29004FB445 /* Resources */ = {
			isa = PBXResourcesBuildPhase;
			buildActionMask = 2147483647;
			files = (
			);
			runOnlyForDeploymentPostprocessing = 0;
		};
/* End PBXResourcesBuildPhase section */

/* Begin PBXSourcesBuildPhase section */
		C23C048D1B847B29004FB445 /* Sources */ = {
			isa = PBXSourcesBuildPhase;
			buildActionMask = 2147483647;
			files = (
				C2AE00341B86C32900985364 /* VideoViewController.m in Sources */,
				C2AEFFE51B86BF6E00985364 /* MJRefreshConst.m in Sources */,
				C23C04D11B84AB5A004FB445 /* BookViewController.m in Sources */,
				C23C04971B847B29004FB445 /* main.m in Sources */,
				C2AEFFEA1B86BF6E00985364 /* TAAbstractDotView.m in Sources */,
				C26B1F481B85B8AA00D6047D /* DataModel.m in Sources */,
				C2AE00221B86BFB900985364 /* UIView+WebCacheOperation.m in Sources */,
				C2AE00151B86BFB900985364 /* SDImageCache.m in Sources */,
				C2AEFFDF1B86BF6E00985364 /* MJRefreshBackNormalFooter.m in Sources */,
				C2AE001B1B86BFB900985364 /* SDWebImagePrefetcher.m in Sources */,
				C2AEFFE21B86BF6E00985364 /* MJRefreshNormalHeader.m in Sources */,
				C23C04971B847B29004FB445 /* main.m in Sources */,
				C2AE00211B86BFB900985364 /* UIImageView+WebCache.m in Sources */,
				C2AEFFD61B86BF6E00985364 /* MJRefreshAutoFooter.m in Sources */,
				C23C049D1B847B29004FB445 /* Sight.xcdatamodeld in Sources */,
				C2AEFFED1B86BF6E00985364 /* TAPageControl.m in Sources */,
				C23C04D61B84AB68004FB445 /* NewsViewController.m in Sources */,
				C2AE001E1B86BFB900985364 /* UIImage+MultiFormat.m in Sources */,
				C2AE002D1B86C0AB00985364 /* VideoModel.m in Sources */,
				C2AEFFE11B86BF6E00985364 /* MJRefreshGifHeader.m in Sources */,
				C2AE00171B86BFB900985364 /* SDWebImageDecoder.m in Sources */,
				C2AEFFDD1B86BF6E00985364 /* MJRefreshAutoStateFooter.m in Sources */,
				C2AE001D1B86BFB900985364 /* UIImage+GIF.m in Sources */,
				C2AEFFD91B86BF6E00985364 /* MJRefreshFooter.m in Sources */,
				C2AE002C1B86C0AB00985364 /* VideoManager.m in Sources */,
				C2AE002A1B86C0AB00985364 /* VideoCell.m in Sources */,
				C2AEFFEB1B86BF6E00985364 /* TAAnimatedDotView.m in Sources */,
				C2AEFFDB1B86BF6E00985364 /* MJRefreshAutoGifFooter.m in Sources */,
				C2AE00131B86BFB900985364 /* MKAnnotationView+WebCache.m in Sources */,
				C2AEFFE81B86BF6E00985364 /* UIView+MJExtension.m in Sources */,
				C2AEFFE71B86BF6E00985364 /* UIScrollView+MJRefresh.m in Sources */,
				C2B618B01B85AEE5009FBF39 /* MyCell.m in Sources */,
				C2AEFFD71B86BF6E00985364 /* MJRefreshBackFooter.m in Sources */,
				C2A8A5C71B856B0500D00A72 /* UserViewController.m in Sources */,
				C2AEFFDA1B86BF6E00985364 /* MJRefreshHeader.m in Sources */,
				C2AE00191B86BFB900985364 /* SDWebImageDownloaderOperation.m in Sources */,
				C2AE00181B86BFB900985364 /* SDWebImageDownloader.m in Sources */,
				C2AEFFDC1B86BF6E00985364 /* MJRefreshAutoNormalFooter.m in Sources */,
				C2AEFFEF1B86BF6E00985364 /* SDCycleScrollView.m in Sources */,
				C2AEFFE91B86BF6E00985364 /* NSData+SDDataCache.m in Sources */,
				C23C04CA1B84AA07004FB445 /* AppDelegate.m in Sources */,
				C2AE00161B86BFB900985364 /* SDWebImageCompat.m in Sources */,
				C2AEFFD81B86BF6E00985364 /* MJRefreshComponent.m in Sources */,
				C2AEFFF01B86BF6E00985364 /* UIView+SDExtension.m in Sources */,
				C2AEFFDE1B86BF6E00985364 /* MJRefreshBackGifFooter.m in Sources */,
				C2AE00201B86BFB900985364 /* UIImageView+HighlightedWebCache.m in Sources */,
				C2AEFFE61B86BF6E00985364 /* UIScrollView+MJExtension.m in Sources */,
				C2AE00141B86BFB900985364 /* NSData+ImageContentType.m in Sources */,
				C2AE001A1B86BFB900985364 /* SDWebImageManager.m in Sources */,
				C2AEFFEE1B86BF6E00985364 /* SDCollectionViewCell.m in Sources */,
				C2AE001F1B86BFB900985364 /* UIImage+WebP.m in Sources */,
				C2AE00331B86C2D800985364 /* RootViewController.m in Sources */,
				C2AE001C1B86BFB900985364 /* UIButton+WebCache.m in Sources */,
				C2AEFFEC1B86BF6E00985364 /* TADotView.m in Sources */,
				C2AEFFE01B86BF6E00985364 /* MJRefreshBackStateFooter.m in Sources */,
				C2AEFFE31B86BF6E00985364 /* MJRefreshStateHeader.m in Sources */,
				C2B618B61B85C008009FBF39 /* Model.m in Sources */,
			);
			runOnlyForDeploymentPostprocessing = 0;
		};
		C23C04A91B847B29004FB445 /* Sources */ = {
			isa = PBXSourcesBuildPhase;
			buildActionMask = 2147483647;
			files = (
				C23C04B41B847B29004FB445 /* SightTests.m in Sources */,
			);
			runOnlyForDeploymentPostprocessing = 0;
		};
/* End PBXSourcesBuildPhase section */

/* Begin PBXTargetDependency section */
		C23C04AF1B847B29004FB445 /* PBXTargetDependency */ = {
			isa = PBXTargetDependency;
			target = C23C04901B847B29004FB445 /* Sight */;
			targetProxy = C23C04AE1B847B29004FB445 /* PBXContainerItemProxy */;
		};
/* End PBXTargetDependency section */

/* Begin PBXVariantGroup section */
		C23C04A11B847B29004FB445 /* Main.storyboard */ = {
			isa = PBXVariantGroup;
			children = (
				C23C04A21B847B29004FB445 /* Base */,
			);
			name = Main.storyboard;
			sourceTree = "<group>";
		};
		C23C04A61B847B29004FB445 /* LaunchScreen.xib */ = {
			isa = PBXVariantGroup;
			children = (
				C23C04A71B847B29004FB445 /* Base */,
			);
			name = LaunchScreen.xib;
			sourceTree = "<group>";
		};
/* End PBXVariantGroup section */

/* Begin XCBuildConfiguration section */
		C23C04B51B847B29004FB445 /* Debug */ = {
			isa = XCBuildConfiguration;
			buildSettings = {
				ALWAYS_SEARCH_USER_PATHS = NO;
				CLANG_CXX_LANGUAGE_STANDARD = "gnu++0x";
				CLANG_CXX_LIBRARY = "libc++";
				CLANG_ENABLE_MODULES = YES;
				CLANG_ENABLE_OBJC_ARC = YES;
				CLANG_WARN_BOOL_CONVERSION = YES;
				CLANG_WARN_CONSTANT_CONVERSION = YES;
				CLANG_WARN_DIRECT_OBJC_ISA_USAGE = YES_ERROR;
				CLANG_WARN_EMPTY_BODY = YES;
				CLANG_WARN_ENUM_CONVERSION = YES;
				CLANG_WARN_INT_CONVERSION = YES;
				CLANG_WARN_OBJC_ROOT_CLASS = YES_ERROR;
				CLANG_WARN_UNREACHABLE_CODE = YES;
				CLANG_WARN__DUPLICATE_METHOD_MATCH = YES;
				"CODE_SIGN_IDENTITY[sdk=iphoneos*]" = "iPhone Developer";
				COPY_PHASE_STRIP = NO;
				DEBUG_INFORMATION_FORMAT = "dwarf-with-dsym";
				ENABLE_STRICT_OBJC_MSGSEND = YES;
				GCC_C_LANGUAGE_STANDARD = gnu99;
				GCC_DYNAMIC_NO_PIC = NO;
				GCC_NO_COMMON_BLOCKS = YES;
				GCC_OPTIMIZATION_LEVEL = 0;
				GCC_PREPROCESSOR_DEFINITIONS = (
					"DEBUG=1",
					"$(inherited)",
				);
				GCC_SYMBOLS_PRIVATE_EXTERN = NO;
				GCC_WARN_64_TO_32_BIT_CONVERSION = YES;
				GCC_WARN_ABOUT_RETURN_TYPE = YES_ERROR;
				GCC_WARN_UNDECLARED_SELECTOR = YES;
				GCC_WARN_UNINITIALIZED_AUTOS = YES_AGGRESSIVE;
				GCC_WARN_UNUSED_FUNCTION = YES;
				GCC_WARN_UNUSED_VARIABLE = YES;
				IPHONEOS_DEPLOYMENT_TARGET = 8.3;
				MTL_ENABLE_DEBUG_INFO = YES;
				ONLY_ACTIVE_ARCH = YES;
				SDKROOT = iphoneos;
				TARGETED_DEVICE_FAMILY = "1,2";
			};
			name = Debug;
		};
		C23C04B61B847B29004FB445 /* Release */ = {
			isa = XCBuildConfiguration;
			buildSettings = {
				ALWAYS_SEARCH_USER_PATHS = NO;
				CLANG_CXX_LANGUAGE_STANDARD = "gnu++0x";
				CLANG_CXX_LIBRARY = "libc++";
				CLANG_ENABLE_MODULES = YES;
				CLANG_ENABLE_OBJC_ARC = YES;
				CLANG_WARN_BOOL_CONVERSION = YES;
				CLANG_WARN_CONSTANT_CONVERSION = YES;
				CLANG_WARN_DIRECT_OBJC_ISA_USAGE = YES_ERROR;
				CLANG_WARN_EMPTY_BODY = YES;
				CLANG_WARN_ENUM_CONVERSION = YES;
				CLANG_WARN_INT_CONVERSION = YES;
				CLANG_WARN_OBJC_ROOT_CLASS = YES_ERROR;
				CLANG_WARN_UNREACHABLE_CODE = YES;
				CLANG_WARN__DUPLICATE_METHOD_MATCH = YES;
				"CODE_SIGN_IDENTITY[sdk=iphoneos*]" = "iPhone Developer";
				COPY_PHASE_STRIP = NO;
				DEBUG_INFORMATION_FORMAT = "dwarf-with-dsym";
				ENABLE_NS_ASSERTIONS = NO;
				ENABLE_STRICT_OBJC_MSGSEND = YES;
				GCC_C_LANGUAGE_STANDARD = gnu99;
				GCC_NO_COMMON_BLOCKS = YES;
				GCC_WARN_64_TO_32_BIT_CONVERSION = YES;
				GCC_WARN_ABOUT_RETURN_TYPE = YES_ERROR;
				GCC_WARN_UNDECLARED_SELECTOR = YES;
				GCC_WARN_UNINITIALIZED_AUTOS = YES_AGGRESSIVE;
				GCC_WARN_UNUSED_FUNCTION = YES;
				GCC_WARN_UNUSED_VARIABLE = YES;
				IPHONEOS_DEPLOYMENT_TARGET = 8.3;
				MTL_ENABLE_DEBUG_INFO = NO;
				SDKROOT = iphoneos;
				TARGETED_DEVICE_FAMILY = "1,2";
				VALIDATE_PRODUCT = YES;
			};
			name = Release;
		};
		C23C04B81B847B29004FB445 /* Debug */ = {
			isa = XCBuildConfiguration;
			buildSettings = {
				ASSETCATALOG_COMPILER_APPICON_NAME = AppIcon;
				GCC_PREFIX_HEADER = Sight/Classes/Macro/PrefixHeader.pch;
				INFOPLIST_FILE = Sight/Info.plist;
				IPHONEOS_DEPLOYMENT_TARGET = 8.0;
				LD_RUNPATH_SEARCH_PATHS = "$(inherited) @executable_path/Frameworks";
				PRODUCT_NAME = "$(TARGET_NAME)";
			};
			name = Debug;
		};
		C23C04B91B847B29004FB445 /* Release */ = {
			isa = XCBuildConfiguration;
			buildSettings = {
				ASSETCATALOG_COMPILER_APPICON_NAME = AppIcon;
				GCC_PREFIX_HEADER = Sight/Classes/Macro/PrefixHeader.pch;
				INFOPLIST_FILE = Sight/Info.plist;
				IPHONEOS_DEPLOYMENT_TARGET = 8.0;
				LD_RUNPATH_SEARCH_PATHS = "$(inherited) @executable_path/Frameworks";
				PRODUCT_NAME = "$(TARGET_NAME)";
			};
			name = Release;
		};
		C23C04BB1B847B29004FB445 /* Debug */ = {
			isa = XCBuildConfiguration;
			buildSettings = {
				BUNDLE_LOADER = "$(TEST_HOST)";
				FRAMEWORK_SEARCH_PATHS = (
					"$(SDKROOT)/Developer/Library/Frameworks",
					"$(inherited)",
				);
				GCC_PREPROCESSOR_DEFINITIONS = (
					"DEBUG=1",
					"$(inherited)",
				);
				INFOPLIST_FILE = SightTests/Info.plist;
				LD_RUNPATH_SEARCH_PATHS = "$(inherited) @executable_path/Frameworks @loader_path/Frameworks";
				PRODUCT_NAME = "$(TARGET_NAME)";
				TEST_HOST = "$(BUILT_PRODUCTS_DIR)/Sight.app/Sight";
			};
			name = Debug;
		};
		C23C04BC1B847B29004FB445 /* Release */ = {
			isa = XCBuildConfiguration;
			buildSettings = {
				BUNDLE_LOADER = "$(TEST_HOST)";
				FRAMEWORK_SEARCH_PATHS = (
					"$(SDKROOT)/Developer/Library/Frameworks",
					"$(inherited)",
				);
				INFOPLIST_FILE = SightTests/Info.plist;
				LD_RUNPATH_SEARCH_PATHS = "$(inherited) @executable_path/Frameworks @loader_path/Frameworks";
				PRODUCT_NAME = "$(TARGET_NAME)";
				TEST_HOST = "$(BUILT_PRODUCTS_DIR)/Sight.app/Sight";
			};
			name = Release;
		};
/* End XCBuildConfiguration section */

/* Begin XCConfigurationList section */
		C23C048C1B847B29004FB445 /* Build configuration list for PBXProject "Sight" */ = {
			isa = XCConfigurationList;
			buildConfigurations = (
				C23C04B51B847B29004FB445 /* Debug */,
				C23C04B61B847B29004FB445 /* Release */,
			);
			defaultConfigurationIsVisible = 0;
			defaultConfigurationName = Release;
		};
		C23C04B71B847B29004FB445 /* Build configuration list for PBXNativeTarget "Sight" */ = {
			isa = XCConfigurationList;
			buildConfigurations = (
				C23C04B81B847B29004FB445 /* Debug */,
				C23C04B91B847B29004FB445 /* Release */,
			);
			defaultConfigurationIsVisible = 0;
			defaultConfigurationName = Release;
		};
		C23C04BA1B847B29004FB445 /* Build configuration list for PBXNativeTarget "SightTests" */ = {
			isa = XCConfigurationList;
			buildConfigurations = (
				C23C04BB1B847B29004FB445 /* Debug */,
				C23C04BC1B847B29004FB445 /* Release */,
			);
			defaultConfigurationIsVisible = 0;
			defaultConfigurationName = Release;
		};
/* End XCConfigurationList section */

/* Begin XCVersionGroup section */
		C23C049B1B847B29004FB445 /* Sight.xcdatamodeld */ = {
			isa = XCVersionGroup;
			children = (
				C23C049C1B847B29004FB445 /* Sight.xcdatamodel */,
			);
			currentVersion = C23C049C1B847B29004FB445 /* Sight.xcdatamodel */;
			path = Sight.xcdatamodeld;
			sourceTree = "<group>";
			versionGroupType = wrapper.xcdatamodel;
		};
/* End XCVersionGroup section */
	};
	rootObject = C23C04891B847B29004FB445 /* Project object */;
}
